
Microsoft Visual Studio Solution File, Format Version 12.00
# Visual Studio 14
VisualStudioVersion = 14.0.25420.1
MinimumVisualStudioVersion = 10.0.40219.1
Project("{FAE04EC0-301F-11D3-BF4B-00C04F79EFBC}") = "Calc.Droid", "Calc\Calc.Droid\Calc.Droid.csproj", "{8A0AB631-3CC5-4873-9CFA-CE7C1A81287E}"
EndProject
Project("{FAE04EC0-301F-11D3-BF4B-00C04F79EFBC}") = "Calc.iOS", "Calc\Calc.iOS\Calc.iOS.csproj", "{D56D6E46-290F-4D83-BB6D-D5DEE010E3B0}"
EndProject
Project("{FAE04EC0-301F-11D3-BF4B-00C04F79EFBC}") = "Calc.WinPhone", "Calc\Calc.WinPhone\Calc.WinPhone.csproj", "{4A796AC6-4AC8-48FD-9FBC-BE426219D464}"
EndProject
Project("{FAE04EC0-301F-11D3-BF4B-00C04F79EFBC}") = "Calc.Windows", "Calc\Calc.Windows\Calc.Windows.csproj", "{E57260D5-523D-4D5B-A45E-5FD9E392E8A5}"
EndProject
Project("{FAE04EC0-301F-11D3-BF4B-00C04F79EFBC}") = "Calc", "Calc\Calc\Calc.csproj", "{673EF218-CBA8-450E-902D-1C6704E23E95}"
EndProject
Global
	GlobalSection(SolutionConfigurationPlatforms) = preSolution
		Ad-Hoc|Any CPU = Ad-Hoc|Any CPU
		Ad-Hoc|ARM = Ad-Hoc|ARM
		Ad-Hoc|iPhone = Ad-Hoc|iPhone
		Ad-Hoc|iPhoneSimulator = Ad-Hoc|iPhoneSimulator
		Ad-Hoc|x64 = Ad-Hoc|x64
		Ad-Hoc|x86 = Ad-Hoc|x86
		AppStore|Any CPU = AppStore|Any CPU
		AppStore|ARM = AppStore|ARM
		AppStore|iPhone = AppStore|iPhone
		AppStore|iPhoneSimulator = AppStore|iPhoneSimulator
		AppStore|x64 = AppStore|x64
		AppStore|x86 = AppStore|x86
		Debug|Any CPU = Debug|Any CPU
		Debug|ARM = Debug|ARM
		Debug|iPhone = Debug|iPhone
		Debug|iPhoneSimulator = Debug|iPhoneSimulator
		Debug|x64 = Debug|x64
		Debug|x86 = Debug|x86
		Release|Any CPU = Release|Any CPU
		Release|ARM = Release|ARM
		Release|iPhone = Release|iPhone
		Release|iPhoneSimulator = Release|iPhoneSimulator
		Release|x64 = Release|x64
		Release|x86 = Release|x86
	EndGlobalSection
	GlobalSection(ProjectConfigurationPlatforms) = postSolution
		{8A0AB631-3CC5-4873-9CFA-CE7C1A81287E}.Ad-Hoc|Any CPU.ActiveCfg = Release|Any CPU
		{8A0AB631-3CC5-4873-9CFA-CE7C1A81287E}.Ad-Hoc|Any CPU.Build.0 = Release|Any CPU
		{8A0AB631-3CC5-4873-9CFA-CE7C1A81287E}.Ad-Hoc|Any CPU.Deploy.0 = Release|Any CPU
		{8A0AB631-3CC5-4873-9CFA-CE7C1A81287E}.Ad-Hoc|ARM.ActiveCfg = Release|Any CPU
		{8A0AB631-3CC5-4873-9CFA-CE7C1A81287E}.Ad-Hoc|ARM.Build.0 = Release|Any CPU
		{8A0AB631-3CC5-4873-9CFA-CE7C1A81287E}.Ad-Hoc|ARM.Deploy.0 = Release|Any CPU
		{8A0AB631-3CC5-4873-9CFA-CE7C1A81287E}.Ad-Hoc|iPhone.ActiveCfg = Release|Any CPU
		{8A0AB631-3CC5-4873-9CFA-CE7C1A81287E}.Ad-Hoc|iPhone.Build.0 = Release|Any CPU
		{8A0AB631-3CC5-4873-9CFA-CE7C1A81287E}.Ad-Hoc|iPhone.Deploy.0 = Release|Any CPU
		{8A0AB631-3CC5-4873-9CFA-CE7C1A81287E}.Ad-Hoc|iPhoneSimulator.ActiveCfg = Release|Any CPU
		{8A0AB631-3CC5-4873-9CFA-CE7C1A81287E}.Ad-Hoc|iPhoneSimulator.Build.0 = Release|Any CPU
		{8A0AB631-3CC5-4873-9CFA-CE7C1A81287E}.Ad-Hoc|iPhoneSimulator.Deploy.0 = Release|Any CPU
		{8A0AB631-3CC5-4873-9CFA-CE7C1A81287E}.Ad-Hoc|x64.ActiveCfg = Release|Any CPU
		{8A0AB631-3CC5-4873-9CFA-CE7C1A81287E}.Ad-Hoc|x64.Build.0 = Release|Any CPU
		{8A0AB631-3CC5-4873-9CFA-CE7C1A81287E}.Ad-Hoc|x64.Deploy.0 = Release|Any CPU
		{8A0AB631-3CC5-4873-9CFA-CE7C1A81287E}.Ad-Hoc|x86.ActiveCfg = Release|Any CPU
		{8A0AB631-3CC5-4873-9CFA-CE7C1A81287E}.Ad-Hoc|x86.Build.0 = Release|Any CPU
		{8A0AB631-3CC5-4873-9CFA-CE7C1A81287E}.Ad-Hoc|x86.Deploy.0 = Release|Any CPU
		{8A0AB631-3CC5-4873-9CFA-CE7C1A81287E}.AppStore|Any CPU.ActiveCfg = Release|Any CPU
		{8A0AB631-3CC5-4873-9CFA-CE7C1A81287E}.AppStore|Any CPU.Build.0 = Release|Any CPU
		{8A0AB631-3CC5-4873-9CFA-CE7C1A81287E}.AppStore|Any CPU.Deploy.0 = Release|Any CPU
		{8A0AB631-3CC5-4873-9CFA-CE7C1A81287E}.AppStore|ARM.ActiveCfg = Release|Any CPU
		{8A0AB631-3CC5-4873-9CFA-CE7C1A81287E}.AppStore|ARM.Build.0 = Release|Any CPU
		{8A0AB631-3CC5-4873-9CFA-CE7C1A81287E}.AppStore|ARM.Deploy.0 = Release|Any CPU
		{8A0AB631-3CC5-4873-9CFA-CE7C1A81287E}.AppStore|iPhone.ActiveCfg = Release|Any CPU
		{8A0AB631-3CC5-4873-9CFA-CE7C1A81287E}.AppStore|iPhone.Build.0 = Release|Any CPU
		{8A0AB631-3CC5-4873-9CFA-CE7C1A81287E}.AppStore|iPhone.Deploy.0 = Release|Any CPU
		{8A0AB631-3CC5-4873-9CFA-CE7C1A81287E}.AppStore|iPhoneSimulator.ActiveCfg = Release|Any CPU
		{8A0AB631-3CC5-4873-9CFA-CE7C1A81287E}.AppStore|iPhoneSimulator.Build.0 = Release|Any CPU
		{8A0AB631-3CC5-4873-9CFA-CE7C1A81287E}.AppStore|iPhoneSimulator.Deploy.0 = Release|Any CPU
		{8A0AB631-3CC5-4873-9CFA-CE7C1A81287E}.AppStore|x64.ActiveCfg = Release|Any CPU
		{8A0AB631-3CC5-4873-9CFA-CE7C1A81287E}.AppStore|x64.Build.0 = Release|Any CPU
		{8A0AB631-3CC5-4873-9CFA-CE7C1A81287E}.AppStore|x64.Deploy.0 = Release|Any CPU
		{8A0AB631-3CC5-4873-9CFA-CE7C1A81287E}.AppStore|x86.ActiveCfg = Release|Any CPU
		{8A0AB631-3CC5-4873-9CFA-CE7C1A81287E}.AppStore|x86.Build.0 = Release|Any CPU
		{8A0AB631-3CC5-4873-9CFA-CE7C1A81287E}.AppStore|x86.Deploy.0 = Release|Any CPU
		{8A0AB631-3CC5-4873-9CFA-CE7C1A81287E}.Debug|Any CPU.ActiveCfg = Debug|Any CPU
		{8A0AB631-3CC5-4873-9CFA-CE7C1A81287E}.Debug|Any CPU.Build.0 = Debug|Any CPU
		{8A0AB631-3CC5-4873-9CFA-CE7C1A81287E}.Debug|Any CPU.Deploy.0 = Debug|Any CPU
		{8A0AB631-3CC5-4873-9CFA-CE7C1A81287E}.Debug|ARM.ActiveCfg = Debug|Any CPU
		{8A0AB631-3CC5-4873-9CFA-CE7C1A81287E}.Debug|ARM.Build.0 = Debug|Any CPU
		{8A0AB631-3CC5-4873-9CFA-CE7C1A81287E}.Debug|ARM.Deploy.0 = Debug|Any CPU
		{8A0AB631-3CC5-4873-9CFA-CE7C1A81287E}.Debug|iPhone.ActiveCfg = Debug|Any CPU
		{8A0AB631-3CC5-4873-9CFA-CE7C1A81287E}.Debug|iPhone.Build.0 = Debug|Any CPU
		{8A0AB631-3CC5-4873-9CFA-CE7C1A81287E}.Debug|iPhone.Deploy.0 = Debug|Any CPU
		{8A0AB631-3CC5-4873-9CFA-CE7C1A81287E}.Debug|iPhoneSimulator.ActiveCfg = Debug|Any CPU
		{8A0AB631-3CC5-4873-9CFA-CE7C1A81287E}.Debug|iPhoneSimulator.Build.0 = Debug|Any CPU
		{8A0AB631-3CC5-4873-9CFA-CE7C1A81287E}.Debug|iPhoneSimulator.Deploy.0 = Debug|Any CPU
		{8A0AB631-3CC5-4873-9CFA-CE7C1A81287E}.Debug|x64.ActiveCfg = Debug|Any CPU
		{8A0AB631-3CC5-4873-9CFA-CE7C1A81287E}.Debug|x64.Build.0 = Debug|Any CPU
		{8A0AB631-3CC5-4873-9CFA-CE7C1A81287E}.Debug|x64.Deploy.0 = Debug|Any CPU
		{8A0AB631-3CC5-4873-9CFA-CE7C1A81287E}.Debug|x86.ActiveCfg = Debug|Any CPU
		{8A0AB631-3CC5-4873-9CFA-CE7C1A81287E}.Debug|x86.Build.0 = Debug|Any CPU
		{8A0AB631-3CC5-4873-9CFA-CE7C1A81287E}.Debug|x86.Deploy.0 = Debug|Any CPU
		{8A0AB631-3CC5-4873-9CFA-CE7C1A81287E}.Release|Any CPU.ActiveCfg = Release|Any CPU
		{8A0AB631-3CC5-4873-9CFA-CE7C1A81287E}.Release|Any CPU.Build.0 = Release|Any CPU
		{8A0AB631-3CC5-4873-9CFA-CE7C1A81287E}.Release|Any CPU.Deploy.0 = Release|Any CPU
		{8A0AB631-3CC5-4873-9CFA-CE7C1A81287E}.Release|ARM.ActiveCfg = Release|Any CPU
		{8A0AB631-3CC5-4873-9CFA-CE7C1A81287E}.Release|ARM.Build.0 = Release|Any CPU
		{8A0AB631-3CC5-4873-9CFA-CE7C1A81287E}.Release|ARM.Deploy.0 = Release|Any CPU
		{8A0AB631-3CC5-4873-9CFA-CE7C1A81287E}.Release|iPhone.ActiveCfg = Release|Any CPU
		{8A0AB631-3CC5-4873-9CFA-CE7C1A81287E}.Release|iPhone.Build.0 = Release|Any CPU
		{8A0AB631-3CC5-4873-9CFA-CE7C1A81287E}.Release|iPhone.Deploy.0 = Release|Any CPU
		{8A0AB631-3CC5-4873-9CFA-CE7C1A81287E}.Release|iPhoneSimulator.ActiveCfg = Release|Any CPU
		{8A0AB631-3CC5-4873-9CFA-CE7C1A81287E}.Release|iPhoneSimulator.Build.0 = Release|Any CPU
		{8A0AB631-3CC5-4873-9CFA-CE7C1A81287E}.Release|iPhoneSimulator.Deploy.0 = Release|Any CPU
		{8A0AB631-3CC5-4873-9CFA-CE7C1A81287E}.Release|x64.ActiveCfg = Release|Any CPU
		{8A0AB631-3CC5-4873-9CFA-CE7C1A81287E}.Release|x64.Build.0 = Release|Any CPU
		{8A0AB631-3CC5-4873-9CFA-CE7C1A81287E}.Release|x64.Deploy.0 = Release|Any CPU
		{8A0AB631-3CC5-4873-9CFA-CE7C1A81287E}.Release|x86.ActiveCfg = Release|Any CPU
		{8A0AB631-3CC5-4873-9CFA-CE7C1A81287E}.Release|x86.Build.0 = Release|Any CPU
		{8A0AB631-3CC5-4873-9CFA-CE7C1A81287E}.Release|x86.Deploy.0 = Release|Any CPU
		{D56D6E46-290F-4D83-BB6D-D5DEE010E3B0}.Ad-Hoc|Any CPU.ActiveCfg = Ad-Hoc|iPhone
		{D56D6E46-290F-4D83-BB6D-D5DEE010E3B0}.Ad-Hoc|ARM.ActiveCfg = Ad-Hoc|iPhone
		{D56D6E46-290F-4D83-BB6D-D5DEE010E3B0}.Ad-Hoc|iPhone.ActiveCfg = Ad-Hoc|iPhone
		{D56D6E46-290F-4D83-BB6D-D5DEE010E3B0}.Ad-Hoc|iPhone.Build.0 = Ad-Hoc|iPhone
		{D56D6E46-290F-4D83-BB6D-D5DEE010E3B0}.Ad-Hoc|iPhoneSimulator.ActiveCfg = Ad-Hoc|iPhoneSimulator
		{D56D6E46-290F-4D83-BB6D-D5DEE010E3B0}.Ad-Hoc|iPhoneSimulator.Build.0 = Ad-Hoc|iPhoneSimulator
		{D56D6E46-290F-4D83-BB6D-D5DEE010E3B0}.Ad-Hoc|x64.ActiveCfg = Ad-Hoc|iPhone
		{D56D6E46-290F-4D83-BB6D-D5DEE010E3B0}.Ad-Hoc|x86.ActiveCfg = Ad-Hoc|iPhone
		{D56D6E46-290F-4D83-BB6D-D5DEE010E3B0}.AppStore|Any CPU.ActiveCfg = AppStore|iPhone
		{D56D6E46-290F-4D83-BB6D-D5DEE010E3B0}.AppStore|ARM.ActiveCfg = AppStore|iPhone
		{D56D6E46-290F-4D83-BB6D-D5DEE010E3B0}.AppStore|iPhone.ActiveCfg = AppStore|iPhone
		{D56D6E46-290F-4D83-BB6D-D5DEE010E3B0}.AppStore|iPhone.Build.0 = AppStore|iPhone
		{D56D6E46-290F-4D83-BB6D-D5DEE010E3B0}.AppStore|iPhoneSimulator.ActiveCfg = AppStore|iPhoneSimulator
		{D56D6E46-290F-4D83-BB6D-D5DEE010E3B0}.AppStore|iPhoneSimulator.Build.0 = AppStore|iPhoneSimulator
		{D56D6E46-290F-4D83-BB6D-D5DEE010E3B0}.AppStore|x64.ActiveCfg = AppStore|iPhone
		{D56D6E46-290F-4D83-BB6D-D5DEE010E3B0}.AppStore|x86.ActiveCfg = AppStore|iPhone
		{D56D6E46-290F-4D83-BB6D-D5DEE010E3B0}.Debug|Any CPU.ActiveCfg = Debug|iPhone
		{D56D6E46-290F-4D83-BB6D-D5DEE010E3B0}.Debug|ARM.ActiveCfg = Debug|iPhone
		{D56D6E46-290F-4D83-BB6D-D5DEE010E3B0}.Debug|iPhone.ActiveCfg = Debug|iPhone
		{D56D6E46-290F-4D83-BB6D-D5DEE010E3B0}.Debug|iPhone.Build.0 = Debug|iPhone
		{D56D6E46-290F-4D83-BB6D-D5DEE010E3B0}.Debug|iPhoneSimulator.ActiveCfg = Debug|iPhoneSimulator
		{D56D6E46-290F-4D83-BB6D-D5DEE010E3B0}.Debug|iPhoneSimulator.Build.0 = Debug|iPhoneSimulator
		{D56D6E46-290F-4D83-BB6D-D5DEE010E3B0}.Debug|x64.ActiveCfg = Debug|iPhone
		{D56D6E46-290F-4D83-BB6D-D5DEE010E3B0}.Debug|x86.ActiveCfg = Debug|iPhone
		{D56D6E46-290F-4D83-BB6D-D5DEE010E3B0}.Release|Any CPU.ActiveCfg = Release|iPhone
		{D56D6E46-290F-4D83-BB6D-D5DEE010E3B0}.Release|ARM.ActiveCfg = Release|iPhone
		{D56D6E46-290F-4D83-BB6D-D5DEE010E3B0}.Release|iPhone.ActiveCfg = Release|iPhone
		{D56D6E46-290F-4D83-BB6D-D5DEE010E3B0}.Release|iPhone.Build.0 = Release|iPhone
		{D56D6E46-290F-4D83-BB6D-D5DEE010E3B0}.Release|iPhoneSimulator.ActiveCfg = Release|iPhoneSimulator
		{D56D6E46-290F-4D83-BB6D-D5DEE010E3B0}.Release|iPhoneSimulator.Build.0 = Release|iPhoneSimulator
		{D56D6E46-290F-4D83-BB6D-D5DEE010E3B0}.Release|x64.ActiveCfg = Release|iPhone
		{D56D6E46-290F-4D83-BB6D-D5DEE010E3B0}.Release|x86.ActiveCfg = Release|iPhone
		{4A796AC6-4AC8-48FD-9FBC-BE426219D464}.Ad-Hoc|Any CPU.ActiveCfg = Release|Any CPU
		{4A796AC6-4AC8-48FD-9FBC-BE426219D464}.Ad-Hoc|Any CPU.Build.0 = Release|Any CPU
		{4A796AC6-4AC8-48FD-9FBC-BE426219D464}.Ad-Hoc|Any CPU.Deploy.0 = Release|Any CPU
		{4A796AC6-4AC8-48FD-9FBC-BE426219D464}.Ad-Hoc|ARM.ActiveCfg = Release|ARM
		{4A796AC6-4AC8-48FD-9FBC-BE426219D464}.Ad-Hoc|ARM.Build.0 = Release|ARM
		{4A796AC6-4AC8-48FD-9FBC-BE426219D464}.Ad-Hoc|ARM.Deploy.0 = Release|ARM
		{4A796AC6-4AC8-48FD-9FBC-BE426219D464}.Ad-Hoc|iPhone.ActiveCfg = Release|Any CPU
		{4A796AC6-4AC8-48FD-9FBC-BE426219D464}.Ad-Hoc|iPhone.Build.0 = Release|Any CPU
		{4A796AC6-4AC8-48FD-9FBC-BE426219D464}.Ad-Hoc|iPhone.Deploy.0 = Release|Any CPU
		{4A796AC6-4AC8-48FD-9FBC-BE426219D464}.Ad-Hoc|iPhoneSimulator.ActiveCfg = Release|Any CPU
		{4A796AC6-4AC8-48FD-9FBC-BE426219D464}.Ad-Hoc|iPhoneSimulator.Build.0 = Release|Any CPU
		{4A796AC6-4AC8-48FD-9FBC-BE426219D464}.Ad-Hoc|iPhoneSimulator.Deploy.0 = Release|Any CPU
		{4A796AC6-4AC8-48FD-9FBC-BE426219D464}.Ad-Hoc|x64.ActiveCfg = Release|Any CPU
		{4A796AC6-4AC8-48FD-9FBC-BE426219D464}.Ad-Hoc|x64.Build.0 = Release|Any CPU
		{4A796AC6-4AC8-48FD-9FBC-BE426219D464}.Ad-Hoc|x64.Deploy.0 = Release|Any CPU
		{4A796AC6-4AC8-48FD-9FBC-BE426219D464}.Ad-Hoc|x86.ActiveCfg = Release|x86
		{4A796AC6-4AC8-48FD-9FBC-BE426219D464}.Ad-Hoc|x86.Build.0 = Release|x86
		{4A796AC6-4AC8-48FD-9FBC-BE426219D464}.Ad-Hoc|x86.Deploy.0 = Release|x86
		{4A796AC6-4AC8-48FD-9FBC-BE426219D464}.AppStore|Any CPU.ActiveCfg = Release|Any CPU
		{4A796AC6-4AC8-48FD-9FBC-BE426219D464}.AppStore|Any CPU.Build.0 = Release|Any CPU
		{4A796AC6-4AC8-48FD-9FBC-BE426219D464}.AppStore|Any CPU.Deploy.0 = Release|Any CPU
		{4A796AC6-4AC8-48FD-9FBC-BE426219D464}.AppStore|ARM.ActiveCfg = Release|ARM
		{4A796AC6-4AC8-48FD-9FBC-BE426219D464}.AppStore|ARM.Build.0 = Release|ARM
		{4A796AC6-4AC8-48FD-9FBC-BE426219D464}.AppStore|ARM.Deploy.0 = Release|ARM
		{4A796AC6-4AC8-48FD-9FBC-BE426219D464}.AppStore|iPhone.ActiveCfg = Release|Any CPU
		{4A796AC6-4AC8-48FD-9FBC-BE426219D464}.AppStore|iPhone.Build.0 = Release|Any CPU
		{4A796AC6-4AC8-48FD-9FBC-BE426219D464}.AppStore|iPhone.Deploy.0 = Release|Any CPU
		{4A796AC6-4AC8-48FD-9FBC-BE426219D464}.AppStore|iPhoneSimulator.ActiveCfg = Release|Any CPU
		{4A796AC6-4AC8-48FD-9FBC-BE426219D464}.AppStore|iPhoneSimulator.Build.0 = Release|Any CPU
		{4A796AC6-4AC8-48FD-9FBC-BE426219D464}.AppStore|iPhoneSimulator.Deploy.0 = Release|Any CPU
		{4A796AC6-4AC8-48FD-9FBC-BE426219D464}.AppStore|x64.ActiveCfg = Release|Any CPU
		{4A796AC6-4AC8-48FD-9FBC-BE426219D464}.AppStore|x64.Build.0 = Release|Any CPU
		{4A796AC6-4AC8-48FD-9FBC-BE426219D464}.AppStore|x64.Deploy.0 = Release|Any CPU
		{4A796AC6-4AC8-48FD-9FBC-BE426219D464}.AppStore|x86.ActiveCfg = Release|x86
		{4A796AC6-4AC8-48FD-9FBC-BE426219D464}.AppStore|x86.Build.0 = Release|x86
		{4A796AC6-4AC8-48FD-9FBC-BE426219D464}.AppStore|x86.Deploy.0 = Release|x86
		{4A796AC6-4AC8-48FD-9FBC-BE426219D464}.Debug|Any CPU.ActiveCfg = Debug|Any CPU
		{4A796AC6-4AC8-48FD-9FBC-BE426219D464}.Debug|Any CPU.Build.0 = Debug|Any CPU
		{4A796AC6-4AC8-48FD-9FBC-BE426219D464}.Debug|Any CPU.Deploy.0 = Debug|Any CPU
		{4A796AC6-4AC8-48FD-9FBC-BE426219D464}.Debug|ARM.ActiveCfg = Debug|ARM
		{4A796AC6-4AC8-48FD-9FBC-BE426219D464}.Debug|ARM.Build.0 = Debug|ARM
		{4A796AC6-4AC8-48FD-9FBC-BE426219D464}.Debug|ARM.Deploy.0 = Debug|ARM
		{4A796AC6-4AC8-48FD-9FBC-BE426219D464}.Debug|iPhone.ActiveCfg = Debug|Any CPU
		{4A796AC6-4AC8-48FD-9FBC-BE426219D464}.Debug|iPhone.Build.0 = Debug|Any CPU
		{4A796AC6-4AC8-48FD-9FBC-BE426219D464}.Debug|iPhone.Deploy.0 = Debug|Any CPU
		{4A796AC6-4AC8-48FD-9FBC-BE426219D464}.Debug|iPhoneSimulator.ActiveCfg = Debug|Any CPU
		{4A796AC6-4AC8-48FD-9FBC-BE426219D464}.Debug|iPhoneSimulator.Build.0 = Debug|Any CPU
		{4A796AC6-4AC8-48FD-9FBC-BE426219D464}.Debug|iPhoneSimulator.Deploy.0 = Debug|Any CPU
		{4A796AC6-4AC8-48FD-9FBC-BE426219D464}.Debug|x64.ActiveCfg = Debug|Any CPU
		{4A796AC6-4AC8-48FD-9FBC-BE426219D464}.Debug|x64.Build.0 = Debug|Any CPU
		{4A796AC6-4AC8-48FD-9FBC-BE426219D464}.Debug|x64.Deploy.0 = Debug|Any CPU
		{4A796AC6-4AC8-48FD-9FBC-BE426219D464}.Debug|x86.ActiveCfg = Debug|x86
		{4A796AC6-4AC8-48FD-9FBC-BE426219D464}.Debug|x86.Build.0 = Debug|x86
		{4A796AC6-4AC8-48FD-9FBC-BE426219D464}.Debug|x86.Deploy.0 = Debug|x86
		{4A796AC6-4AC8-48FD-9FBC-BE426219D464}.Release|Any CPU.ActiveCfg = Release|Any CPU
		{4A796AC6-4AC8-48FD-9FBC-BE426219D464}.Release|Any CPU.Build.0 = Release|Any CPU
		{4A796AC6-4AC8-48FD-9FBC-BE426219D464}.Release|Any CPU.Deploy.0 = Release|Any CPU
		{4A796AC6-4AC8-48FD-9FBC-BE426219D464}.Release|ARM.ActiveCfg = Release|ARM
		{4A796AC6-4AC8-48FD-9FBC-BE426219D464}.Release|ARM.Build.0 = Release|ARM
		{4A796AC6-4AC8-48FD-9FBC-BE426219D464}.Release|ARM.Deploy.0 = Release|ARM
		{4A796AC6-4AC8-48FD-9FBC-BE426219D464}.Release|iPhone.ActiveCfg = Release|Any CPU
		{4A796AC6-4AC8-48FD-9FBC-BE426219D464}.Release|iPhone.Build.0 = Release|Any CPU
		{4A796AC6-4AC8-48FD-9FBC-BE426219D464}.Release|iPhone.Deploy.0 = Release|Any CPU
		{4A796AC6-4AC8-48FD-9FBC-BE426219D464}.Release|iPhoneSimulator.ActiveCfg = Release|Any CPU
		{4A796AC6-4AC8-48FD-9FBC-BE426219D464}.Release|iPhoneSimulator.Build.0 = Release|Any CPU
		{4A796AC6-4AC8-48FD-9FBC-BE426219D464}.Release|iPhoneSimulator.Deploy.0 = Release|Any CPU
		{4A796AC6-4AC8-48FD-9FBC-BE426219D464}.Release|x64.ActiveCfg = Release|Any CPU
		{4A796AC6-4AC8-48FD-9FBC-BE426219D464}.Release|x64.Build.0 = Release|Any CPU
		{4A796AC6-4AC8-48FD-9FBC-BE426219D464}.Release|x64.Deploy.0 = Release|Any CPU
		{4A796AC6-4AC8-48FD-9FBC-BE426219D464}.Release|x86.ActiveCfg = Release|x86
		{4A796AC6-4AC8-48FD-9FBC-BE426219D464}.Release|x86.Build.0 = Release|x86
		{4A796AC6-4AC8-48FD-9FBC-BE426219D464}.Release|x86.Deploy.0 = Release|x86
		{E57260D5-523D-4D5B-A45E-5FD9E392E8A5}.Ad-Hoc|Any CPU.ActiveCfg = Release|Any CPU
		{E57260D5-523D-4D5B-A45E-5FD9E392E8A5}.Ad-Hoc|Any CPU.Build.0 = Release|Any CPU
		{E57260D5-523D-4D5B-A45E-5FD9E392E8A5}.Ad-Hoc|Any CPU.Deploy.0 = Release|Any CPU
		{E57260D5-523D-4D5B-A45E-5FD9E392E8A5}.Ad-Hoc|ARM.ActiveCfg = Release|ARM
		{E57260D5-523D-4D5B-A45E-5FD9E392E8A5}.Ad-Hoc|ARM.Build.0 = Release|ARM
		{E57260D5-523D-4D5B-A45E-5FD9E392E8A5}.Ad-Hoc|ARM.Deploy.0 = Release|ARM
		{E57260D5-523D-4D5B-A45E-5FD9E392E8A5}.Ad-Hoc|iPhone.ActiveCfg = Release|Any CPU
		{E57260D5-523D-4D5B-A45E-5FD9E392E8A5}.Ad-Hoc|iPhone.Build.0 = Release|Any CPU
		{E57260D5-523D-4D5B-A45E-5FD9E392E8A5}.Ad-Hoc|iPhone.Deploy.0 = Release|Any CPU
		{E57260D5-523D-4D5B-A45E-5FD9E392E8A5}.Ad-Hoc|iPhoneSimulator.ActiveCfg = Release|Any CPU
		{E57260D5-523D-4D5B-A45E-5FD9E392E8A5}.Ad-Hoc|iPhoneSimulator.Build.0 = Release|Any CPU
		{E57260D5-523D-4D5B-A45E-5FD9E392E8A5}.Ad-Hoc|iPhoneSimulator.Deploy.0 = Release|Any CPU
		{E57260D5-523D-4D5B-A45E-5FD9E392E8A5}.Ad-Hoc|x64.ActiveCfg = Release|x64
		{E57260D5-523D-4D5B-A45E-5FD9E392E8A5}.Ad-Hoc|x64.Build.0 = Release|x64
		{E57260D5-523D-4D5B-A45E-5FD9E392E8A5}.Ad-Hoc|x64.Deploy.0 = Release|x64
		{E57260D5-523D-4D5B-A45E-5FD9E392E8A5}.Ad-Hoc|x86.ActiveCfg = Release|x86
		{E57260D5-523D-4D5B-A45E-5FD9E392E8A5}.Ad-Hoc|x86.Build.0 = Release|x86
		{E57260D5-523D-4D5B-A45E-5FD9E392E8A5}.Ad-Hoc|x86.Deploy.0 = Release|x86
		{E57260D5-523D-4D5B-A45E-5FD9E392E8A5}.AppStore|Any CPU.ActiveCfg = Release|Any CPU
		{E57260D5-523D-4D5B-A45E-5FD9E392E8A5}.AppStore|Any CPU.Build.0 = Release|Any CPU
		{E57260D5-523D-4D5B-A45E-5FD9E392E8A5}.AppStore|Any CPU.Deploy.0 = Release|Any CPU
		{E57260D5-523D-4D5B-A45E-5FD9E392E8A5}.AppStore|ARM.ActiveCfg = Release|ARM
		{E57260D5-523D-4D5B-A45E-5FD9E392E8A5}.AppStore|ARM.Build.0 = Release|ARM
		{E57260D5-523D-4D5B-A45E-5FD9E392E8A5}.AppStore|ARM.Deploy.0 = Release|ARM
		{E57260D5-523D-4D5B-A45E-5FD9E392E8A5}.AppStore|iPhone.ActiveCfg = Release|Any CPU
		{E57260D5-523D-4D5B-A45E-5FD9E392E8A5}.AppStore|iPhone.Build.0 = Release|Any CPU
		{E57260D5-523D-4D5B-A45E-5FD9E392E8A5}.AppStore|iPhone.Deploy.0 = Release|Any CPU
		{E57260D5-523D-4D5B-A45E-5FD9E392E8A5}.AppStore|iPhoneSimulator.ActiveCfg = Release|Any CPU
		{E57260D5-523D-4D5B-A45E-5FD9E392E8A5}.AppStore|iPhoneSimulator.Build.0 = Release|Any CPU
		{E57260D5-523D-4D5B-A45E-5FD9E392E8A5}.AppStore|iPhoneSimulator.Deploy.0 = Release|Any CPU
		{E57260D5-523D-4D5B-A45E-5FD9E392E8A5}.AppStore|x64.ActiveCfg = Release|x64
		{E57260D5-523D-4D5B-A45E-5FD9E392E8A5}.AppStore|x64.Build.0 = Release|x64
		{E57260D5-523D-4D5B-A45E-5FD9E392E8A5}.AppStore|x64.Deploy.0 = Release|x64
		{E57260D5-523D-4D5B-A45E-5FD9E392E8A5}.AppStore|x86.ActiveCfg = Release|x86
		{E57260D5-523D-4D5B-A45E-5FD9E392E8A5}.AppStore|x86.Build.0 = Release|x86
		{E57260D5-523D-4D5B-A45E-5FD9E392E8A5}.AppStore|x86.Deploy.0 = Release|x86
		{E57260D5-523D-4D5B-A45E-5FD9E392E8A5}.Debug|Any CPU.ActiveCfg = Debug|Any CPU
		{E57260D5-523D-4D5B-A45E-5FD9E392E8A5}.Debug|Any CPU.Build.0 = Debug|Any CPU
		{E57260D5-523D-4D5B-A45E-5FD9E392E8A5}.Debug|Any CPU.Deploy.0 = Debug|Any CPU
		{E57260D5-523D-4D5B-A45E-5FD9E392E8A5}.Debug|ARM.ActiveCfg = Debug|ARM
		{E57260D5-523D-4D5B-A45E-5FD9E392E8A5}.Debug|ARM.Build.0 = Debug|ARM
		{E57260D5-523D-4D5B-A45E-5FD9E392E8A5}.Debug|ARM.Deploy.0 = Debug|ARM
		{E57260D5-523D-4D5B-A45E-5FD9E392E8A5}.Debug|iPhone.ActiveCfg = Debug|Any CPU
		{E57260D5-523D-4D5B-A45E-5FD9E392E8A5}.Debug|iPhone.Build.0 = Debug|Any CPU
		{E57260D5-523D-4D5B-A45E-5FD9E392E8A5}.Debug|iPhone.Deploy.0 = Debug|Any CPU
		{E57260D5-523D-4D5B-A45E-5FD9E392E8A5}.Debug|iPhoneSimulator.ActiveCfg = Debug|Any CPU
		{E57260D5-523D-4D5B-A45E-5FD9E392E8A5}.Debug|iPhoneSimulator.Build.0 = Debug|Any CPU
		{E57260D5-523D-4D5B-A45E-5FD9E392E8A5}.Debug|iPhoneSimulator.Deploy.0 = Debug|Any CPU
		{E57260D5-523D-4D5B-A45E-5FD9E392E8A5}.Debug|x64.ActiveCfg = Debug|x64
		{E57260D5-523D-4D5B-A45E-5FD9E392E8A5}.Debug|x64.Build.0 = Debug|x64
		{E57260D5-523D-4D5B-A45E-5FD9E392E8A5}.Debug|x64.Deploy.0 = Debug|x64
		{E57260D5-523D-4D5B-A45E-5FD9E392E8A5}.Debug|x86.ActiveCfg = Debug|x86
		{E57260D5-523D-4D5B-A45E-5FD9E392E8A5}.Debug|x86.Build.0 = Debug|x86
		{E57260D5-523D-4D5B-A45E-5FD9E392E8A5}.Debug|x86.Deploy.0 = Debug|x86
		{E57260D5-523D-4D5B-A45E-5FD9E392E8A5}.Release|Any CPU.ActiveCfg = Release|Any CPU
		{E57260D5-523D-4D5B-A45E-5FD9E392E8A5}.Release|Any CPU.Build.0 = Release|Any CPU
		{E57260D5-523D-4D5B-A45E-5FD9E392E8A5}.Release|Any CPU.Deploy.0 = Release|Any CPU
		{E57260D5-523D-4D5B-A45E-5FD9E392E8A5}.Release|ARM.ActiveCfg = Release|ARM
		{E57260D5-523D-4D5B-A45E-5FD9E392E8A5}.Release|ARM.Build.0 = Release|ARM
		{E57260D5-523D-4D5B-A45E-5FD9E392E8A5}.Release|ARM.Deploy.0 = Release|ARM
		{E57260D5-523D-4D5B-A45E-5FD9E392E8A5}.Release|iPhone.ActiveCfg = Release|Any CPU
		{E57260D5-523D-4D5B-A45E-5FD9E392E8A5}.Release|iPhone.Build.0 = Release|Any CPU
		{E57260D5-523D-4D5B-A45E-5FD9E392E8A5}.Release|iPhone.Deploy.0 = Release|Any CPU
		{E57260D5-523D-4D5B-A45E-5FD9E392E8A5}.Release|iPhoneSimulator.ActiveCfg = Release|Any CPU
		{E57260D5-523D-4D5B-A45E-5FD9E392E8A5}.Release|iPhoneSimulator.Build.0 = Release|Any CPU
		{E57260D5-523D-4D5B-A45E-5FD9E392E8A5}.Release|iPhoneSimulator.Deploy.0 = Release|Any CPU
		{E57260D5-523D-4D5B-A45E-5FD9E392E8A5}.Release|x64.ActiveCfg = Release|x64
		{E57260D5-523D-4D5B-A45E-5FD9E392E8A5}.Release|x64.Build.0 = Release|x64
		{E57260D5-523D-4D5B-A45E-5FD9E392E8A5}.Release|x64.Deploy.0 = Release|x64
		{E57260D5-523D-4D5B-A45E-5FD9E392E8A5}.Release|x86.ActiveCfg = Release|x86
		{E57260D5-523D-4D5B-A45E-5FD9E392E8A5}.Release|x86.Build.0 = Release|x86
		{E57260D5-523D-4D5B-A45E-5FD9E392E8A5}.Release|x86.Deploy.0 = Release|x86
		{673EF218-CBA8-450E-902D-1C6704E23E95}.Ad-Hoc|Any CPU.ActiveCfg = Release|Any CPU
		{673EF218-CBA8-450E-902D-1C6704E23E95}.Ad-Hoc|Any CPU.Build.0 = Release|Any CPU
		{673EF218-CBA8-450E-902D-1C6704E23E95}.Ad-Hoc|ARM.ActiveCfg = Release|Any CPU
		{673EF218-CBA8-450E-902D-1C6704E23E95}.Ad-Hoc|ARM.Build.0 = Release|Any CPU
		{673EF218-CBA8-450E-902D-1C6704E23E95}.Ad-Hoc|iPhone.ActiveCfg = Release|Any CPU
		{673EF218-CBA8-450E-902D-1C6704E23E95}.Ad-Hoc|iPhone.Build.0 = Release|Any CPU
		{673EF218-CBA8-450E-902D-1C6704E23E95}.Ad-Hoc|iPhoneSimulator.ActiveCfg = Release|Any CPU
		{673EF218-CBA8-450E-902D-1C6704E23E95}.Ad-Hoc|iPhoneSimulator.Build.0 = Release|Any CPU
		{673EF218-CBA8-450E-902D-1C6704E23E95}.Ad-Hoc|x64.ActiveCfg = Release|Any CPU
		{673EF218-CBA8-450E-902D-1C6704E23E95}.Ad-Hoc|x64.Build.0 = Release|Any CPU
		{673EF218-CBA8-450E-902D-1C6704E23E95}.Ad-Hoc|x86.ActiveCfg = Release|Any CPU
		{673EF218-CBA8-450E-902D-1C6704E23E95}.Ad-Hoc|x86.Build.0 = Release|Any CPU
		{673EF218-CBA8-450E-902D-1C6704E23E95}.AppStore|Any CPU.ActiveCfg = Release|Any CPU
		{673EF218-CBA8-450E-902D-1C6704E23E95}.AppStore|Any CPU.Build.0 = Release|Any CPU
		{673EF218-CBA8-450E-902D-1C6704E23E95}.AppStore|ARM.ActiveCfg = Release|Any CPU
		{673EF218-CBA8-450E-902D-1C6704E23E95}.AppStore|ARM.Build.0 = Release|Any CPU
		{673EF218-CBA8-450E-902D-1C6704E23E95}.AppStore|iPhone.ActiveCfg = Release|Any CPU
		{673EF218-CBA8-450E-902D-1C6704E23E95}.AppStore|iPhone.Build.0 = Release|Any CPU
		{673EF218-CBA8-450E-902D-1C6704E23E95}.AppStore|iPhoneSimulator.ActiveCfg = Release|Any CPU
		{673EF218-CBA8-450E-902D-1C6704E23E95}.AppStore|iPhoneSimulator.Build.0 = Release|Any CPU
		{673EF218-CBA8-450E-902D-1C6704E23E95}.AppStore|x64.ActiveCfg = Release|Any CPU
		{673EF218-CBA8-450E-902D-1C6704E23E95}.AppStore|x64.Build.0 = Release|Any CPU
		{673EF218-CBA8-450E-902D-1C6704E23E95}.AppStore|x86.ActiveCfg = Release|Any CPU
		{673EF218-CBA8-450E-902D-1C6704E23E95}.AppStore|x86.Build.0 = Release|Any CPU
		{673EF218-CBA8-450E-902D-1C6704E23E95}.Debug|Any CPU.ActiveCfg = Debug|Any CPU
		{673EF218-CBA8-450E-902D-1C6704E23E95}.Debug|Any CPU.Build.0 = Debug|Any CPU
		{673EF218-CBA8-450E-902D-1C6704E23E95}.Debug|ARM.ActiveCfg = Debug|Any CPU
		{673EF218-CBA8-450E-902D-1C6704E23E95}.Debug|ARM.Build.0 = Debug|Any CPU
		{673EF218-CBA8-450E-902D-1C6704E23E95}.Debug|iPhone.ActiveCfg = Debug|Any CPU
		{673EF218-CBA8-450E-902D-1C6704E23E95}.Debug|iPhone.Build.0 = Debug|Any CPU
		{673EF218-CBA8-450E-902D-1C6704E23E95}.Debug|iPhoneSimulator.ActiveCfg = Debug|Any CPU
		{673EF218-CBA8-450E-902D-1C6704E23E95}.Debug|iPhoneSimulator.Build.0 = Debug|Any CPU
		{673EF218-CBA8-450E-902D-1C6704E23E95}.Debug|x64.ActiveCfg = Debug|Any CPU
		{673EF218-CBA8-450E-902D-1C6704E23E95}.Debug|x64.Build.0 = Debug|Any CPU
		{673EF218-CBA8-450E-902D-1C6704E23E95}.Debug|x86.ActiveCfg = Debug|Any CPU
		{673EF218-CBA8-450E-902D-1C6704E23E95}.Debug|x86.Build.0 = Debug|Any CPU
		{673EF218-CBA8-450E-902D-1C6704E23E95}.Release|Any CPU.ActiveCfg = Release|Any CPU
		{673EF218-CBA8-450E-902D-1C6704E23E95}.Release|Any CPU.Build.0 = Release|Any CPU
		{673EF218-CBA8-450E-902D-1C6704E23E95}.Release|ARM.ActiveCfg = Release|Any CPU
		{673EF218-CBA8-450E-902D-1C6704E23E95}.Release|ARM.Build.0 = Release|Any CPU
		{673EF218-CBA8-450E-902D-1C6704E23E95}.Release|iPhone.ActiveCfg = Release|Any CPU
		{673EF218-CBA8-450E-902D-1C6704E23E95}.Release|iPhone.Build.0 = Release|Any CPU
		{673EF218-CBA8-450E-902D-1C6704E23E95}.Release|iPhoneSimulator.ActiveCfg = Release|Any CPU
		{673EF218-CBA8-450E-902D-1C6704E23E95}.Release|iPhoneSimulator.Build.0 = Release|Any CPU
		{673EF218-CBA8-450E-902D-1C6704E23E95}.Release|x64.ActiveCfg = Release|Any CPU
		{673EF218-CBA8-450E-902D-1C6704E23E95}.Release|x64.Build.0 = Release|Any CPU
		{673EF218-CBA8-450E-902D-1C6704E23E95}.Release|x86.ActiveCfg = Release|Any CPU
		{673EF218-CBA8-450E-902D-1C6704E23E95}.Release|x86.Build.0 = Release|Any CPU
	EndGlobalSection
	GlobalSection(SolutionProperties) = preSolution
		HideSolutionNode = FALSE
	EndGlobalSection
EndGlobal
