
Microsoft Visual Studio Solution File, Format Version 12.00
# Visual Studio 14
VisualStudioVersion = 14.0.25420.1
MinimumVisualStudioVersion = 10.0.40219.1
Project("{FAE04EC0-301F-11D3-BF4B-00C04F79EFBC}") = "DataBinding.Droid", "DataBinding\DataBinding.Droid\DataBinding.Droid.csproj", "{F87FCC3E-B0B8-479A-BC67-7B01E7CC3865}"
EndProject
Project("{FAE04EC0-301F-11D3-BF4B-00C04F79EFBC}") = "DataBinding.iOS", "DataBinding\DataBinding.iOS\DataBinding.iOS.csproj", "{A5D0F714-5014-4413-971B-0BF77D40302A}"
EndProject
Project("{FAE04EC0-301F-11D3-BF4B-00C04F79EFBC}") = "DataBinding.WinPhone", "DataBinding\DataBinding.WinPhone\DataBinding.WinPhone.csproj", "{727630D1-5874-4D5E-A466-3DBFB944EAC1}"
EndProject
Project("{FAE04EC0-301F-11D3-BF4B-00C04F79EFBC}") = "DataBinding.Windows", "DataBinding\DataBinding.Windows\DataBinding.Windows.csproj", "{E32F6F1C-FC3F-43CC-B4AD-0C0D1840DBAB}"
EndProject
Project("{FAE04EC0-301F-11D3-BF4B-00C04F79EFBC}") = "DataBinding", "DataBinding\DataBinding\DataBinding.csproj", "{BC9C77C1-7CC8-44ED-8F84-7F82F5B84E1C}"
EndProject
Global
	GlobalSection(SolutionConfigurationPlatforms) = preSolution
		Ad-Hoc|Any CPU = Ad-Hoc|Any CPU
		Ad-Hoc|ARM = Ad-Hoc|ARM
		Ad-Hoc|iPhone = Ad-Hoc|iPhone
		Ad-Hoc|iPhoneSimulator = Ad-Hoc|iPhoneSimulator
		Ad-Hoc|x64 = Ad-Hoc|x64
		Ad-Hoc|x86 = Ad-Hoc|x86
		AppStore|Any CPU = AppStore|Any CPU
		AppStore|ARM = AppStore|ARM
		AppStore|iPhone = AppStore|iPhone
		AppStore|iPhoneSimulator = AppStore|iPhoneSimulator
		AppStore|x64 = AppStore|x64
		AppStore|x86 = AppStore|x86
		Debug|Any CPU = Debug|Any CPU
		Debug|ARM = Debug|ARM
		Debug|iPhone = Debug|iPhone
		Debug|iPhoneSimulator = Debug|iPhoneSimulator
		Debug|x64 = Debug|x64
		Debug|x86 = Debug|x86
		Release|Any CPU = Release|Any CPU
		Release|ARM = Release|ARM
		Release|iPhone = Release|iPhone
		Release|iPhoneSimulator = Release|iPhoneSimulator
		Release|x64 = Release|x64
		Release|x86 = Release|x86
	EndGlobalSection
	GlobalSection(ProjectConfigurationPlatforms) = postSolution
		{F87FCC3E-B0B8-479A-BC67-7B01E7CC3865}.Ad-Hoc|Any CPU.ActiveCfg = Release|Any CPU
		{F87FCC3E-B0B8-479A-BC67-7B01E7CC3865}.Ad-Hoc|Any CPU.Build.0 = Release|Any CPU
		{F87FCC3E-B0B8-479A-BC67-7B01E7CC3865}.Ad-Hoc|Any CPU.Deploy.0 = Release|Any CPU
		{F87FCC3E-B0B8-479A-BC67-7B01E7CC3865}.Ad-Hoc|ARM.ActiveCfg = Release|Any CPU
		{F87FCC3E-B0B8-479A-BC67-7B01E7CC3865}.Ad-Hoc|ARM.Build.0 = Release|Any CPU
		{F87FCC3E-B0B8-479A-BC67-7B01E7CC3865}.Ad-Hoc|ARM.Deploy.0 = Release|Any CPU
		{F87FCC3E-B0B8-479A-BC67-7B01E7CC3865}.Ad-Hoc|iPhone.ActiveCfg = Release|Any CPU
		{F87FCC3E-B0B8-479A-BC67-7B01E7CC3865}.Ad-Hoc|iPhone.Build.0 = Release|Any CPU
		{F87FCC3E-B0B8-479A-BC67-7B01E7CC3865}.Ad-Hoc|iPhone.Deploy.0 = Release|Any CPU
		{F87FCC3E-B0B8-479A-BC67-7B01E7CC3865}.Ad-Hoc|iPhoneSimulator.ActiveCfg = Release|Any CPU
		{F87FCC3E-B0B8-479A-BC67-7B01E7CC3865}.Ad-Hoc|iPhoneSimulator.Build.0 = Release|Any CPU
		{F87FCC3E-B0B8-479A-BC67-7B01E7CC3865}.Ad-Hoc|iPhoneSimulator.Deploy.0 = Release|Any CPU
		{F87FCC3E-B0B8-479A-BC67-7B01E7CC3865}.Ad-Hoc|x64.ActiveCfg = Release|Any CPU
		{F87FCC3E-B0B8-479A-BC67-7B01E7CC3865}.Ad-Hoc|x64.Build.0 = Release|Any CPU
		{F87FCC3E-B0B8-479A-BC67-7B01E7CC3865}.Ad-Hoc|x64.Deploy.0 = Release|Any CPU
		{F87FCC3E-B0B8-479A-BC67-7B01E7CC3865}.Ad-Hoc|x86.ActiveCfg = Release|Any CPU
		{F87FCC3E-B0B8-479A-BC67-7B01E7CC3865}.Ad-Hoc|x86.Build.0 = Release|Any CPU
		{F87FCC3E-B0B8-479A-BC67-7B01E7CC3865}.Ad-Hoc|x86.Deploy.0 = Release|Any CPU
		{F87FCC3E-B0B8-479A-BC67-7B01E7CC3865}.AppStore|Any CPU.ActiveCfg = Release|Any CPU
		{F87FCC3E-B0B8-479A-BC67-7B01E7CC3865}.AppStore|Any CPU.Build.0 = Release|Any CPU
		{F87FCC3E-B0B8-479A-BC67-7B01E7CC3865}.AppStore|Any CPU.Deploy.0 = Release|Any CPU
		{F87FCC3E-B0B8-479A-BC67-7B01E7CC3865}.AppStore|ARM.ActiveCfg = Release|Any CPU
		{F87FCC3E-B0B8-479A-BC67-7B01E7CC3865}.AppStore|ARM.Build.0 = Release|Any CPU
		{F87FCC3E-B0B8-479A-BC67-7B01E7CC3865}.AppStore|ARM.Deploy.0 = Release|Any CPU
		{F87FCC3E-B0B8-479A-BC67-7B01E7CC3865}.AppStore|iPhone.ActiveCfg = Release|Any CPU
		{F87FCC3E-B0B8-479A-BC67-7B01E7CC3865}.AppStore|iPhone.Build.0 = Release|Any CPU
		{F87FCC3E-B0B8-479A-BC67-7B01E7CC3865}.AppStore|iPhone.Deploy.0 = Release|Any CPU
		{F87FCC3E-B0B8-479A-BC67-7B01E7CC3865}.AppStore|iPhoneSimulator.ActiveCfg = Release|Any CPU
		{F87FCC3E-B0B8-479A-BC67-7B01E7CC3865}.AppStore|iPhoneSimulator.Build.0 = Release|Any CPU
		{F87FCC3E-B0B8-479A-BC67-7B01E7CC3865}.AppStore|iPhoneSimulator.Deploy.0 = Release|Any CPU
		{F87FCC3E-B0B8-479A-BC67-7B01E7CC3865}.AppStore|x64.ActiveCfg = Release|Any CPU
		{F87FCC3E-B0B8-479A-BC67-7B01E7CC3865}.AppStore|x64.Build.0 = Release|Any CPU
		{F87FCC3E-B0B8-479A-BC67-7B01E7CC3865}.AppStore|x64.Deploy.0 = Release|Any CPU
		{F87FCC3E-B0B8-479A-BC67-7B01E7CC3865}.AppStore|x86.ActiveCfg = Release|Any CPU
		{F87FCC3E-B0B8-479A-BC67-7B01E7CC3865}.AppStore|x86.Build.0 = Release|Any CPU
		{F87FCC3E-B0B8-479A-BC67-7B01E7CC3865}.AppStore|x86.Deploy.0 = Release|Any CPU
		{F87FCC3E-B0B8-479A-BC67-7B01E7CC3865}.Debug|Any CPU.ActiveCfg = Debug|Any CPU
		{F87FCC3E-B0B8-479A-BC67-7B01E7CC3865}.Debug|Any CPU.Build.0 = Debug|Any CPU
		{F87FCC3E-B0B8-479A-BC67-7B01E7CC3865}.Debug|Any CPU.Deploy.0 = Debug|Any CPU
		{F87FCC3E-B0B8-479A-BC67-7B01E7CC3865}.Debug|ARM.ActiveCfg = Debug|Any CPU
		{F87FCC3E-B0B8-479A-BC67-7B01E7CC3865}.Debug|ARM.Build.0 = Debug|Any CPU
		{F87FCC3E-B0B8-479A-BC67-7B01E7CC3865}.Debug|ARM.Deploy.0 = Debug|Any CPU
		{F87FCC3E-B0B8-479A-BC67-7B01E7CC3865}.Debug|iPhone.ActiveCfg = Debug|Any CPU
		{F87FCC3E-B0B8-479A-BC67-7B01E7CC3865}.Debug|iPhone.Build.0 = Debug|Any CPU
		{F87FCC3E-B0B8-479A-BC67-7B01E7CC3865}.Debug|iPhone.Deploy.0 = Debug|Any CPU
		{F87FCC3E-B0B8-479A-BC67-7B01E7CC3865}.Debug|iPhoneSimulator.ActiveCfg = Debug|Any CPU
		{F87FCC3E-B0B8-479A-BC67-7B01E7CC3865}.Debug|iPhoneSimulator.Build.0 = Debug|Any CPU
		{F87FCC3E-B0B8-479A-BC67-7B01E7CC3865}.Debug|iPhoneSimulator.Deploy.0 = Debug|Any CPU
		{F87FCC3E-B0B8-479A-BC67-7B01E7CC3865}.Debug|x64.ActiveCfg = Debug|Any CPU
		{F87FCC3E-B0B8-479A-BC67-7B01E7CC3865}.Debug|x64.Build.0 = Debug|Any CPU
		{F87FCC3E-B0B8-479A-BC67-7B01E7CC3865}.Debug|x64.Deploy.0 = Debug|Any CPU
		{F87FCC3E-B0B8-479A-BC67-7B01E7CC3865}.Debug|x86.ActiveCfg = Debug|Any CPU
		{F87FCC3E-B0B8-479A-BC67-7B01E7CC3865}.Debug|x86.Build.0 = Debug|Any CPU
		{F87FCC3E-B0B8-479A-BC67-7B01E7CC3865}.Debug|x86.Deploy.0 = Debug|Any CPU
		{F87FCC3E-B0B8-479A-BC67-7B01E7CC3865}.Release|Any CPU.ActiveCfg = Release|Any CPU
		{F87FCC3E-B0B8-479A-BC67-7B01E7CC3865}.Release|Any CPU.Build.0 = Release|Any CPU
		{F87FCC3E-B0B8-479A-BC67-7B01E7CC3865}.Release|Any CPU.Deploy.0 = Release|Any CPU
		{F87FCC3E-B0B8-479A-BC67-7B01E7CC3865}.Release|ARM.ActiveCfg = Release|Any CPU
		{F87FCC3E-B0B8-479A-BC67-7B01E7CC3865}.Release|ARM.Build.0 = Release|Any CPU
		{F87FCC3E-B0B8-479A-BC67-7B01E7CC3865}.Release|ARM.Deploy.0 = Release|Any CPU
		{F87FCC3E-B0B8-479A-BC67-7B01E7CC3865}.Release|iPhone.ActiveCfg = Release|Any CPU
		{F87FCC3E-B0B8-479A-BC67-7B01E7CC3865}.Release|iPhone.Build.0 = Release|Any CPU
		{F87FCC3E-B0B8-479A-BC67-7B01E7CC3865}.Release|iPhone.Deploy.0 = Release|Any CPU
		{F87FCC3E-B0B8-479A-BC67-7B01E7CC3865}.Release|iPhoneSimulator.ActiveCfg = Release|Any CPU
		{F87FCC3E-B0B8-479A-BC67-7B01E7CC3865}.Release|iPhoneSimulator.Build.0 = Release|Any CPU
		{F87FCC3E-B0B8-479A-BC67-7B01E7CC3865}.Release|iPhoneSimulator.Deploy.0 = Release|Any CPU
		{F87FCC3E-B0B8-479A-BC67-7B01E7CC3865}.Release|x64.ActiveCfg = Release|Any CPU
		{F87FCC3E-B0B8-479A-BC67-7B01E7CC3865}.Release|x64.Build.0 = Release|Any CPU
		{F87FCC3E-B0B8-479A-BC67-7B01E7CC3865}.Release|x64.Deploy.0 = Release|Any CPU
		{F87FCC3E-B0B8-479A-BC67-7B01E7CC3865}.Release|x86.ActiveCfg = Release|Any CPU
		{F87FCC3E-B0B8-479A-BC67-7B01E7CC3865}.Release|x86.Build.0 = Release|Any CPU
		{F87FCC3E-B0B8-479A-BC67-7B01E7CC3865}.Release|x86.Deploy.0 = Release|Any CPU
		{A5D0F714-5014-4413-971B-0BF77D40302A}.Ad-Hoc|Any CPU.ActiveCfg = Ad-Hoc|iPhone
		{A5D0F714-5014-4413-971B-0BF77D40302A}.Ad-Hoc|ARM.ActiveCfg = Ad-Hoc|iPhone
		{A5D0F714-5014-4413-971B-0BF77D40302A}.Ad-Hoc|iPhone.ActiveCfg = Ad-Hoc|iPhone
		{A5D0F714-5014-4413-971B-0BF77D40302A}.Ad-Hoc|iPhone.Build.0 = Ad-Hoc|iPhone
		{A5D0F714-5014-4413-971B-0BF77D40302A}.Ad-Hoc|iPhoneSimulator.ActiveCfg = Ad-Hoc|iPhoneSimulator
		{A5D0F714-5014-4413-971B-0BF77D40302A}.Ad-Hoc|iPhoneSimulator.Build.0 = Ad-Hoc|iPhoneSimulator
		{A5D0F714-5014-4413-971B-0BF77D40302A}.Ad-Hoc|x64.ActiveCfg = Ad-Hoc|iPhone
		{A5D0F714-5014-4413-971B-0BF77D40302A}.Ad-Hoc|x86.ActiveCfg = Ad-Hoc|iPhone
		{A5D0F714-5014-4413-971B-0BF77D40302A}.AppStore|Any CPU.ActiveCfg = AppStore|iPhone
		{A5D0F714-5014-4413-971B-0BF77D40302A}.AppStore|ARM.ActiveCfg = AppStore|iPhone
		{A5D0F714-5014-4413-971B-0BF77D40302A}.AppStore|iPhone.ActiveCfg = AppStore|iPhone
		{A5D0F714-5014-4413-971B-0BF77D40302A}.AppStore|iPhone.Build.0 = AppStore|iPhone
		{A5D0F714-5014-4413-971B-0BF77D40302A}.AppStore|iPhoneSimulator.ActiveCfg = AppStore|iPhoneSimulator
		{A5D0F714-5014-4413-971B-0BF77D40302A}.AppStore|iPhoneSimulator.Build.0 = AppStore|iPhoneSimulator
		{A5D0F714-5014-4413-971B-0BF77D40302A}.AppStore|x64.ActiveCfg = AppStore|iPhone
		{A5D0F714-5014-4413-971B-0BF77D40302A}.AppStore|x86.ActiveCfg = AppStore|iPhone
		{A5D0F714-5014-4413-971B-0BF77D40302A}.Debug|Any CPU.ActiveCfg = Debug|iPhone
		{A5D0F714-5014-4413-971B-0BF77D40302A}.Debug|ARM.ActiveCfg = Debug|iPhone
		{A5D0F714-5014-4413-971B-0BF77D40302A}.Debug|iPhone.ActiveCfg = Debug|iPhone
		{A5D0F714-5014-4413-971B-0BF77D40302A}.Debug|iPhone.Build.0 = Debug|iPhone
		{A5D0F714-5014-4413-971B-0BF77D40302A}.Debug|iPhoneSimulator.ActiveCfg = Debug|iPhoneSimulator
		{A5D0F714-5014-4413-971B-0BF77D40302A}.Debug|iPhoneSimulator.Build.0 = Debug|iPhoneSimulator
		{A5D0F714-5014-4413-971B-0BF77D40302A}.Debug|x64.ActiveCfg = Debug|iPhone
		{A5D0F714-5014-4413-971B-0BF77D40302A}.Debug|x86.ActiveCfg = Debug|iPhone
		{A5D0F714-5014-4413-971B-0BF77D40302A}.Release|Any CPU.ActiveCfg = Release|iPhone
		{A5D0F714-5014-4413-971B-0BF77D40302A}.Release|ARM.ActiveCfg = Release|iPhone
		{A5D0F714-5014-4413-971B-0BF77D40302A}.Release|iPhone.ActiveCfg = Release|iPhone
		{A5D0F714-5014-4413-971B-0BF77D40302A}.Release|iPhone.Build.0 = Release|iPhone
		{A5D0F714-5014-4413-971B-0BF77D40302A}.Release|iPhoneSimulator.ActiveCfg = Release|iPhoneSimulator
		{A5D0F714-5014-4413-971B-0BF77D40302A}.Release|iPhoneSimulator.Build.0 = Release|iPhoneSimulator
		{A5D0F714-5014-4413-971B-0BF77D40302A}.Release|x64.ActiveCfg = Release|iPhone
		{A5D0F714-5014-4413-971B-0BF77D40302A}.Release|x86.ActiveCfg = Release|iPhone
		{727630D1-5874-4D5E-A466-3DBFB944EAC1}.Ad-Hoc|Any CPU.ActiveCfg = Release|Any CPU
		{727630D1-5874-4D5E-A466-3DBFB944EAC1}.Ad-Hoc|Any CPU.Build.0 = Release|Any CPU
		{727630D1-5874-4D5E-A466-3DBFB944EAC1}.Ad-Hoc|Any CPU.Deploy.0 = Release|Any CPU
		{727630D1-5874-4D5E-A466-3DBFB944EAC1}.Ad-Hoc|ARM.ActiveCfg = Release|ARM
		{727630D1-5874-4D5E-A466-3DBFB944EAC1}.Ad-Hoc|ARM.Build.0 = Release|ARM
		{727630D1-5874-4D5E-A466-3DBFB944EAC1}.Ad-Hoc|ARM.Deploy.0 = Release|ARM
		{727630D1-5874-4D5E-A466-3DBFB944EAC1}.Ad-Hoc|iPhone.ActiveCfg = Release|Any CPU
		{727630D1-5874-4D5E-A466-3DBFB944EAC1}.Ad-Hoc|iPhone.Build.0 = Release|Any CPU
		{727630D1-5874-4D5E-A466-3DBFB944EAC1}.Ad-Hoc|iPhone.Deploy.0 = Release|Any CPU
		{727630D1-5874-4D5E-A466-3DBFB944EAC1}.Ad-Hoc|iPhoneSimulator.ActiveCfg = Release|Any CPU
		{727630D1-5874-4D5E-A466-3DBFB944EAC1}.Ad-Hoc|iPhoneSimulator.Build.0 = Release|Any CPU
		{727630D1-5874-4D5E-A466-3DBFB944EAC1}.Ad-Hoc|iPhoneSimulator.Deploy.0 = Release|Any CPU
		{727630D1-5874-4D5E-A466-3DBFB944EAC1}.Ad-Hoc|x64.ActiveCfg = Release|Any CPU
		{727630D1-5874-4D5E-A466-3DBFB944EAC1}.Ad-Hoc|x64.Build.0 = Release|Any CPU
		{727630D1-5874-4D5E-A466-3DBFB944EAC1}.Ad-Hoc|x64.Deploy.0 = Release|Any CPU
		{727630D1-5874-4D5E-A466-3DBFB944EAC1}.Ad-Hoc|x86.ActiveCfg = Release|x86
		{727630D1-5874-4D5E-A466-3DBFB944EAC1}.Ad-Hoc|x86.Build.0 = Release|x86
		{727630D1-5874-4D5E-A466-3DBFB944EAC1}.Ad-Hoc|x86.Deploy.0 = Release|x86
		{727630D1-5874-4D5E-A466-3DBFB944EAC1}.AppStore|Any CPU.ActiveCfg = Release|Any CPU
		{727630D1-5874-4D5E-A466-3DBFB944EAC1}.AppStore|Any CPU.Build.0 = Release|Any CPU
		{727630D1-5874-4D5E-A466-3DBFB944EAC1}.AppStore|Any CPU.Deploy.0 = Release|Any CPU
		{727630D1-5874-4D5E-A466-3DBFB944EAC1}.AppStore|ARM.ActiveCfg = Release|ARM
		{727630D1-5874-4D5E-A466-3DBFB944EAC1}.AppStore|ARM.Build.0 = Release|ARM
		{727630D1-5874-4D5E-A466-3DBFB944EAC1}.AppStore|ARM.Deploy.0 = Release|ARM
		{727630D1-5874-4D5E-A466-3DBFB944EAC1}.AppStore|iPhone.ActiveCfg = Release|Any CPU
		{727630D1-5874-4D5E-A466-3DBFB944EAC1}.AppStore|iPhone.Build.0 = Release|Any CPU
		{727630D1-5874-4D5E-A466-3DBFB944EAC1}.AppStore|iPhone.Deploy.0 = Release|Any CPU
		{727630D1-5874-4D5E-A466-3DBFB944EAC1}.AppStore|iPhoneSimulator.ActiveCfg = Release|Any CPU
		{727630D1-5874-4D5E-A466-3DBFB944EAC1}.AppStore|iPhoneSimulator.Build.0 = Release|Any CPU
		{727630D1-5874-4D5E-A466-3DBFB944EAC1}.AppStore|iPhoneSimulator.Deploy.0 = Release|Any CPU
		{727630D1-5874-4D5E-A466-3DBFB944EAC1}.AppStore|x64.ActiveCfg = Release|Any CPU
		{727630D1-5874-4D5E-A466-3DBFB944EAC1}.AppStore|x64.Build.0 = Release|Any CPU
		{727630D1-5874-4D5E-A466-3DBFB944EAC1}.AppStore|x64.Deploy.0 = Release|Any CPU
		{727630D1-5874-4D5E-A466-3DBFB944EAC1}.AppStore|x86.ActiveCfg = Release|x86
		{727630D1-5874-4D5E-A466-3DBFB944EAC1}.AppStore|x86.Build.0 = Release|x86
		{727630D1-5874-4D5E-A466-3DBFB944EAC1}.AppStore|x86.Deploy.0 = Release|x86
		{727630D1-5874-4D5E-A466-3DBFB944EAC1}.Debug|Any CPU.ActiveCfg = Debug|Any CPU
		{727630D1-5874-4D5E-A466-3DBFB944EAC1}.Debug|Any CPU.Build.0 = Debug|Any CPU
		{727630D1-5874-4D5E-A466-3DBFB944EAC1}.Debug|Any CPU.Deploy.0 = Debug|Any CPU
		{727630D1-5874-4D5E-A466-3DBFB944EAC1}.Debug|ARM.ActiveCfg = Debug|ARM
		{727630D1-5874-4D5E-A466-3DBFB944EAC1}.Debug|ARM.Build.0 = Debug|ARM
		{727630D1-5874-4D5E-A466-3DBFB944EAC1}.Debug|ARM.Deploy.0 = Debug|ARM
		{727630D1-5874-4D5E-A466-3DBFB944EAC1}.Debug|iPhone.ActiveCfg = Debug|Any CPU
		{727630D1-5874-4D5E-A466-3DBFB944EAC1}.Debug|iPhone.Build.0 = Debug|Any CPU
		{727630D1-5874-4D5E-A466-3DBFB944EAC1}.Debug|iPhone.Deploy.0 = Debug|Any CPU
		{727630D1-5874-4D5E-A466-3DBFB944EAC1}.Debug|iPhoneSimulator.ActiveCfg = Debug|Any CPU
		{727630D1-5874-4D5E-A466-3DBFB944EAC1}.Debug|iPhoneSimulator.Build.0 = Debug|Any CPU
		{727630D1-5874-4D5E-A466-3DBFB944EAC1}.Debug|iPhoneSimulator.Deploy.0 = Debug|Any CPU
		{727630D1-5874-4D5E-A466-3DBFB944EAC1}.Debug|x64.ActiveCfg = Debug|Any CPU
		{727630D1-5874-4D5E-A466-3DBFB944EAC1}.Debug|x64.Build.0 = Debug|Any CPU
		{727630D1-5874-4D5E-A466-3DBFB944EAC1}.Debug|x64.Deploy.0 = Debug|Any CPU
		{727630D1-5874-4D5E-A466-3DBFB944EAC1}.Debug|x86.ActiveCfg = Debug|x86
		{727630D1-5874-4D5E-A466-3DBFB944EAC1}.Debug|x86.Build.0 = Debug|x86
		{727630D1-5874-4D5E-A466-3DBFB944EAC1}.Debug|x86.Deploy.0 = Debug|x86
		{727630D1-5874-4D5E-A466-3DBFB944EAC1}.Release|Any CPU.ActiveCfg = Release|Any CPU
		{727630D1-5874-4D5E-A466-3DBFB944EAC1}.Release|Any CPU.Build.0 = Release|Any CPU
		{727630D1-5874-4D5E-A466-3DBFB944EAC1}.Release|Any CPU.Deploy.0 = Release|Any CPU
		{727630D1-5874-4D5E-A466-3DBFB944EAC1}.Release|ARM.ActiveCfg = Release|ARM
		{727630D1-5874-4D5E-A466-3DBFB944EAC1}.Release|ARM.Build.0 = Release|ARM
		{727630D1-5874-4D5E-A466-3DBFB944EAC1}.Release|ARM.Deploy.0 = Release|ARM
		{727630D1-5874-4D5E-A466-3DBFB944EAC1}.Release|iPhone.ActiveCfg = Release|Any CPU
		{727630D1-5874-4D5E-A466-3DBFB944EAC1}.Release|iPhone.Build.0 = Release|Any CPU
		{727630D1-5874-4D5E-A466-3DBFB944EAC1}.Release|iPhone.Deploy.0 = Release|Any CPU
		{727630D1-5874-4D5E-A466-3DBFB944EAC1}.Release|iPhoneSimulator.ActiveCfg = Release|Any CPU
		{727630D1-5874-4D5E-A466-3DBFB944EAC1}.Release|iPhoneSimulator.Build.0 = Release|Any CPU
		{727630D1-5874-4D5E-A466-3DBFB944EAC1}.Release|iPhoneSimulator.Deploy.0 = Release|Any CPU
		{727630D1-5874-4D5E-A466-3DBFB944EAC1}.Release|x64.ActiveCfg = Release|Any CPU
		{727630D1-5874-4D5E-A466-3DBFB944EAC1}.Release|x64.Build.0 = Release|Any CPU
		{727630D1-5874-4D5E-A466-3DBFB944EAC1}.Release|x64.Deploy.0 = Release|Any CPU
		{727630D1-5874-4D5E-A466-3DBFB944EAC1}.Release|x86.ActiveCfg = Release|x86
		{727630D1-5874-4D5E-A466-3DBFB944EAC1}.Release|x86.Build.0 = Release|x86
		{727630D1-5874-4D5E-A466-3DBFB944EAC1}.Release|x86.Deploy.0 = Release|x86
		{E32F6F1C-FC3F-43CC-B4AD-0C0D1840DBAB}.Ad-Hoc|Any CPU.ActiveCfg = Release|Any CPU
		{E32F6F1C-FC3F-43CC-B4AD-0C0D1840DBAB}.Ad-Hoc|Any CPU.Build.0 = Release|Any CPU
		{E32F6F1C-FC3F-43CC-B4AD-0C0D1840DBAB}.Ad-Hoc|Any CPU.Deploy.0 = Release|Any CPU
		{E32F6F1C-FC3F-43CC-B4AD-0C0D1840DBAB}.Ad-Hoc|ARM.ActiveCfg = Release|ARM
		{E32F6F1C-FC3F-43CC-B4AD-0C0D1840DBAB}.Ad-Hoc|ARM.Build.0 = Release|ARM
		{E32F6F1C-FC3F-43CC-B4AD-0C0D1840DBAB}.Ad-Hoc|ARM.Deploy.0 = Release|ARM
		{E32F6F1C-FC3F-43CC-B4AD-0C0D1840DBAB}.Ad-Hoc|iPhone.ActiveCfg = Release|Any CPU
		{E32F6F1C-FC3F-43CC-B4AD-0C0D1840DBAB}.Ad-Hoc|iPhone.Build.0 = Release|Any CPU
		{E32F6F1C-FC3F-43CC-B4AD-0C0D1840DBAB}.Ad-Hoc|iPhone.Deploy.0 = Release|Any CPU
		{E32F6F1C-FC3F-43CC-B4AD-0C0D1840DBAB}.Ad-Hoc|iPhoneSimulator.ActiveCfg = Release|Any CPU
		{E32F6F1C-FC3F-43CC-B4AD-0C0D1840DBAB}.Ad-Hoc|iPhoneSimulator.Build.0 = Release|Any CPU
		{E32F6F1C-FC3F-43CC-B4AD-0C0D1840DBAB}.Ad-Hoc|iPhoneSimulator.Deploy.0 = Release|Any CPU
		{E32F6F1C-FC3F-43CC-B4AD-0C0D1840DBAB}.Ad-Hoc|x64.ActiveCfg = Release|x64
		{E32F6F1C-FC3F-43CC-B4AD-0C0D1840DBAB}.Ad-Hoc|x64.Build.0 = Release|x64
		{E32F6F1C-FC3F-43CC-B4AD-0C0D1840DBAB}.Ad-Hoc|x64.Deploy.0 = Release|x64
		{E32F6F1C-FC3F-43CC-B4AD-0C0D1840DBAB}.Ad-Hoc|x86.ActiveCfg = Release|x86
		{E32F6F1C-FC3F-43CC-B4AD-0C0D1840DBAB}.Ad-Hoc|x86.Build.0 = Release|x86
		{E32F6F1C-FC3F-43CC-B4AD-0C0D1840DBAB}.Ad-Hoc|x86.Deploy.0 = Release|x86
		{E32F6F1C-FC3F-43CC-B4AD-0C0D1840DBAB}.AppStore|Any CPU.ActiveCfg = Release|Any CPU
		{E32F6F1C-FC3F-43CC-B4AD-0C0D1840DBAB}.AppStore|Any CPU.Build.0 = Release|Any CPU
		{E32F6F1C-FC3F-43CC-B4AD-0C0D1840DBAB}.AppStore|Any CPU.Deploy.0 = Release|Any CPU
		{E32F6F1C-FC3F-43CC-B4AD-0C0D1840DBAB}.AppStore|ARM.ActiveCfg = Release|ARM
		{E32F6F1C-FC3F-43CC-B4AD-0C0D1840DBAB}.AppStore|ARM.Build.0 = Release|ARM
		{E32F6F1C-FC3F-43CC-B4AD-0C0D1840DBAB}.AppStore|ARM.Deploy.0 = Release|ARM
		{E32F6F1C-FC3F-43CC-B4AD-0C0D1840DBAB}.AppStore|iPhone.ActiveCfg = Release|Any CPU
		{E32F6F1C-FC3F-43CC-B4AD-0C0D1840DBAB}.AppStore|iPhone.Build.0 = Release|Any CPU
		{E32F6F1C-FC3F-43CC-B4AD-0C0D1840DBAB}.AppStore|iPhone.Deploy.0 = Release|Any CPU
		{E32F6F1C-FC3F-43CC-B4AD-0C0D1840DBAB}.AppStore|iPhoneSimulator.ActiveCfg = Release|Any CPU
		{E32F6F1C-FC3F-43CC-B4AD-0C0D1840DBAB}.AppStore|iPhoneSimulator.Build.0 = Release|Any CPU
		{E32F6F1C-FC3F-43CC-B4AD-0C0D1840DBAB}.AppStore|iPhoneSimulator.Deploy.0 = Release|Any CPU
		{E32F6F1C-FC3F-43CC-B4AD-0C0D1840DBAB}.AppStore|x64.ActiveCfg = Release|x64
		{E32F6F1C-FC3F-43CC-B4AD-0C0D1840DBAB}.AppStore|x64.Build.0 = Release|x64
		{E32F6F1C-FC3F-43CC-B4AD-0C0D1840DBAB}.AppStore|x64.Deploy.0 = Release|x64
		{E32F6F1C-FC3F-43CC-B4AD-0C0D1840DBAB}.AppStore|x86.ActiveCfg = Release|x86
		{E32F6F1C-FC3F-43CC-B4AD-0C0D1840DBAB}.AppStore|x86.Build.0 = Release|x86
		{E32F6F1C-FC3F-43CC-B4AD-0C0D1840DBAB}.AppStore|x86.Deploy.0 = Release|x86
		{E32F6F1C-FC3F-43CC-B4AD-0C0D1840DBAB}.Debug|Any CPU.ActiveCfg = Debug|Any CPU
		{E32F6F1C-FC3F-43CC-B4AD-0C0D1840DBAB}.Debug|Any CPU.Build.0 = Debug|Any CPU
		{E32F6F1C-FC3F-43CC-B4AD-0C0D1840DBAB}.Debug|Any CPU.Deploy.0 = Debug|Any CPU
		{E32F6F1C-FC3F-43CC-B4AD-0C0D1840DBAB}.Debug|ARM.ActiveCfg = Debug|ARM
		{E32F6F1C-FC3F-43CC-B4AD-0C0D1840DBAB}.Debug|ARM.Build.0 = Debug|ARM
		{E32F6F1C-FC3F-43CC-B4AD-0C0D1840DBAB}.Debug|ARM.Deploy.0 = Debug|ARM
		{E32F6F1C-FC3F-43CC-B4AD-0C0D1840DBAB}.Debug|iPhone.ActiveCfg = Debug|Any CPU
		{E32F6F1C-FC3F-43CC-B4AD-0C0D1840DBAB}.Debug|iPhone.Build.0 = Debug|Any CPU
		{E32F6F1C-FC3F-43CC-B4AD-0C0D1840DBAB}.Debug|iPhone.Deploy.0 = Debug|Any CPU
		{E32F6F1C-FC3F-43CC-B4AD-0C0D1840DBAB}.Debug|iPhoneSimulator.ActiveCfg = Debug|Any CPU
		{E32F6F1C-FC3F-43CC-B4AD-0C0D1840DBAB}.Debug|iPhoneSimulator.Build.0 = Debug|Any CPU
		{E32F6F1C-FC3F-43CC-B4AD-0C0D1840DBAB}.Debug|iPhoneSimulator.Deploy.0 = Debug|Any CPU
		{E32F6F1C-FC3F-43CC-B4AD-0C0D1840DBAB}.Debug|x64.ActiveCfg = Debug|x64
		{E32F6F1C-FC3F-43CC-B4AD-0C0D1840DBAB}.Debug|x64.Build.0 = Debug|x64
		{E32F6F1C-FC3F-43CC-B4AD-0C0D1840DBAB}.Debug|x64.Deploy.0 = Debug|x64
		{E32F6F1C-FC3F-43CC-B4AD-0C0D1840DBAB}.Debug|x86.ActiveCfg = Debug|x86
		{E32F6F1C-FC3F-43CC-B4AD-0C0D1840DBAB}.Debug|x86.Build.0 = Debug|x86
		{E32F6F1C-FC3F-43CC-B4AD-0C0D1840DBAB}.Debug|x86.Deploy.0 = Debug|x86
		{E32F6F1C-FC3F-43CC-B4AD-0C0D1840DBAB}.Release|Any CPU.ActiveCfg = Release|Any CPU
		{E32F6F1C-FC3F-43CC-B4AD-0C0D1840DBAB}.Release|Any CPU.Build.0 = Release|Any CPU
		{E32F6F1C-FC3F-43CC-B4AD-0C0D1840DBAB}.Release|Any CPU.Deploy.0 = Release|Any CPU
		{E32F6F1C-FC3F-43CC-B4AD-0C0D1840DBAB}.Release|ARM.ActiveCfg = Release|ARM
		{E32F6F1C-FC3F-43CC-B4AD-0C0D1840DBAB}.Release|ARM.Build.0 = Release|ARM
		{E32F6F1C-FC3F-43CC-B4AD-0C0D1840DBAB}.Release|ARM.Deploy.0 = Release|ARM
		{E32F6F1C-FC3F-43CC-B4AD-0C0D1840DBAB}.Release|iPhone.ActiveCfg = Release|Any CPU
		{E32F6F1C-FC3F-43CC-B4AD-0C0D1840DBAB}.Release|iPhone.Build.0 = Release|Any CPU
		{E32F6F1C-FC3F-43CC-B4AD-0C0D1840DBAB}.Release|iPhone.Deploy.0 = Release|Any CPU
		{E32F6F1C-FC3F-43CC-B4AD-0C0D1840DBAB}.Release|iPhoneSimulator.ActiveCfg = Release|Any CPU
		{E32F6F1C-FC3F-43CC-B4AD-0C0D1840DBAB}.Release|iPhoneSimulator.Build.0 = Release|Any CPU
		{E32F6F1C-FC3F-43CC-B4AD-0C0D1840DBAB}.Release|iPhoneSimulator.Deploy.0 = Release|Any CPU
		{E32F6F1C-FC3F-43CC-B4AD-0C0D1840DBAB}.Release|x64.ActiveCfg = Release|x64
		{E32F6F1C-FC3F-43CC-B4AD-0C0D1840DBAB}.Release|x64.Build.0 = Release|x64
		{E32F6F1C-FC3F-43CC-B4AD-0C0D1840DBAB}.Release|x64.Deploy.0 = Release|x64
		{E32F6F1C-FC3F-43CC-B4AD-0C0D1840DBAB}.Release|x86.ActiveCfg = Release|x86
		{E32F6F1C-FC3F-43CC-B4AD-0C0D1840DBAB}.Release|x86.Build.0 = Release|x86
		{E32F6F1C-FC3F-43CC-B4AD-0C0D1840DBAB}.Release|x86.Deploy.0 = Release|x86
		{BC9C77C1-7CC8-44ED-8F84-7F82F5B84E1C}.Ad-Hoc|Any CPU.ActiveCfg = Release|Any CPU
		{BC9C77C1-7CC8-44ED-8F84-7F82F5B84E1C}.Ad-Hoc|Any CPU.Build.0 = Release|Any CPU
		{BC9C77C1-7CC8-44ED-8F84-7F82F5B84E1C}.Ad-Hoc|ARM.ActiveCfg = Release|Any CPU
		{BC9C77C1-7CC8-44ED-8F84-7F82F5B84E1C}.Ad-Hoc|ARM.Build.0 = Release|Any CPU
		{BC9C77C1-7CC8-44ED-8F84-7F82F5B84E1C}.Ad-Hoc|iPhone.ActiveCfg = Release|Any CPU
		{BC9C77C1-7CC8-44ED-8F84-7F82F5B84E1C}.Ad-Hoc|iPhone.Build.0 = Release|Any CPU
		{BC9C77C1-7CC8-44ED-8F84-7F82F5B84E1C}.Ad-Hoc|iPhoneSimulator.ActiveCfg = Release|Any CPU
		{BC9C77C1-7CC8-44ED-8F84-7F82F5B84E1C}.Ad-Hoc|iPhoneSimulator.Build.0 = Release|Any CPU
		{BC9C77C1-7CC8-44ED-8F84-7F82F5B84E1C}.Ad-Hoc|x64.ActiveCfg = Release|Any CPU
		{BC9C77C1-7CC8-44ED-8F84-7F82F5B84E1C}.Ad-Hoc|x64.Build.0 = Release|Any CPU
		{BC9C77C1-7CC8-44ED-8F84-7F82F5B84E1C}.Ad-Hoc|x86.ActiveCfg = Release|Any CPU
		{BC9C77C1-7CC8-44ED-8F84-7F82F5B84E1C}.Ad-Hoc|x86.Build.0 = Release|Any CPU
		{BC9C77C1-7CC8-44ED-8F84-7F82F5B84E1C}.AppStore|Any CPU.ActiveCfg = Release|Any CPU
		{BC9C77C1-7CC8-44ED-8F84-7F82F5B84E1C}.AppStore|Any CPU.Build.0 = Release|Any CPU
		{BC9C77C1-7CC8-44ED-8F84-7F82F5B84E1C}.AppStore|ARM.ActiveCfg = Release|Any CPU
		{BC9C77C1-7CC8-44ED-8F84-7F82F5B84E1C}.AppStore|ARM.Build.0 = Release|Any CPU
		{BC9C77C1-7CC8-44ED-8F84-7F82F5B84E1C}.AppStore|iPhone.ActiveCfg = Release|Any CPU
		{BC9C77C1-7CC8-44ED-8F84-7F82F5B84E1C}.AppStore|iPhone.Build.0 = Release|Any CPU
		{BC9C77C1-7CC8-44ED-8F84-7F82F5B84E1C}.AppStore|iPhoneSimulator.ActiveCfg = Release|Any CPU
		{BC9C77C1-7CC8-44ED-8F84-7F82F5B84E1C}.AppStore|iPhoneSimulator.Build.0 = Release|Any CPU
		{BC9C77C1-7CC8-44ED-8F84-7F82F5B84E1C}.AppStore|x64.ActiveCfg = Release|Any CPU
		{BC9C77C1-7CC8-44ED-8F84-7F82F5B84E1C}.AppStore|x64.Build.0 = Release|Any CPU
		{BC9C77C1-7CC8-44ED-8F84-7F82F5B84E1C}.AppStore|x86.ActiveCfg = Release|Any CPU
		{BC9C77C1-7CC8-44ED-8F84-7F82F5B84E1C}.AppStore|x86.Build.0 = Release|Any CPU
		{BC9C77C1-7CC8-44ED-8F84-7F82F5B84E1C}.Debug|Any CPU.ActiveCfg = Debug|Any CPU
		{BC9C77C1-7CC8-44ED-8F84-7F82F5B84E1C}.Debug|Any CPU.Build.0 = Debug|Any CPU
		{BC9C77C1-7CC8-44ED-8F84-7F82F5B84E1C}.Debug|ARM.ActiveCfg = Debug|Any CPU
		{BC9C77C1-7CC8-44ED-8F84-7F82F5B84E1C}.Debug|ARM.Build.0 = Debug|Any CPU
		{BC9C77C1-7CC8-44ED-8F84-7F82F5B84E1C}.Debug|iPhone.ActiveCfg = Debug|Any CPU
		{BC9C77C1-7CC8-44ED-8F84-7F82F5B84E1C}.Debug|iPhone.Build.0 = Debug|Any CPU
		{BC9C77C1-7CC8-44ED-8F84-7F82F5B84E1C}.Debug|iPhoneSimulator.ActiveCfg = Debug|Any CPU
		{BC9C77C1-7CC8-44ED-8F84-7F82F5B84E1C}.Debug|iPhoneSimulator.Build.0 = Debug|Any CPU
		{BC9C77C1-7CC8-44ED-8F84-7F82F5B84E1C}.Debug|x64.ActiveCfg = Debug|Any CPU
		{BC9C77C1-7CC8-44ED-8F84-7F82F5B84E1C}.Debug|x64.Build.0 = Debug|Any CPU
		{BC9C77C1-7CC8-44ED-8F84-7F82F5B84E1C}.Debug|x86.ActiveCfg = Debug|Any CPU
		{BC9C77C1-7CC8-44ED-8F84-7F82F5B84E1C}.Debug|x86.Build.0 = Debug|Any CPU
		{BC9C77C1-7CC8-44ED-8F84-7F82F5B84E1C}.Release|Any CPU.ActiveCfg = Release|Any CPU
		{BC9C77C1-7CC8-44ED-8F84-7F82F5B84E1C}.Release|Any CPU.Build.0 = Release|Any CPU
		{BC9C77C1-7CC8-44ED-8F84-7F82F5B84E1C}.Release|ARM.ActiveCfg = Release|Any CPU
		{BC9C77C1-7CC8-44ED-8F84-7F82F5B84E1C}.Release|ARM.Build.0 = Release|Any CPU
		{BC9C77C1-7CC8-44ED-8F84-7F82F5B84E1C}.Release|iPhone.ActiveCfg = Release|Any CPU
		{BC9C77C1-7CC8-44ED-8F84-7F82F5B84E1C}.Release|iPhone.Build.0 = Release|Any CPU
		{BC9C77C1-7CC8-44ED-8F84-7F82F5B84E1C}.Release|iPhoneSimulator.ActiveCfg = Release|Any CPU
		{BC9C77C1-7CC8-44ED-8F84-7F82F5B84E1C}.Release|iPhoneSimulator.Build.0 = Release|Any CPU
		{BC9C77C1-7CC8-44ED-8F84-7F82F5B84E1C}.Release|x64.ActiveCfg = Release|Any CPU
		{BC9C77C1-7CC8-44ED-8F84-7F82F5B84E1C}.Release|x64.Build.0 = Release|Any CPU
		{BC9C77C1-7CC8-44ED-8F84-7F82F5B84E1C}.Release|x86.ActiveCfg = Release|Any CPU
		{BC9C77C1-7CC8-44ED-8F84-7F82F5B84E1C}.Release|x86.Build.0 = Release|Any CPU
	EndGlobalSection
	GlobalSection(SolutionProperties) = preSolution
		HideSolutionNode = FALSE
	EndGlobalSection
EndGlobal
