
Microsoft Visual Studio Solution File, Format Version 12.00
# Visual Studio 14
VisualStudioVersion = 14.0.25420.1
MinimumVisualStudioVersion = 10.0.40219.1
Project("{FAE04EC0-301F-11D3-BF4B-00C04F79EFBC}") = "ImageDemo.Droid", "ImageDemo\ImageDemo.Droid\ImageDemo.Droid.csproj", "{3A36D46C-458B-4725-8315-C9287855A3B9}"
EndProject
Project("{FAE04EC0-301F-11D3-BF4B-00C04F79EFBC}") = "ImageDemo.iOS", "ImageDemo\ImageDemo.iOS\ImageDemo.iOS.csproj", "{A80A910D-30FC-48E5-A686-8CEF14CEBF03}"
EndProject
Project("{FAE04EC0-301F-11D3-BF4B-00C04F79EFBC}") = "ImageDemo.WinPhone", "ImageDemo\ImageDemo.WinPhone\ImageDemo.WinPhone.csproj", "{7C5441D0-248B-4A3D-998D-1AE16BB8A360}"
EndProject
Project("{FAE04EC0-301F-11D3-BF4B-00C04F79EFBC}") = "ImageDemo.Windows", "ImageDemo\ImageDemo.Windows\ImageDemo.Windows.csproj", "{6C8BF289-0505-4AF6-AA21-BB075F1B4FDC}"
EndProject
Project("{FAE04EC0-301F-11D3-BF4B-00C04F79EFBC}") = "ImageDemo", "ImageDemo\ImageDemo\ImageDemo.csproj", "{470AC6C9-D8CE-4431-B51B-6B70812D2ADA}"
EndProject
Global
	GlobalSection(SolutionConfigurationPlatforms) = preSolution
		Ad-Hoc|Any CPU = Ad-Hoc|Any CPU
		Ad-Hoc|ARM = Ad-Hoc|ARM
		Ad-Hoc|iPhone = Ad-Hoc|iPhone
		Ad-Hoc|iPhoneSimulator = Ad-Hoc|iPhoneSimulator
		Ad-Hoc|x64 = Ad-Hoc|x64
		Ad-Hoc|x86 = Ad-Hoc|x86
		AppStore|Any CPU = AppStore|Any CPU
		AppStore|ARM = AppStore|ARM
		AppStore|iPhone = AppStore|iPhone
		AppStore|iPhoneSimulator = AppStore|iPhoneSimulator
		AppStore|x64 = AppStore|x64
		AppStore|x86 = AppStore|x86
		Debug|Any CPU = Debug|Any CPU
		Debug|ARM = Debug|ARM
		Debug|iPhone = Debug|iPhone
		Debug|iPhoneSimulator = Debug|iPhoneSimulator
		Debug|x64 = Debug|x64
		Debug|x86 = Debug|x86
		Release|Any CPU = Release|Any CPU
		Release|ARM = Release|ARM
		Release|iPhone = Release|iPhone
		Release|iPhoneSimulator = Release|iPhoneSimulator
		Release|x64 = Release|x64
		Release|x86 = Release|x86
	EndGlobalSection
	GlobalSection(ProjectConfigurationPlatforms) = postSolution
		{3A36D46C-458B-4725-8315-C9287855A3B9}.Ad-Hoc|Any CPU.ActiveCfg = Release|Any CPU
		{3A36D46C-458B-4725-8315-C9287855A3B9}.Ad-Hoc|Any CPU.Build.0 = Release|Any CPU
		{3A36D46C-458B-4725-8315-C9287855A3B9}.Ad-Hoc|Any CPU.Deploy.0 = Release|Any CPU
		{3A36D46C-458B-4725-8315-C9287855A3B9}.Ad-Hoc|ARM.ActiveCfg = Release|Any CPU
		{3A36D46C-458B-4725-8315-C9287855A3B9}.Ad-Hoc|ARM.Build.0 = Release|Any CPU
		{3A36D46C-458B-4725-8315-C9287855A3B9}.Ad-Hoc|ARM.Deploy.0 = Release|Any CPU
		{3A36D46C-458B-4725-8315-C9287855A3B9}.Ad-Hoc|iPhone.ActiveCfg = Release|Any CPU
		{3A36D46C-458B-4725-8315-C9287855A3B9}.Ad-Hoc|iPhone.Build.0 = Release|Any CPU
		{3A36D46C-458B-4725-8315-C9287855A3B9}.Ad-Hoc|iPhone.Deploy.0 = Release|Any CPU
		{3A36D46C-458B-4725-8315-C9287855A3B9}.Ad-Hoc|iPhoneSimulator.ActiveCfg = Release|Any CPU
		{3A36D46C-458B-4725-8315-C9287855A3B9}.Ad-Hoc|iPhoneSimulator.Build.0 = Release|Any CPU
		{3A36D46C-458B-4725-8315-C9287855A3B9}.Ad-Hoc|iPhoneSimulator.Deploy.0 = Release|Any CPU
		{3A36D46C-458B-4725-8315-C9287855A3B9}.Ad-Hoc|x64.ActiveCfg = Release|Any CPU
		{3A36D46C-458B-4725-8315-C9287855A3B9}.Ad-Hoc|x64.Build.0 = Release|Any CPU
		{3A36D46C-458B-4725-8315-C9287855A3B9}.Ad-Hoc|x64.Deploy.0 = Release|Any CPU
		{3A36D46C-458B-4725-8315-C9287855A3B9}.Ad-Hoc|x86.ActiveCfg = Release|Any CPU
		{3A36D46C-458B-4725-8315-C9287855A3B9}.Ad-Hoc|x86.Build.0 = Release|Any CPU
		{3A36D46C-458B-4725-8315-C9287855A3B9}.Ad-Hoc|x86.Deploy.0 = Release|Any CPU
		{3A36D46C-458B-4725-8315-C9287855A3B9}.AppStore|Any CPU.ActiveCfg = Release|Any CPU
		{3A36D46C-458B-4725-8315-C9287855A3B9}.AppStore|Any CPU.Build.0 = Release|Any CPU
		{3A36D46C-458B-4725-8315-C9287855A3B9}.AppStore|Any CPU.Deploy.0 = Release|Any CPU
		{3A36D46C-458B-4725-8315-C9287855A3B9}.AppStore|ARM.ActiveCfg = Release|Any CPU
		{3A36D46C-458B-4725-8315-C9287855A3B9}.AppStore|ARM.Build.0 = Release|Any CPU
		{3A36D46C-458B-4725-8315-C9287855A3B9}.AppStore|ARM.Deploy.0 = Release|Any CPU
		{3A36D46C-458B-4725-8315-C9287855A3B9}.AppStore|iPhone.ActiveCfg = Release|Any CPU
		{3A36D46C-458B-4725-8315-C9287855A3B9}.AppStore|iPhone.Build.0 = Release|Any CPU
		{3A36D46C-458B-4725-8315-C9287855A3B9}.AppStore|iPhone.Deploy.0 = Release|Any CPU
		{3A36D46C-458B-4725-8315-C9287855A3B9}.AppStore|iPhoneSimulator.ActiveCfg = Release|Any CPU
		{3A36D46C-458B-4725-8315-C9287855A3B9}.AppStore|iPhoneSimulator.Build.0 = Release|Any CPU
		{3A36D46C-458B-4725-8315-C9287855A3B9}.AppStore|iPhoneSimulator.Deploy.0 = Release|Any CPU
		{3A36D46C-458B-4725-8315-C9287855A3B9}.AppStore|x64.ActiveCfg = Release|Any CPU
		{3A36D46C-458B-4725-8315-C9287855A3B9}.AppStore|x64.Build.0 = Release|Any CPU
		{3A36D46C-458B-4725-8315-C9287855A3B9}.AppStore|x64.Deploy.0 = Release|Any CPU
		{3A36D46C-458B-4725-8315-C9287855A3B9}.AppStore|x86.ActiveCfg = Release|Any CPU
		{3A36D46C-458B-4725-8315-C9287855A3B9}.AppStore|x86.Build.0 = Release|Any CPU
		{3A36D46C-458B-4725-8315-C9287855A3B9}.AppStore|x86.Deploy.0 = Release|Any CPU
		{3A36D46C-458B-4725-8315-C9287855A3B9}.Debug|Any CPU.ActiveCfg = Debug|Any CPU
		{3A36D46C-458B-4725-8315-C9287855A3B9}.Debug|Any CPU.Build.0 = Debug|Any CPU
		{3A36D46C-458B-4725-8315-C9287855A3B9}.Debug|Any CPU.Deploy.0 = Debug|Any CPU
		{3A36D46C-458B-4725-8315-C9287855A3B9}.Debug|ARM.ActiveCfg = Debug|Any CPU
		{3A36D46C-458B-4725-8315-C9287855A3B9}.Debug|ARM.Build.0 = Debug|Any CPU
		{3A36D46C-458B-4725-8315-C9287855A3B9}.Debug|ARM.Deploy.0 = Debug|Any CPU
		{3A36D46C-458B-4725-8315-C9287855A3B9}.Debug|iPhone.ActiveCfg = Debug|Any CPU
		{3A36D46C-458B-4725-8315-C9287855A3B9}.Debug|iPhone.Build.0 = Debug|Any CPU
		{3A36D46C-458B-4725-8315-C9287855A3B9}.Debug|iPhone.Deploy.0 = Debug|Any CPU
		{3A36D46C-458B-4725-8315-C9287855A3B9}.Debug|iPhoneSimulator.ActiveCfg = Debug|Any CPU
		{3A36D46C-458B-4725-8315-C9287855A3B9}.Debug|iPhoneSimulator.Build.0 = Debug|Any CPU
		{3A36D46C-458B-4725-8315-C9287855A3B9}.Debug|iPhoneSimulator.Deploy.0 = Debug|Any CPU
		{3A36D46C-458B-4725-8315-C9287855A3B9}.Debug|x64.ActiveCfg = Debug|Any CPU
		{3A36D46C-458B-4725-8315-C9287855A3B9}.Debug|x64.Build.0 = Debug|Any CPU
		{3A36D46C-458B-4725-8315-C9287855A3B9}.Debug|x64.Deploy.0 = Debug|Any CPU
		{3A36D46C-458B-4725-8315-C9287855A3B9}.Debug|x86.ActiveCfg = Debug|Any CPU
		{3A36D46C-458B-4725-8315-C9287855A3B9}.Debug|x86.Build.0 = Debug|Any CPU
		{3A36D46C-458B-4725-8315-C9287855A3B9}.Debug|x86.Deploy.0 = Debug|Any CPU
		{3A36D46C-458B-4725-8315-C9287855A3B9}.Release|Any CPU.ActiveCfg = Release|Any CPU
		{3A36D46C-458B-4725-8315-C9287855A3B9}.Release|Any CPU.Build.0 = Release|Any CPU
		{3A36D46C-458B-4725-8315-C9287855A3B9}.Release|Any CPU.Deploy.0 = Release|Any CPU
		{3A36D46C-458B-4725-8315-C9287855A3B9}.Release|ARM.ActiveCfg = Release|Any CPU
		{3A36D46C-458B-4725-8315-C9287855A3B9}.Release|ARM.Build.0 = Release|Any CPU
		{3A36D46C-458B-4725-8315-C9287855A3B9}.Release|ARM.Deploy.0 = Release|Any CPU
		{3A36D46C-458B-4725-8315-C9287855A3B9}.Release|iPhone.ActiveCfg = Release|Any CPU
		{3A36D46C-458B-4725-8315-C9287855A3B9}.Release|iPhone.Build.0 = Release|Any CPU
		{3A36D46C-458B-4725-8315-C9287855A3B9}.Release|iPhone.Deploy.0 = Release|Any CPU
		{3A36D46C-458B-4725-8315-C9287855A3B9}.Release|iPhoneSimulator.ActiveCfg = Release|Any CPU
		{3A36D46C-458B-4725-8315-C9287855A3B9}.Release|iPhoneSimulator.Build.0 = Release|Any CPU
		{3A36D46C-458B-4725-8315-C9287855A3B9}.Release|iPhoneSimulator.Deploy.0 = Release|Any CPU
		{3A36D46C-458B-4725-8315-C9287855A3B9}.Release|x64.ActiveCfg = Release|Any CPU
		{3A36D46C-458B-4725-8315-C9287855A3B9}.Release|x64.Build.0 = Release|Any CPU
		{3A36D46C-458B-4725-8315-C9287855A3B9}.Release|x64.Deploy.0 = Release|Any CPU
		{3A36D46C-458B-4725-8315-C9287855A3B9}.Release|x86.ActiveCfg = Release|Any CPU
		{3A36D46C-458B-4725-8315-C9287855A3B9}.Release|x86.Build.0 = Release|Any CPU
		{3A36D46C-458B-4725-8315-C9287855A3B9}.Release|x86.Deploy.0 = Release|Any CPU
		{A80A910D-30FC-48E5-A686-8CEF14CEBF03}.Ad-Hoc|Any CPU.ActiveCfg = Ad-Hoc|iPhone
		{A80A910D-30FC-48E5-A686-8CEF14CEBF03}.Ad-Hoc|ARM.ActiveCfg = Ad-Hoc|iPhone
		{A80A910D-30FC-48E5-A686-8CEF14CEBF03}.Ad-Hoc|iPhone.ActiveCfg = Ad-Hoc|iPhone
		{A80A910D-30FC-48E5-A686-8CEF14CEBF03}.Ad-Hoc|iPhone.Build.0 = Ad-Hoc|iPhone
		{A80A910D-30FC-48E5-A686-8CEF14CEBF03}.Ad-Hoc|iPhoneSimulator.ActiveCfg = Ad-Hoc|iPhoneSimulator
		{A80A910D-30FC-48E5-A686-8CEF14CEBF03}.Ad-Hoc|iPhoneSimulator.Build.0 = Ad-Hoc|iPhoneSimulator
		{A80A910D-30FC-48E5-A686-8CEF14CEBF03}.Ad-Hoc|x64.ActiveCfg = Ad-Hoc|iPhone
		{A80A910D-30FC-48E5-A686-8CEF14CEBF03}.Ad-Hoc|x86.ActiveCfg = Ad-Hoc|iPhone
		{A80A910D-30FC-48E5-A686-8CEF14CEBF03}.AppStore|Any CPU.ActiveCfg = AppStore|iPhone
		{A80A910D-30FC-48E5-A686-8CEF14CEBF03}.AppStore|ARM.ActiveCfg = AppStore|iPhone
		{A80A910D-30FC-48E5-A686-8CEF14CEBF03}.AppStore|iPhone.ActiveCfg = AppStore|iPhone
		{A80A910D-30FC-48E5-A686-8CEF14CEBF03}.AppStore|iPhone.Build.0 = AppStore|iPhone
		{A80A910D-30FC-48E5-A686-8CEF14CEBF03}.AppStore|iPhoneSimulator.ActiveCfg = AppStore|iPhoneSimulator
		{A80A910D-30FC-48E5-A686-8CEF14CEBF03}.AppStore|iPhoneSimulator.Build.0 = AppStore|iPhoneSimulator
		{A80A910D-30FC-48E5-A686-8CEF14CEBF03}.AppStore|x64.ActiveCfg = AppStore|iPhone
		{A80A910D-30FC-48E5-A686-8CEF14CEBF03}.AppStore|x86.ActiveCfg = AppStore|iPhone
		{A80A910D-30FC-48E5-A686-8CEF14CEBF03}.Debug|Any CPU.ActiveCfg = Debug|iPhone
		{A80A910D-30FC-48E5-A686-8CEF14CEBF03}.Debug|ARM.ActiveCfg = Debug|iPhone
		{A80A910D-30FC-48E5-A686-8CEF14CEBF03}.Debug|iPhone.ActiveCfg = Debug|iPhone
		{A80A910D-30FC-48E5-A686-8CEF14CEBF03}.Debug|iPhone.Build.0 = Debug|iPhone
		{A80A910D-30FC-48E5-A686-8CEF14CEBF03}.Debug|iPhoneSimulator.ActiveCfg = Debug|iPhoneSimulator
		{A80A910D-30FC-48E5-A686-8CEF14CEBF03}.Debug|iPhoneSimulator.Build.0 = Debug|iPhoneSimulator
		{A80A910D-30FC-48E5-A686-8CEF14CEBF03}.Debug|x64.ActiveCfg = Debug|iPhone
		{A80A910D-30FC-48E5-A686-8CEF14CEBF03}.Debug|x86.ActiveCfg = Debug|iPhone
		{A80A910D-30FC-48E5-A686-8CEF14CEBF03}.Release|Any CPU.ActiveCfg = Release|iPhone
		{A80A910D-30FC-48E5-A686-8CEF14CEBF03}.Release|ARM.ActiveCfg = Release|iPhone
		{A80A910D-30FC-48E5-A686-8CEF14CEBF03}.Release|iPhone.ActiveCfg = Release|iPhone
		{A80A910D-30FC-48E5-A686-8CEF14CEBF03}.Release|iPhone.Build.0 = Release|iPhone
		{A80A910D-30FC-48E5-A686-8CEF14CEBF03}.Release|iPhoneSimulator.ActiveCfg = Release|iPhoneSimulator
		{A80A910D-30FC-48E5-A686-8CEF14CEBF03}.Release|iPhoneSimulator.Build.0 = Release|iPhoneSimulator
		{A80A910D-30FC-48E5-A686-8CEF14CEBF03}.Release|x64.ActiveCfg = Release|iPhone
		{A80A910D-30FC-48E5-A686-8CEF14CEBF03}.Release|x86.ActiveCfg = Release|iPhone
		{7C5441D0-248B-4A3D-998D-1AE16BB8A360}.Ad-Hoc|Any CPU.ActiveCfg = Release|Any CPU
		{7C5441D0-248B-4A3D-998D-1AE16BB8A360}.Ad-Hoc|Any CPU.Build.0 = Release|Any CPU
		{7C5441D0-248B-4A3D-998D-1AE16BB8A360}.Ad-Hoc|Any CPU.Deploy.0 = Release|Any CPU
		{7C5441D0-248B-4A3D-998D-1AE16BB8A360}.Ad-Hoc|ARM.ActiveCfg = Release|ARM
		{7C5441D0-248B-4A3D-998D-1AE16BB8A360}.Ad-Hoc|ARM.Build.0 = Release|ARM
		{7C5441D0-248B-4A3D-998D-1AE16BB8A360}.Ad-Hoc|ARM.Deploy.0 = Release|ARM
		{7C5441D0-248B-4A3D-998D-1AE16BB8A360}.Ad-Hoc|iPhone.ActiveCfg = Release|Any CPU
		{7C5441D0-248B-4A3D-998D-1AE16BB8A360}.Ad-Hoc|iPhone.Build.0 = Release|Any CPU
		{7C5441D0-248B-4A3D-998D-1AE16BB8A360}.Ad-Hoc|iPhone.Deploy.0 = Release|Any CPU
		{7C5441D0-248B-4A3D-998D-1AE16BB8A360}.Ad-Hoc|iPhoneSimulator.ActiveCfg = Release|Any CPU
		{7C5441D0-248B-4A3D-998D-1AE16BB8A360}.Ad-Hoc|iPhoneSimulator.Build.0 = Release|Any CPU
		{7C5441D0-248B-4A3D-998D-1AE16BB8A360}.Ad-Hoc|iPhoneSimulator.Deploy.0 = Release|Any CPU
		{7C5441D0-248B-4A3D-998D-1AE16BB8A360}.Ad-Hoc|x64.ActiveCfg = Release|Any CPU
		{7C5441D0-248B-4A3D-998D-1AE16BB8A360}.Ad-Hoc|x64.Build.0 = Release|Any CPU
		{7C5441D0-248B-4A3D-998D-1AE16BB8A360}.Ad-Hoc|x64.Deploy.0 = Release|Any CPU
		{7C5441D0-248B-4A3D-998D-1AE16BB8A360}.Ad-Hoc|x86.ActiveCfg = Release|x86
		{7C5441D0-248B-4A3D-998D-1AE16BB8A360}.Ad-Hoc|x86.Build.0 = Release|x86
		{7C5441D0-248B-4A3D-998D-1AE16BB8A360}.Ad-Hoc|x86.Deploy.0 = Release|x86
		{7C5441D0-248B-4A3D-998D-1AE16BB8A360}.AppStore|Any CPU.ActiveCfg = Release|Any CPU
		{7C5441D0-248B-4A3D-998D-1AE16BB8A360}.AppStore|Any CPU.Build.0 = Release|Any CPU
		{7C5441D0-248B-4A3D-998D-1AE16BB8A360}.AppStore|Any CPU.Deploy.0 = Release|Any CPU
		{7C5441D0-248B-4A3D-998D-1AE16BB8A360}.AppStore|ARM.ActiveCfg = Release|ARM
		{7C5441D0-248B-4A3D-998D-1AE16BB8A360}.AppStore|ARM.Build.0 = Release|ARM
		{7C5441D0-248B-4A3D-998D-1AE16BB8A360}.AppStore|ARM.Deploy.0 = Release|ARM
		{7C5441D0-248B-4A3D-998D-1AE16BB8A360}.AppStore|iPhone.ActiveCfg = Release|Any CPU
		{7C5441D0-248B-4A3D-998D-1AE16BB8A360}.AppStore|iPhone.Build.0 = Release|Any CPU
		{7C5441D0-248B-4A3D-998D-1AE16BB8A360}.AppStore|iPhone.Deploy.0 = Release|Any CPU
		{7C5441D0-248B-4A3D-998D-1AE16BB8A360}.AppStore|iPhoneSimulator.ActiveCfg = Release|Any CPU
		{7C5441D0-248B-4A3D-998D-1AE16BB8A360}.AppStore|iPhoneSimulator.Build.0 = Release|Any CPU
		{7C5441D0-248B-4A3D-998D-1AE16BB8A360}.AppStore|iPhoneSimulator.Deploy.0 = Release|Any CPU
		{7C5441D0-248B-4A3D-998D-1AE16BB8A360}.AppStore|x64.ActiveCfg = Release|Any CPU
		{7C5441D0-248B-4A3D-998D-1AE16BB8A360}.AppStore|x64.Build.0 = Release|Any CPU
		{7C5441D0-248B-4A3D-998D-1AE16BB8A360}.AppStore|x64.Deploy.0 = Release|Any CPU
		{7C5441D0-248B-4A3D-998D-1AE16BB8A360}.AppStore|x86.ActiveCfg = Release|x86
		{7C5441D0-248B-4A3D-998D-1AE16BB8A360}.AppStore|x86.Build.0 = Release|x86
		{7C5441D0-248B-4A3D-998D-1AE16BB8A360}.AppStore|x86.Deploy.0 = Release|x86
		{7C5441D0-248B-4A3D-998D-1AE16BB8A360}.Debug|Any CPU.ActiveCfg = Debug|Any CPU
		{7C5441D0-248B-4A3D-998D-1AE16BB8A360}.Debug|Any CPU.Build.0 = Debug|Any CPU
		{7C5441D0-248B-4A3D-998D-1AE16BB8A360}.Debug|Any CPU.Deploy.0 = Debug|Any CPU
		{7C5441D0-248B-4A3D-998D-1AE16BB8A360}.Debug|ARM.ActiveCfg = Debug|ARM
		{7C5441D0-248B-4A3D-998D-1AE16BB8A360}.Debug|ARM.Build.0 = Debug|ARM
		{7C5441D0-248B-4A3D-998D-1AE16BB8A360}.Debug|ARM.Deploy.0 = Debug|ARM
		{7C5441D0-248B-4A3D-998D-1AE16BB8A360}.Debug|iPhone.ActiveCfg = Debug|Any CPU
		{7C5441D0-248B-4A3D-998D-1AE16BB8A360}.Debug|iPhone.Build.0 = Debug|Any CPU
		{7C5441D0-248B-4A3D-998D-1AE16BB8A360}.Debug|iPhone.Deploy.0 = Debug|Any CPU
		{7C5441D0-248B-4A3D-998D-1AE16BB8A360}.Debug|iPhoneSimulator.ActiveCfg = Debug|Any CPU
		{7C5441D0-248B-4A3D-998D-1AE16BB8A360}.Debug|iPhoneSimulator.Build.0 = Debug|Any CPU
		{7C5441D0-248B-4A3D-998D-1AE16BB8A360}.Debug|iPhoneSimulator.Deploy.0 = Debug|Any CPU
		{7C5441D0-248B-4A3D-998D-1AE16BB8A360}.Debug|x64.ActiveCfg = Debug|Any CPU
		{7C5441D0-248B-4A3D-998D-1AE16BB8A360}.Debug|x64.Build.0 = Debug|Any CPU
		{7C5441D0-248B-4A3D-998D-1AE16BB8A360}.Debug|x64.Deploy.0 = Debug|Any CPU
		{7C5441D0-248B-4A3D-998D-1AE16BB8A360}.Debug|x86.ActiveCfg = Debug|x86
		{7C5441D0-248B-4A3D-998D-1AE16BB8A360}.Debug|x86.Build.0 = Debug|x86
		{7C5441D0-248B-4A3D-998D-1AE16BB8A360}.Debug|x86.Deploy.0 = Debug|x86
		{7C5441D0-248B-4A3D-998D-1AE16BB8A360}.Release|Any CPU.ActiveCfg = Release|Any CPU
		{7C5441D0-248B-4A3D-998D-1AE16BB8A360}.Release|Any CPU.Build.0 = Release|Any CPU
		{7C5441D0-248B-4A3D-998D-1AE16BB8A360}.Release|Any CPU.Deploy.0 = Release|Any CPU
		{7C5441D0-248B-4A3D-998D-1AE16BB8A360}.Release|ARM.ActiveCfg = Release|ARM
		{7C5441D0-248B-4A3D-998D-1AE16BB8A360}.Release|ARM.Build.0 = Release|ARM
		{7C5441D0-248B-4A3D-998D-1AE16BB8A360}.Release|ARM.Deploy.0 = Release|ARM
		{7C5441D0-248B-4A3D-998D-1AE16BB8A360}.Release|iPhone.ActiveCfg = Release|Any CPU
		{7C5441D0-248B-4A3D-998D-1AE16BB8A360}.Release|iPhone.Build.0 = Release|Any CPU
		{7C5441D0-248B-4A3D-998D-1AE16BB8A360}.Release|iPhone.Deploy.0 = Release|Any CPU
		{7C5441D0-248B-4A3D-998D-1AE16BB8A360}.Release|iPhoneSimulator.ActiveCfg = Release|Any CPU
		{7C5441D0-248B-4A3D-998D-1AE16BB8A360}.Release|iPhoneSimulator.Build.0 = Release|Any CPU
		{7C5441D0-248B-4A3D-998D-1AE16BB8A360}.Release|iPhoneSimulator.Deploy.0 = Release|Any CPU
		{7C5441D0-248B-4A3D-998D-1AE16BB8A360}.Release|x64.ActiveCfg = Release|Any CPU
		{7C5441D0-248B-4A3D-998D-1AE16BB8A360}.Release|x64.Build.0 = Release|Any CPU
		{7C5441D0-248B-4A3D-998D-1AE16BB8A360}.Release|x64.Deploy.0 = Release|Any CPU
		{7C5441D0-248B-4A3D-998D-1AE16BB8A360}.Release|x86.ActiveCfg = Release|x86
		{7C5441D0-248B-4A3D-998D-1AE16BB8A360}.Release|x86.Build.0 = Release|x86
		{7C5441D0-248B-4A3D-998D-1AE16BB8A360}.Release|x86.Deploy.0 = Release|x86
		{6C8BF289-0505-4AF6-AA21-BB075F1B4FDC}.Ad-Hoc|Any CPU.ActiveCfg = Release|Any CPU
		{6C8BF289-0505-4AF6-AA21-BB075F1B4FDC}.Ad-Hoc|Any CPU.Build.0 = Release|Any CPU
		{6C8BF289-0505-4AF6-AA21-BB075F1B4FDC}.Ad-Hoc|Any CPU.Deploy.0 = Release|Any CPU
		{6C8BF289-0505-4AF6-AA21-BB075F1B4FDC}.Ad-Hoc|ARM.ActiveCfg = Release|ARM
		{6C8BF289-0505-4AF6-AA21-BB075F1B4FDC}.Ad-Hoc|ARM.Build.0 = Release|ARM
		{6C8BF289-0505-4AF6-AA21-BB075F1B4FDC}.Ad-Hoc|ARM.Deploy.0 = Release|ARM
		{6C8BF289-0505-4AF6-AA21-BB075F1B4FDC}.Ad-Hoc|iPhone.ActiveCfg = Release|Any CPU
		{6C8BF289-0505-4AF6-AA21-BB075F1B4FDC}.Ad-Hoc|iPhone.Build.0 = Release|Any CPU
		{6C8BF289-0505-4AF6-AA21-BB075F1B4FDC}.Ad-Hoc|iPhone.Deploy.0 = Release|Any CPU
		{6C8BF289-0505-4AF6-AA21-BB075F1B4FDC}.Ad-Hoc|iPhoneSimulator.ActiveCfg = Release|Any CPU
		{6C8BF289-0505-4AF6-AA21-BB075F1B4FDC}.Ad-Hoc|iPhoneSimulator.Build.0 = Release|Any CPU
		{6C8BF289-0505-4AF6-AA21-BB075F1B4FDC}.Ad-Hoc|iPhoneSimulator.Deploy.0 = Release|Any CPU
		{6C8BF289-0505-4AF6-AA21-BB075F1B4FDC}.Ad-Hoc|x64.ActiveCfg = Release|x64
		{6C8BF289-0505-4AF6-AA21-BB075F1B4FDC}.Ad-Hoc|x64.Build.0 = Release|x64
		{6C8BF289-0505-4AF6-AA21-BB075F1B4FDC}.Ad-Hoc|x64.Deploy.0 = Release|x64
		{6C8BF289-0505-4AF6-AA21-BB075F1B4FDC}.Ad-Hoc|x86.ActiveCfg = Release|x86
		{6C8BF289-0505-4AF6-AA21-BB075F1B4FDC}.Ad-Hoc|x86.Build.0 = Release|x86
		{6C8BF289-0505-4AF6-AA21-BB075F1B4FDC}.Ad-Hoc|x86.Deploy.0 = Release|x86
		{6C8BF289-0505-4AF6-AA21-BB075F1B4FDC}.AppStore|Any CPU.ActiveCfg = Release|Any CPU
		{6C8BF289-0505-4AF6-AA21-BB075F1B4FDC}.AppStore|Any CPU.Build.0 = Release|Any CPU
		{6C8BF289-0505-4AF6-AA21-BB075F1B4FDC}.AppStore|Any CPU.Deploy.0 = Release|Any CPU
		{6C8BF289-0505-4AF6-AA21-BB075F1B4FDC}.AppStore|ARM.ActiveCfg = Release|ARM
		{6C8BF289-0505-4AF6-AA21-BB075F1B4FDC}.AppStore|ARM.Build.0 = Release|ARM
		{6C8BF289-0505-4AF6-AA21-BB075F1B4FDC}.AppStore|ARM.Deploy.0 = Release|ARM
		{6C8BF289-0505-4AF6-AA21-BB075F1B4FDC}.AppStore|iPhone.ActiveCfg = Release|Any CPU
		{6C8BF289-0505-4AF6-AA21-BB075F1B4FDC}.AppStore|iPhone.Build.0 = Release|Any CPU
		{6C8BF289-0505-4AF6-AA21-BB075F1B4FDC}.AppStore|iPhone.Deploy.0 = Release|Any CPU
		{6C8BF289-0505-4AF6-AA21-BB075F1B4FDC}.AppStore|iPhoneSimulator.ActiveCfg = Release|Any CPU
		{6C8BF289-0505-4AF6-AA21-BB075F1B4FDC}.AppStore|iPhoneSimulator.Build.0 = Release|Any CPU
		{6C8BF289-0505-4AF6-AA21-BB075F1B4FDC}.AppStore|iPhoneSimulator.Deploy.0 = Release|Any CPU
		{6C8BF289-0505-4AF6-AA21-BB075F1B4FDC}.AppStore|x64.ActiveCfg = Release|x64
		{6C8BF289-0505-4AF6-AA21-BB075F1B4FDC}.AppStore|x64.Build.0 = Release|x64
		{6C8BF289-0505-4AF6-AA21-BB075F1B4FDC}.AppStore|x64.Deploy.0 = Release|x64
		{6C8BF289-0505-4AF6-AA21-BB075F1B4FDC}.AppStore|x86.ActiveCfg = Release|x86
		{6C8BF289-0505-4AF6-AA21-BB075F1B4FDC}.AppStore|x86.Build.0 = Release|x86
		{6C8BF289-0505-4AF6-AA21-BB075F1B4FDC}.AppStore|x86.Deploy.0 = Release|x86
		{6C8BF289-0505-4AF6-AA21-BB075F1B4FDC}.Debug|Any CPU.ActiveCfg = Debug|Any CPU
		{6C8BF289-0505-4AF6-AA21-BB075F1B4FDC}.Debug|Any CPU.Build.0 = Debug|Any CPU
		{6C8BF289-0505-4AF6-AA21-BB075F1B4FDC}.Debug|Any CPU.Deploy.0 = Debug|Any CPU
		{6C8BF289-0505-4AF6-AA21-BB075F1B4FDC}.Debug|ARM.ActiveCfg = Debug|ARM
		{6C8BF289-0505-4AF6-AA21-BB075F1B4FDC}.Debug|ARM.Build.0 = Debug|ARM
		{6C8BF289-0505-4AF6-AA21-BB075F1B4FDC}.Debug|ARM.Deploy.0 = Debug|ARM
		{6C8BF289-0505-4AF6-AA21-BB075F1B4FDC}.Debug|iPhone.ActiveCfg = Debug|Any CPU
		{6C8BF289-0505-4AF6-AA21-BB075F1B4FDC}.Debug|iPhone.Build.0 = Debug|Any CPU
		{6C8BF289-0505-4AF6-AA21-BB075F1B4FDC}.Debug|iPhone.Deploy.0 = Debug|Any CPU
		{6C8BF289-0505-4AF6-AA21-BB075F1B4FDC}.Debug|iPhoneSimulator.ActiveCfg = Debug|Any CPU
		{6C8BF289-0505-4AF6-AA21-BB075F1B4FDC}.Debug|iPhoneSimulator.Build.0 = Debug|Any CPU
		{6C8BF289-0505-4AF6-AA21-BB075F1B4FDC}.Debug|iPhoneSimulator.Deploy.0 = Debug|Any CPU
		{6C8BF289-0505-4AF6-AA21-BB075F1B4FDC}.Debug|x64.ActiveCfg = Debug|x64
		{6C8BF289-0505-4AF6-AA21-BB075F1B4FDC}.Debug|x64.Build.0 = Debug|x64
		{6C8BF289-0505-4AF6-AA21-BB075F1B4FDC}.Debug|x64.Deploy.0 = Debug|x64
		{6C8BF289-0505-4AF6-AA21-BB075F1B4FDC}.Debug|x86.ActiveCfg = Debug|x86
		{6C8BF289-0505-4AF6-AA21-BB075F1B4FDC}.Debug|x86.Build.0 = Debug|x86
		{6C8BF289-0505-4AF6-AA21-BB075F1B4FDC}.Debug|x86.Deploy.0 = Debug|x86
		{6C8BF289-0505-4AF6-AA21-BB075F1B4FDC}.Release|Any CPU.ActiveCfg = Release|Any CPU
		{6C8BF289-0505-4AF6-AA21-BB075F1B4FDC}.Release|Any CPU.Build.0 = Release|Any CPU
		{6C8BF289-0505-4AF6-AA21-BB075F1B4FDC}.Release|Any CPU.Deploy.0 = Release|Any CPU
		{6C8BF289-0505-4AF6-AA21-BB075F1B4FDC}.Release|ARM.ActiveCfg = Release|ARM
		{6C8BF289-0505-4AF6-AA21-BB075F1B4FDC}.Release|ARM.Build.0 = Release|ARM
		{6C8BF289-0505-4AF6-AA21-BB075F1B4FDC}.Release|ARM.Deploy.0 = Release|ARM
		{6C8BF289-0505-4AF6-AA21-BB075F1B4FDC}.Release|iPhone.ActiveCfg = Release|Any CPU
		{6C8BF289-0505-4AF6-AA21-BB075F1B4FDC}.Release|iPhone.Build.0 = Release|Any CPU
		{6C8BF289-0505-4AF6-AA21-BB075F1B4FDC}.Release|iPhone.Deploy.0 = Release|Any CPU
		{6C8BF289-0505-4AF6-AA21-BB075F1B4FDC}.Release|iPhoneSimulator.ActiveCfg = Release|Any CPU
		{6C8BF289-0505-4AF6-AA21-BB075F1B4FDC}.Release|iPhoneSimulator.Build.0 = Release|Any CPU
		{6C8BF289-0505-4AF6-AA21-BB075F1B4FDC}.Release|iPhoneSimulator.Deploy.0 = Release|Any CPU
		{6C8BF289-0505-4AF6-AA21-BB075F1B4FDC}.Release|x64.ActiveCfg = Release|x64
		{6C8BF289-0505-4AF6-AA21-BB075F1B4FDC}.Release|x64.Build.0 = Release|x64
		{6C8BF289-0505-4AF6-AA21-BB075F1B4FDC}.Release|x64.Deploy.0 = Release|x64
		{6C8BF289-0505-4AF6-AA21-BB075F1B4FDC}.Release|x86.ActiveCfg = Release|x86
		{6C8BF289-0505-4AF6-AA21-BB075F1B4FDC}.Release|x86.Build.0 = Release|x86
		{6C8BF289-0505-4AF6-AA21-BB075F1B4FDC}.Release|x86.Deploy.0 = Release|x86
		{470AC6C9-D8CE-4431-B51B-6B70812D2ADA}.Ad-Hoc|Any CPU.ActiveCfg = Release|Any CPU
		{470AC6C9-D8CE-4431-B51B-6B70812D2ADA}.Ad-Hoc|Any CPU.Build.0 = Release|Any CPU
		{470AC6C9-D8CE-4431-B51B-6B70812D2ADA}.Ad-Hoc|ARM.ActiveCfg = Release|Any CPU
		{470AC6C9-D8CE-4431-B51B-6B70812D2ADA}.Ad-Hoc|ARM.Build.0 = Release|Any CPU
		{470AC6C9-D8CE-4431-B51B-6B70812D2ADA}.Ad-Hoc|iPhone.ActiveCfg = Release|Any CPU
		{470AC6C9-D8CE-4431-B51B-6B70812D2ADA}.Ad-Hoc|iPhone.Build.0 = Release|Any CPU
		{470AC6C9-D8CE-4431-B51B-6B70812D2ADA}.Ad-Hoc|iPhoneSimulator.ActiveCfg = Release|Any CPU
		{470AC6C9-D8CE-4431-B51B-6B70812D2ADA}.Ad-Hoc|iPhoneSimulator.Build.0 = Release|Any CPU
		{470AC6C9-D8CE-4431-B51B-6B70812D2ADA}.Ad-Hoc|x64.ActiveCfg = Release|Any CPU
		{470AC6C9-D8CE-4431-B51B-6B70812D2ADA}.Ad-Hoc|x64.Build.0 = Release|Any CPU
		{470AC6C9-D8CE-4431-B51B-6B70812D2ADA}.Ad-Hoc|x86.ActiveCfg = Release|Any CPU
		{470AC6C9-D8CE-4431-B51B-6B70812D2ADA}.Ad-Hoc|x86.Build.0 = Release|Any CPU
		{470AC6C9-D8CE-4431-B51B-6B70812D2ADA}.AppStore|Any CPU.ActiveCfg = Release|Any CPU
		{470AC6C9-D8CE-4431-B51B-6B70812D2ADA}.AppStore|Any CPU.Build.0 = Release|Any CPU
		{470AC6C9-D8CE-4431-B51B-6B70812D2ADA}.AppStore|ARM.ActiveCfg = Release|Any CPU
		{470AC6C9-D8CE-4431-B51B-6B70812D2ADA}.AppStore|ARM.Build.0 = Release|Any CPU
		{470AC6C9-D8CE-4431-B51B-6B70812D2ADA}.AppStore|iPhone.ActiveCfg = Release|Any CPU
		{470AC6C9-D8CE-4431-B51B-6B70812D2ADA}.AppStore|iPhone.Build.0 = Release|Any CPU
		{470AC6C9-D8CE-4431-B51B-6B70812D2ADA}.AppStore|iPhoneSimulator.ActiveCfg = Release|Any CPU
		{470AC6C9-D8CE-4431-B51B-6B70812D2ADA}.AppStore|iPhoneSimulator.Build.0 = Release|Any CPU
		{470AC6C9-D8CE-4431-B51B-6B70812D2ADA}.AppStore|x64.ActiveCfg = Release|Any CPU
		{470AC6C9-D8CE-4431-B51B-6B70812D2ADA}.AppStore|x64.Build.0 = Release|Any CPU
		{470AC6C9-D8CE-4431-B51B-6B70812D2ADA}.AppStore|x86.ActiveCfg = Release|Any CPU
		{470AC6C9-D8CE-4431-B51B-6B70812D2ADA}.AppStore|x86.Build.0 = Release|Any CPU
		{470AC6C9-D8CE-4431-B51B-6B70812D2ADA}.Debug|Any CPU.ActiveCfg = Debug|Any CPU
		{470AC6C9-D8CE-4431-B51B-6B70812D2ADA}.Debug|Any CPU.Build.0 = Debug|Any CPU
		{470AC6C9-D8CE-4431-B51B-6B70812D2ADA}.Debug|ARM.ActiveCfg = Debug|Any CPU
		{470AC6C9-D8CE-4431-B51B-6B70812D2ADA}.Debug|ARM.Build.0 = Debug|Any CPU
		{470AC6C9-D8CE-4431-B51B-6B70812D2ADA}.Debug|iPhone.ActiveCfg = Debug|Any CPU
		{470AC6C9-D8CE-4431-B51B-6B70812D2ADA}.Debug|iPhone.Build.0 = Debug|Any CPU
		{470AC6C9-D8CE-4431-B51B-6B70812D2ADA}.Debug|iPhoneSimulator.ActiveCfg = Debug|Any CPU
		{470AC6C9-D8CE-4431-B51B-6B70812D2ADA}.Debug|iPhoneSimulator.Build.0 = Debug|Any CPU
		{470AC6C9-D8CE-4431-B51B-6B70812D2ADA}.Debug|x64.ActiveCfg = Debug|Any CPU
		{470AC6C9-D8CE-4431-B51B-6B70812D2ADA}.Debug|x64.Build.0 = Debug|Any CPU
		{470AC6C9-D8CE-4431-B51B-6B70812D2ADA}.Debug|x86.ActiveCfg = Debug|Any CPU
		{470AC6C9-D8CE-4431-B51B-6B70812D2ADA}.Debug|x86.Build.0 = Debug|Any CPU
		{470AC6C9-D8CE-4431-B51B-6B70812D2ADA}.Release|Any CPU.ActiveCfg = Release|Any CPU
		{470AC6C9-D8CE-4431-B51B-6B70812D2ADA}.Release|Any CPU.Build.0 = Release|Any CPU
		{470AC6C9-D8CE-4431-B51B-6B70812D2ADA}.Release|ARM.ActiveCfg = Release|Any CPU
		{470AC6C9-D8CE-4431-B51B-6B70812D2ADA}.Release|ARM.Build.0 = Release|Any CPU
		{470AC6C9-D8CE-4431-B51B-6B70812D2ADA}.Release|iPhone.ActiveCfg = Release|Any CPU
		{470AC6C9-D8CE-4431-B51B-6B70812D2ADA}.Release|iPhone.Build.0 = Release|Any CPU
		{470AC6C9-D8CE-4431-B51B-6B70812D2ADA}.Release|iPhoneSimulator.ActiveCfg = Release|Any CPU
		{470AC6C9-D8CE-4431-B51B-6B70812D2ADA}.Release|iPhoneSimulator.Build.0 = Release|Any CPU
		{470AC6C9-D8CE-4431-B51B-6B70812D2ADA}.Release|x64.ActiveCfg = Release|Any CPU
		{470AC6C9-D8CE-4431-B51B-6B70812D2ADA}.Release|x64.Build.0 = Release|Any CPU
		{470AC6C9-D8CE-4431-B51B-6B70812D2ADA}.Release|x86.ActiveCfg = Release|Any CPU
		{470AC6C9-D8CE-4431-B51B-6B70812D2ADA}.Release|x86.Build.0 = Release|Any CPU
	EndGlobalSection
	GlobalSection(SolutionProperties) = preSolution
		HideSolutionNode = FALSE
	EndGlobalSection
EndGlobal
