
Microsoft Visual Studio Solution File, Format Version 12.00
# Visual Studio 14
VisualStudioVersion = 14.0.25420.1
MinimumVisualStudioVersion = 10.0.40219.1
Project("{FAE04EC0-301F-11D3-BF4B-00C04F79EFBC}") = "IntroXAML.Droid", "IntroXAML\IntroXAML.Droid\IntroXAML.Droid.csproj", "{E03B8BC3-E901-4487-8211-8B617F8BFF2D}"
EndProject
Project("{FAE04EC0-301F-11D3-BF4B-00C04F79EFBC}") = "IntroXAML.iOS", "IntroXAML\IntroXAML.iOS\IntroXAML.iOS.csproj", "{2421D78F-3EC6-4428-86D5-B16B175E2124}"
EndProject
Project("{FAE04EC0-301F-11D3-BF4B-00C04F79EFBC}") = "IntroXAML.WinPhone", "IntroXAML\IntroXAML.WinPhone\IntroXAML.WinPhone.csproj", "{7A949165-7C7E-4512-AA6F-DE26B5DBC078}"
EndProject
Project("{FAE04EC0-301F-11D3-BF4B-00C04F79EFBC}") = "IntroXAML.Windows", "IntroXAML\IntroXAML.Windows\IntroXAML.Windows.csproj", "{EEABC4CF-6FC6-439E-9AC1-D57352D5F112}"
EndProject
Project("{FAE04EC0-301F-11D3-BF4B-00C04F79EFBC}") = "IntroXAML", "IntroXAML\IntroXAML\IntroXAML.csproj", "{D212CB12-4F14-414B-A80C-3EF4006FC827}"
EndProject
Global
	GlobalSection(SolutionConfigurationPlatforms) = preSolution
		Ad-Hoc|Any CPU = Ad-Hoc|Any CPU
		Ad-Hoc|ARM = Ad-Hoc|ARM
		Ad-Hoc|iPhone = Ad-Hoc|iPhone
		Ad-Hoc|iPhoneSimulator = Ad-Hoc|iPhoneSimulator
		Ad-Hoc|x64 = Ad-Hoc|x64
		Ad-Hoc|x86 = Ad-Hoc|x86
		AppStore|Any CPU = AppStore|Any CPU
		AppStore|ARM = AppStore|ARM
		AppStore|iPhone = AppStore|iPhone
		AppStore|iPhoneSimulator = AppStore|iPhoneSimulator
		AppStore|x64 = AppStore|x64
		AppStore|x86 = AppStore|x86
		Debug|Any CPU = Debug|Any CPU
		Debug|ARM = Debug|ARM
		Debug|iPhone = Debug|iPhone
		Debug|iPhoneSimulator = Debug|iPhoneSimulator
		Debug|x64 = Debug|x64
		Debug|x86 = Debug|x86
		Release|Any CPU = Release|Any CPU
		Release|ARM = Release|ARM
		Release|iPhone = Release|iPhone
		Release|iPhoneSimulator = Release|iPhoneSimulator
		Release|x64 = Release|x64
		Release|x86 = Release|x86
	EndGlobalSection
	GlobalSection(ProjectConfigurationPlatforms) = postSolution
		{E03B8BC3-E901-4487-8211-8B617F8BFF2D}.Ad-Hoc|Any CPU.ActiveCfg = Release|Any CPU
		{E03B8BC3-E901-4487-8211-8B617F8BFF2D}.Ad-Hoc|Any CPU.Build.0 = Release|Any CPU
		{E03B8BC3-E901-4487-8211-8B617F8BFF2D}.Ad-Hoc|Any CPU.Deploy.0 = Release|Any CPU
		{E03B8BC3-E901-4487-8211-8B617F8BFF2D}.Ad-Hoc|ARM.ActiveCfg = Release|Any CPU
		{E03B8BC3-E901-4487-8211-8B617F8BFF2D}.Ad-Hoc|ARM.Build.0 = Release|Any CPU
		{E03B8BC3-E901-4487-8211-8B617F8BFF2D}.Ad-Hoc|ARM.Deploy.0 = Release|Any CPU
		{E03B8BC3-E901-4487-8211-8B617F8BFF2D}.Ad-Hoc|iPhone.ActiveCfg = Release|Any CPU
		{E03B8BC3-E901-4487-8211-8B617F8BFF2D}.Ad-Hoc|iPhone.Build.0 = Release|Any CPU
		{E03B8BC3-E901-4487-8211-8B617F8BFF2D}.Ad-Hoc|iPhone.Deploy.0 = Release|Any CPU
		{E03B8BC3-E901-4487-8211-8B617F8BFF2D}.Ad-Hoc|iPhoneSimulator.ActiveCfg = Release|Any CPU
		{E03B8BC3-E901-4487-8211-8B617F8BFF2D}.Ad-Hoc|iPhoneSimulator.Build.0 = Release|Any CPU
		{E03B8BC3-E901-4487-8211-8B617F8BFF2D}.Ad-Hoc|iPhoneSimulator.Deploy.0 = Release|Any CPU
		{E03B8BC3-E901-4487-8211-8B617F8BFF2D}.Ad-Hoc|x64.ActiveCfg = Release|Any CPU
		{E03B8BC3-E901-4487-8211-8B617F8BFF2D}.Ad-Hoc|x64.Build.0 = Release|Any CPU
		{E03B8BC3-E901-4487-8211-8B617F8BFF2D}.Ad-Hoc|x64.Deploy.0 = Release|Any CPU
		{E03B8BC3-E901-4487-8211-8B617F8BFF2D}.Ad-Hoc|x86.ActiveCfg = Release|Any CPU
		{E03B8BC3-E901-4487-8211-8B617F8BFF2D}.Ad-Hoc|x86.Build.0 = Release|Any CPU
		{E03B8BC3-E901-4487-8211-8B617F8BFF2D}.Ad-Hoc|x86.Deploy.0 = Release|Any CPU
		{E03B8BC3-E901-4487-8211-8B617F8BFF2D}.AppStore|Any CPU.ActiveCfg = Release|Any CPU
		{E03B8BC3-E901-4487-8211-8B617F8BFF2D}.AppStore|Any CPU.Build.0 = Release|Any CPU
		{E03B8BC3-E901-4487-8211-8B617F8BFF2D}.AppStore|Any CPU.Deploy.0 = Release|Any CPU
		{E03B8BC3-E901-4487-8211-8B617F8BFF2D}.AppStore|ARM.ActiveCfg = Release|Any CPU
		{E03B8BC3-E901-4487-8211-8B617F8BFF2D}.AppStore|ARM.Build.0 = Release|Any CPU
		{E03B8BC3-E901-4487-8211-8B617F8BFF2D}.AppStore|ARM.Deploy.0 = Release|Any CPU
		{E03B8BC3-E901-4487-8211-8B617F8BFF2D}.AppStore|iPhone.ActiveCfg = Release|Any CPU
		{E03B8BC3-E901-4487-8211-8B617F8BFF2D}.AppStore|iPhone.Build.0 = Release|Any CPU
		{E03B8BC3-E901-4487-8211-8B617F8BFF2D}.AppStore|iPhone.Deploy.0 = Release|Any CPU
		{E03B8BC3-E901-4487-8211-8B617F8BFF2D}.AppStore|iPhoneSimulator.ActiveCfg = Release|Any CPU
		{E03B8BC3-E901-4487-8211-8B617F8BFF2D}.AppStore|iPhoneSimulator.Build.0 = Release|Any CPU
		{E03B8BC3-E901-4487-8211-8B617F8BFF2D}.AppStore|iPhoneSimulator.Deploy.0 = Release|Any CPU
		{E03B8BC3-E901-4487-8211-8B617F8BFF2D}.AppStore|x64.ActiveCfg = Release|Any CPU
		{E03B8BC3-E901-4487-8211-8B617F8BFF2D}.AppStore|x64.Build.0 = Release|Any CPU
		{E03B8BC3-E901-4487-8211-8B617F8BFF2D}.AppStore|x64.Deploy.0 = Release|Any CPU
		{E03B8BC3-E901-4487-8211-8B617F8BFF2D}.AppStore|x86.ActiveCfg = Release|Any CPU
		{E03B8BC3-E901-4487-8211-8B617F8BFF2D}.AppStore|x86.Build.0 = Release|Any CPU
		{E03B8BC3-E901-4487-8211-8B617F8BFF2D}.AppStore|x86.Deploy.0 = Release|Any CPU
		{E03B8BC3-E901-4487-8211-8B617F8BFF2D}.Debug|Any CPU.ActiveCfg = Debug|Any CPU
		{E03B8BC3-E901-4487-8211-8B617F8BFF2D}.Debug|Any CPU.Build.0 = Debug|Any CPU
		{E03B8BC3-E901-4487-8211-8B617F8BFF2D}.Debug|Any CPU.Deploy.0 = Debug|Any CPU
		{E03B8BC3-E901-4487-8211-8B617F8BFF2D}.Debug|ARM.ActiveCfg = Debug|Any CPU
		{E03B8BC3-E901-4487-8211-8B617F8BFF2D}.Debug|ARM.Build.0 = Debug|Any CPU
		{E03B8BC3-E901-4487-8211-8B617F8BFF2D}.Debug|ARM.Deploy.0 = Debug|Any CPU
		{E03B8BC3-E901-4487-8211-8B617F8BFF2D}.Debug|iPhone.ActiveCfg = Debug|Any CPU
		{E03B8BC3-E901-4487-8211-8B617F8BFF2D}.Debug|iPhone.Build.0 = Debug|Any CPU
		{E03B8BC3-E901-4487-8211-8B617F8BFF2D}.Debug|iPhone.Deploy.0 = Debug|Any CPU
		{E03B8BC3-E901-4487-8211-8B617F8BFF2D}.Debug|iPhoneSimulator.ActiveCfg = Debug|Any CPU
		{E03B8BC3-E901-4487-8211-8B617F8BFF2D}.Debug|iPhoneSimulator.Build.0 = Debug|Any CPU
		{E03B8BC3-E901-4487-8211-8B617F8BFF2D}.Debug|iPhoneSimulator.Deploy.0 = Debug|Any CPU
		{E03B8BC3-E901-4487-8211-8B617F8BFF2D}.Debug|x64.ActiveCfg = Debug|Any CPU
		{E03B8BC3-E901-4487-8211-8B617F8BFF2D}.Debug|x64.Build.0 = Debug|Any CPU
		{E03B8BC3-E901-4487-8211-8B617F8BFF2D}.Debug|x64.Deploy.0 = Debug|Any CPU
		{E03B8BC3-E901-4487-8211-8B617F8BFF2D}.Debug|x86.ActiveCfg = Debug|Any CPU
		{E03B8BC3-E901-4487-8211-8B617F8BFF2D}.Debug|x86.Build.0 = Debug|Any CPU
		{E03B8BC3-E901-4487-8211-8B617F8BFF2D}.Debug|x86.Deploy.0 = Debug|Any CPU
		{E03B8BC3-E901-4487-8211-8B617F8BFF2D}.Release|Any CPU.ActiveCfg = Release|Any CPU
		{E03B8BC3-E901-4487-8211-8B617F8BFF2D}.Release|Any CPU.Build.0 = Release|Any CPU
		{E03B8BC3-E901-4487-8211-8B617F8BFF2D}.Release|Any CPU.Deploy.0 = Release|Any CPU
		{E03B8BC3-E901-4487-8211-8B617F8BFF2D}.Release|ARM.ActiveCfg = Release|Any CPU
		{E03B8BC3-E901-4487-8211-8B617F8BFF2D}.Release|ARM.Build.0 = Release|Any CPU
		{E03B8BC3-E901-4487-8211-8B617F8BFF2D}.Release|ARM.Deploy.0 = Release|Any CPU
		{E03B8BC3-E901-4487-8211-8B617F8BFF2D}.Release|iPhone.ActiveCfg = Release|Any CPU
		{E03B8BC3-E901-4487-8211-8B617F8BFF2D}.Release|iPhone.Build.0 = Release|Any CPU
		{E03B8BC3-E901-4487-8211-8B617F8BFF2D}.Release|iPhone.Deploy.0 = Release|Any CPU
		{E03B8BC3-E901-4487-8211-8B617F8BFF2D}.Release|iPhoneSimulator.ActiveCfg = Release|Any CPU
		{E03B8BC3-E901-4487-8211-8B617F8BFF2D}.Release|iPhoneSimulator.Build.0 = Release|Any CPU
		{E03B8BC3-E901-4487-8211-8B617F8BFF2D}.Release|iPhoneSimulator.Deploy.0 = Release|Any CPU
		{E03B8BC3-E901-4487-8211-8B617F8BFF2D}.Release|x64.ActiveCfg = Release|Any CPU
		{E03B8BC3-E901-4487-8211-8B617F8BFF2D}.Release|x64.Build.0 = Release|Any CPU
		{E03B8BC3-E901-4487-8211-8B617F8BFF2D}.Release|x64.Deploy.0 = Release|Any CPU
		{E03B8BC3-E901-4487-8211-8B617F8BFF2D}.Release|x86.ActiveCfg = Release|Any CPU
		{E03B8BC3-E901-4487-8211-8B617F8BFF2D}.Release|x86.Build.0 = Release|Any CPU
		{E03B8BC3-E901-4487-8211-8B617F8BFF2D}.Release|x86.Deploy.0 = Release|Any CPU
		{2421D78F-3EC6-4428-86D5-B16B175E2124}.Ad-Hoc|Any CPU.ActiveCfg = Ad-Hoc|iPhone
		{2421D78F-3EC6-4428-86D5-B16B175E2124}.Ad-Hoc|ARM.ActiveCfg = Ad-Hoc|iPhone
		{2421D78F-3EC6-4428-86D5-B16B175E2124}.Ad-Hoc|iPhone.ActiveCfg = Ad-Hoc|iPhone
		{2421D78F-3EC6-4428-86D5-B16B175E2124}.Ad-Hoc|iPhone.Build.0 = Ad-Hoc|iPhone
		{2421D78F-3EC6-4428-86D5-B16B175E2124}.Ad-Hoc|iPhoneSimulator.ActiveCfg = Ad-Hoc|iPhoneSimulator
		{2421D78F-3EC6-4428-86D5-B16B175E2124}.Ad-Hoc|iPhoneSimulator.Build.0 = Ad-Hoc|iPhoneSimulator
		{2421D78F-3EC6-4428-86D5-B16B175E2124}.Ad-Hoc|x64.ActiveCfg = Ad-Hoc|iPhone
		{2421D78F-3EC6-4428-86D5-B16B175E2124}.Ad-Hoc|x86.ActiveCfg = Ad-Hoc|iPhone
		{2421D78F-3EC6-4428-86D5-B16B175E2124}.AppStore|Any CPU.ActiveCfg = AppStore|iPhone
		{2421D78F-3EC6-4428-86D5-B16B175E2124}.AppStore|ARM.ActiveCfg = AppStore|iPhone
		{2421D78F-3EC6-4428-86D5-B16B175E2124}.AppStore|iPhone.ActiveCfg = AppStore|iPhone
		{2421D78F-3EC6-4428-86D5-B16B175E2124}.AppStore|iPhone.Build.0 = AppStore|iPhone
		{2421D78F-3EC6-4428-86D5-B16B175E2124}.AppStore|iPhoneSimulator.ActiveCfg = AppStore|iPhoneSimulator
		{2421D78F-3EC6-4428-86D5-B16B175E2124}.AppStore|iPhoneSimulator.Build.0 = AppStore|iPhoneSimulator
		{2421D78F-3EC6-4428-86D5-B16B175E2124}.AppStore|x64.ActiveCfg = AppStore|iPhone
		{2421D78F-3EC6-4428-86D5-B16B175E2124}.AppStore|x86.ActiveCfg = AppStore|iPhone
		{2421D78F-3EC6-4428-86D5-B16B175E2124}.Debug|Any CPU.ActiveCfg = Debug|iPhone
		{2421D78F-3EC6-4428-86D5-B16B175E2124}.Debug|ARM.ActiveCfg = Debug|iPhone
		{2421D78F-3EC6-4428-86D5-B16B175E2124}.Debug|iPhone.ActiveCfg = Debug|iPhone
		{2421D78F-3EC6-4428-86D5-B16B175E2124}.Debug|iPhone.Build.0 = Debug|iPhone
		{2421D78F-3EC6-4428-86D5-B16B175E2124}.Debug|iPhoneSimulator.ActiveCfg = Debug|iPhoneSimulator
		{2421D78F-3EC6-4428-86D5-B16B175E2124}.Debug|iPhoneSimulator.Build.0 = Debug|iPhoneSimulator
		{2421D78F-3EC6-4428-86D5-B16B175E2124}.Debug|x64.ActiveCfg = Debug|iPhone
		{2421D78F-3EC6-4428-86D5-B16B175E2124}.Debug|x86.ActiveCfg = Debug|iPhone
		{2421D78F-3EC6-4428-86D5-B16B175E2124}.Release|Any CPU.ActiveCfg = Release|iPhone
		{2421D78F-3EC6-4428-86D5-B16B175E2124}.Release|ARM.ActiveCfg = Release|iPhone
		{2421D78F-3EC6-4428-86D5-B16B175E2124}.Release|iPhone.ActiveCfg = Release|iPhone
		{2421D78F-3EC6-4428-86D5-B16B175E2124}.Release|iPhone.Build.0 = Release|iPhone
		{2421D78F-3EC6-4428-86D5-B16B175E2124}.Release|iPhoneSimulator.ActiveCfg = Release|iPhoneSimulator
		{2421D78F-3EC6-4428-86D5-B16B175E2124}.Release|iPhoneSimulator.Build.0 = Release|iPhoneSimulator
		{2421D78F-3EC6-4428-86D5-B16B175E2124}.Release|x64.ActiveCfg = Release|iPhone
		{2421D78F-3EC6-4428-86D5-B16B175E2124}.Release|x86.ActiveCfg = Release|iPhone
		{7A949165-7C7E-4512-AA6F-DE26B5DBC078}.Ad-Hoc|Any CPU.ActiveCfg = Release|Any CPU
		{7A949165-7C7E-4512-AA6F-DE26B5DBC078}.Ad-Hoc|Any CPU.Build.0 = Release|Any CPU
		{7A949165-7C7E-4512-AA6F-DE26B5DBC078}.Ad-Hoc|Any CPU.Deploy.0 = Release|Any CPU
		{7A949165-7C7E-4512-AA6F-DE26B5DBC078}.Ad-Hoc|ARM.ActiveCfg = Release|ARM
		{7A949165-7C7E-4512-AA6F-DE26B5DBC078}.Ad-Hoc|ARM.Build.0 = Release|ARM
		{7A949165-7C7E-4512-AA6F-DE26B5DBC078}.Ad-Hoc|ARM.Deploy.0 = Release|ARM
		{7A949165-7C7E-4512-AA6F-DE26B5DBC078}.Ad-Hoc|iPhone.ActiveCfg = Release|Any CPU
		{7A949165-7C7E-4512-AA6F-DE26B5DBC078}.Ad-Hoc|iPhone.Build.0 = Release|Any CPU
		{7A949165-7C7E-4512-AA6F-DE26B5DBC078}.Ad-Hoc|iPhone.Deploy.0 = Release|Any CPU
		{7A949165-7C7E-4512-AA6F-DE26B5DBC078}.Ad-Hoc|iPhoneSimulator.ActiveCfg = Release|Any CPU
		{7A949165-7C7E-4512-AA6F-DE26B5DBC078}.Ad-Hoc|iPhoneSimulator.Build.0 = Release|Any CPU
		{7A949165-7C7E-4512-AA6F-DE26B5DBC078}.Ad-Hoc|iPhoneSimulator.Deploy.0 = Release|Any CPU
		{7A949165-7C7E-4512-AA6F-DE26B5DBC078}.Ad-Hoc|x64.ActiveCfg = Release|Any CPU
		{7A949165-7C7E-4512-AA6F-DE26B5DBC078}.Ad-Hoc|x64.Build.0 = Release|Any CPU
		{7A949165-7C7E-4512-AA6F-DE26B5DBC078}.Ad-Hoc|x64.Deploy.0 = Release|Any CPU
		{7A949165-7C7E-4512-AA6F-DE26B5DBC078}.Ad-Hoc|x86.ActiveCfg = Release|x86
		{7A949165-7C7E-4512-AA6F-DE26B5DBC078}.Ad-Hoc|x86.Build.0 = Release|x86
		{7A949165-7C7E-4512-AA6F-DE26B5DBC078}.Ad-Hoc|x86.Deploy.0 = Release|x86
		{7A949165-7C7E-4512-AA6F-DE26B5DBC078}.AppStore|Any CPU.ActiveCfg = Release|Any CPU
		{7A949165-7C7E-4512-AA6F-DE26B5DBC078}.AppStore|Any CPU.Build.0 = Release|Any CPU
		{7A949165-7C7E-4512-AA6F-DE26B5DBC078}.AppStore|Any CPU.Deploy.0 = Release|Any CPU
		{7A949165-7C7E-4512-AA6F-DE26B5DBC078}.AppStore|ARM.ActiveCfg = Release|ARM
		{7A949165-7C7E-4512-AA6F-DE26B5DBC078}.AppStore|ARM.Build.0 = Release|ARM
		{7A949165-7C7E-4512-AA6F-DE26B5DBC078}.AppStore|ARM.Deploy.0 = Release|ARM
		{7A949165-7C7E-4512-AA6F-DE26B5DBC078}.AppStore|iPhone.ActiveCfg = Release|Any CPU
		{7A949165-7C7E-4512-AA6F-DE26B5DBC078}.AppStore|iPhone.Build.0 = Release|Any CPU
		{7A949165-7C7E-4512-AA6F-DE26B5DBC078}.AppStore|iPhone.Deploy.0 = Release|Any CPU
		{7A949165-7C7E-4512-AA6F-DE26B5DBC078}.AppStore|iPhoneSimulator.ActiveCfg = Release|Any CPU
		{7A949165-7C7E-4512-AA6F-DE26B5DBC078}.AppStore|iPhoneSimulator.Build.0 = Release|Any CPU
		{7A949165-7C7E-4512-AA6F-DE26B5DBC078}.AppStore|iPhoneSimulator.Deploy.0 = Release|Any CPU
		{7A949165-7C7E-4512-AA6F-DE26B5DBC078}.AppStore|x64.ActiveCfg = Release|Any CPU
		{7A949165-7C7E-4512-AA6F-DE26B5DBC078}.AppStore|x64.Build.0 = Release|Any CPU
		{7A949165-7C7E-4512-AA6F-DE26B5DBC078}.AppStore|x64.Deploy.0 = Release|Any CPU
		{7A949165-7C7E-4512-AA6F-DE26B5DBC078}.AppStore|x86.ActiveCfg = Release|x86
		{7A949165-7C7E-4512-AA6F-DE26B5DBC078}.AppStore|x86.Build.0 = Release|x86
		{7A949165-7C7E-4512-AA6F-DE26B5DBC078}.AppStore|x86.Deploy.0 = Release|x86
		{7A949165-7C7E-4512-AA6F-DE26B5DBC078}.Debug|Any CPU.ActiveCfg = Debug|Any CPU
		{7A949165-7C7E-4512-AA6F-DE26B5DBC078}.Debug|Any CPU.Build.0 = Debug|Any CPU
		{7A949165-7C7E-4512-AA6F-DE26B5DBC078}.Debug|Any CPU.Deploy.0 = Debug|Any CPU
		{7A949165-7C7E-4512-AA6F-DE26B5DBC078}.Debug|ARM.ActiveCfg = Debug|ARM
		{7A949165-7C7E-4512-AA6F-DE26B5DBC078}.Debug|ARM.Build.0 = Debug|ARM
		{7A949165-7C7E-4512-AA6F-DE26B5DBC078}.Debug|ARM.Deploy.0 = Debug|ARM
		{7A949165-7C7E-4512-AA6F-DE26B5DBC078}.Debug|iPhone.ActiveCfg = Debug|Any CPU
		{7A949165-7C7E-4512-AA6F-DE26B5DBC078}.Debug|iPhone.Build.0 = Debug|Any CPU
		{7A949165-7C7E-4512-AA6F-DE26B5DBC078}.Debug|iPhone.Deploy.0 = Debug|Any CPU
		{7A949165-7C7E-4512-AA6F-DE26B5DBC078}.Debug|iPhoneSimulator.ActiveCfg = Debug|Any CPU
		{7A949165-7C7E-4512-AA6F-DE26B5DBC078}.Debug|iPhoneSimulator.Build.0 = Debug|Any CPU
		{7A949165-7C7E-4512-AA6F-DE26B5DBC078}.Debug|iPhoneSimulator.Deploy.0 = Debug|Any CPU
		{7A949165-7C7E-4512-AA6F-DE26B5DBC078}.Debug|x64.ActiveCfg = Debug|Any CPU
		{7A949165-7C7E-4512-AA6F-DE26B5DBC078}.Debug|x64.Build.0 = Debug|Any CPU
		{7A949165-7C7E-4512-AA6F-DE26B5DBC078}.Debug|x64.Deploy.0 = Debug|Any CPU
		{7A949165-7C7E-4512-AA6F-DE26B5DBC078}.Debug|x86.ActiveCfg = Debug|x86
		{7A949165-7C7E-4512-AA6F-DE26B5DBC078}.Debug|x86.Build.0 = Debug|x86
		{7A949165-7C7E-4512-AA6F-DE26B5DBC078}.Debug|x86.Deploy.0 = Debug|x86
		{7A949165-7C7E-4512-AA6F-DE26B5DBC078}.Release|Any CPU.ActiveCfg = Release|Any CPU
		{7A949165-7C7E-4512-AA6F-DE26B5DBC078}.Release|Any CPU.Build.0 = Release|Any CPU
		{7A949165-7C7E-4512-AA6F-DE26B5DBC078}.Release|Any CPU.Deploy.0 = Release|Any CPU
		{7A949165-7C7E-4512-AA6F-DE26B5DBC078}.Release|ARM.ActiveCfg = Release|ARM
		{7A949165-7C7E-4512-AA6F-DE26B5DBC078}.Release|ARM.Build.0 = Release|ARM
		{7A949165-7C7E-4512-AA6F-DE26B5DBC078}.Release|ARM.Deploy.0 = Release|ARM
		{7A949165-7C7E-4512-AA6F-DE26B5DBC078}.Release|iPhone.ActiveCfg = Release|Any CPU
		{7A949165-7C7E-4512-AA6F-DE26B5DBC078}.Release|iPhone.Build.0 = Release|Any CPU
		{7A949165-7C7E-4512-AA6F-DE26B5DBC078}.Release|iPhone.Deploy.0 = Release|Any CPU
		{7A949165-7C7E-4512-AA6F-DE26B5DBC078}.Release|iPhoneSimulator.ActiveCfg = Release|Any CPU
		{7A949165-7C7E-4512-AA6F-DE26B5DBC078}.Release|iPhoneSimulator.Build.0 = Release|Any CPU
		{7A949165-7C7E-4512-AA6F-DE26B5DBC078}.Release|iPhoneSimulator.Deploy.0 = Release|Any CPU
		{7A949165-7C7E-4512-AA6F-DE26B5DBC078}.Release|x64.ActiveCfg = Release|Any CPU
		{7A949165-7C7E-4512-AA6F-DE26B5DBC078}.Release|x64.Build.0 = Release|Any CPU
		{7A949165-7C7E-4512-AA6F-DE26B5DBC078}.Release|x64.Deploy.0 = Release|Any CPU
		{7A949165-7C7E-4512-AA6F-DE26B5DBC078}.Release|x86.ActiveCfg = Release|x86
		{7A949165-7C7E-4512-AA6F-DE26B5DBC078}.Release|x86.Build.0 = Release|x86
		{7A949165-7C7E-4512-AA6F-DE26B5DBC078}.Release|x86.Deploy.0 = Release|x86
		{EEABC4CF-6FC6-439E-9AC1-D57352D5F112}.Ad-Hoc|Any CPU.ActiveCfg = Release|Any CPU
		{EEABC4CF-6FC6-439E-9AC1-D57352D5F112}.Ad-Hoc|Any CPU.Build.0 = Release|Any CPU
		{EEABC4CF-6FC6-439E-9AC1-D57352D5F112}.Ad-Hoc|Any CPU.Deploy.0 = Release|Any CPU
		{EEABC4CF-6FC6-439E-9AC1-D57352D5F112}.Ad-Hoc|ARM.ActiveCfg = Release|ARM
		{EEABC4CF-6FC6-439E-9AC1-D57352D5F112}.Ad-Hoc|ARM.Build.0 = Release|ARM
		{EEABC4CF-6FC6-439E-9AC1-D57352D5F112}.Ad-Hoc|ARM.Deploy.0 = Release|ARM
		{EEABC4CF-6FC6-439E-9AC1-D57352D5F112}.Ad-Hoc|iPhone.ActiveCfg = Release|Any CPU
		{EEABC4CF-6FC6-439E-9AC1-D57352D5F112}.Ad-Hoc|iPhone.Build.0 = Release|Any CPU
		{EEABC4CF-6FC6-439E-9AC1-D57352D5F112}.Ad-Hoc|iPhone.Deploy.0 = Release|Any CPU
		{EEABC4CF-6FC6-439E-9AC1-D57352D5F112}.Ad-Hoc|iPhoneSimulator.ActiveCfg = Release|Any CPU
		{EEABC4CF-6FC6-439E-9AC1-D57352D5F112}.Ad-Hoc|iPhoneSimulator.Build.0 = Release|Any CPU
		{EEABC4CF-6FC6-439E-9AC1-D57352D5F112}.Ad-Hoc|iPhoneSimulator.Deploy.0 = Release|Any CPU
		{EEABC4CF-6FC6-439E-9AC1-D57352D5F112}.Ad-Hoc|x64.ActiveCfg = Release|x64
		{EEABC4CF-6FC6-439E-9AC1-D57352D5F112}.Ad-Hoc|x64.Build.0 = Release|x64
		{EEABC4CF-6FC6-439E-9AC1-D57352D5F112}.Ad-Hoc|x64.Deploy.0 = Release|x64
		{EEABC4CF-6FC6-439E-9AC1-D57352D5F112}.Ad-Hoc|x86.ActiveCfg = Release|x86
		{EEABC4CF-6FC6-439E-9AC1-D57352D5F112}.Ad-Hoc|x86.Build.0 = Release|x86
		{EEABC4CF-6FC6-439E-9AC1-D57352D5F112}.Ad-Hoc|x86.Deploy.0 = Release|x86
		{EEABC4CF-6FC6-439E-9AC1-D57352D5F112}.AppStore|Any CPU.ActiveCfg = Release|Any CPU
		{EEABC4CF-6FC6-439E-9AC1-D57352D5F112}.AppStore|Any CPU.Build.0 = Release|Any CPU
		{EEABC4CF-6FC6-439E-9AC1-D57352D5F112}.AppStore|Any CPU.Deploy.0 = Release|Any CPU
		{EEABC4CF-6FC6-439E-9AC1-D57352D5F112}.AppStore|ARM.ActiveCfg = Release|ARM
		{EEABC4CF-6FC6-439E-9AC1-D57352D5F112}.AppStore|ARM.Build.0 = Release|ARM
		{EEABC4CF-6FC6-439E-9AC1-D57352D5F112}.AppStore|ARM.Deploy.0 = Release|ARM
		{EEABC4CF-6FC6-439E-9AC1-D57352D5F112}.AppStore|iPhone.ActiveCfg = Release|Any CPU
		{EEABC4CF-6FC6-439E-9AC1-D57352D5F112}.AppStore|iPhone.Build.0 = Release|Any CPU
		{EEABC4CF-6FC6-439E-9AC1-D57352D5F112}.AppStore|iPhone.Deploy.0 = Release|Any CPU
		{EEABC4CF-6FC6-439E-9AC1-D57352D5F112}.AppStore|iPhoneSimulator.ActiveCfg = Release|Any CPU
		{EEABC4CF-6FC6-439E-9AC1-D57352D5F112}.AppStore|iPhoneSimulator.Build.0 = Release|Any CPU
		{EEABC4CF-6FC6-439E-9AC1-D57352D5F112}.AppStore|iPhoneSimulator.Deploy.0 = Release|Any CPU
		{EEABC4CF-6FC6-439E-9AC1-D57352D5F112}.AppStore|x64.ActiveCfg = Release|x64
		{EEABC4CF-6FC6-439E-9AC1-D57352D5F112}.AppStore|x64.Build.0 = Release|x64
		{EEABC4CF-6FC6-439E-9AC1-D57352D5F112}.AppStore|x64.Deploy.0 = Release|x64
		{EEABC4CF-6FC6-439E-9AC1-D57352D5F112}.AppStore|x86.ActiveCfg = Release|x86
		{EEABC4CF-6FC6-439E-9AC1-D57352D5F112}.AppStore|x86.Build.0 = Release|x86
		{EEABC4CF-6FC6-439E-9AC1-D57352D5F112}.AppStore|x86.Deploy.0 = Release|x86
		{EEABC4CF-6FC6-439E-9AC1-D57352D5F112}.Debug|Any CPU.ActiveCfg = Debug|Any CPU
		{EEABC4CF-6FC6-439E-9AC1-D57352D5F112}.Debug|Any CPU.Build.0 = Debug|Any CPU
		{EEABC4CF-6FC6-439E-9AC1-D57352D5F112}.Debug|Any CPU.Deploy.0 = Debug|Any CPU
		{EEABC4CF-6FC6-439E-9AC1-D57352D5F112}.Debug|ARM.ActiveCfg = Debug|ARM
		{EEABC4CF-6FC6-439E-9AC1-D57352D5F112}.Debug|ARM.Build.0 = Debug|ARM
		{EEABC4CF-6FC6-439E-9AC1-D57352D5F112}.Debug|ARM.Deploy.0 = Debug|ARM
		{EEABC4CF-6FC6-439E-9AC1-D57352D5F112}.Debug|iPhone.ActiveCfg = Debug|Any CPU
		{EEABC4CF-6FC6-439E-9AC1-D57352D5F112}.Debug|iPhone.Build.0 = Debug|Any CPU
		{EEABC4CF-6FC6-439E-9AC1-D57352D5F112}.Debug|iPhone.Deploy.0 = Debug|Any CPU
		{EEABC4CF-6FC6-439E-9AC1-D57352D5F112}.Debug|iPhoneSimulator.ActiveCfg = Debug|Any CPU
		{EEABC4CF-6FC6-439E-9AC1-D57352D5F112}.Debug|iPhoneSimulator.Build.0 = Debug|Any CPU
		{EEABC4CF-6FC6-439E-9AC1-D57352D5F112}.Debug|iPhoneSimulator.Deploy.0 = Debug|Any CPU
		{EEABC4CF-6FC6-439E-9AC1-D57352D5F112}.Debug|x64.ActiveCfg = Debug|x64
		{EEABC4CF-6FC6-439E-9AC1-D57352D5F112}.Debug|x64.Build.0 = Debug|x64
		{EEABC4CF-6FC6-439E-9AC1-D57352D5F112}.Debug|x64.Deploy.0 = Debug|x64
		{EEABC4CF-6FC6-439E-9AC1-D57352D5F112}.Debug|x86.ActiveCfg = Debug|x86
		{EEABC4CF-6FC6-439E-9AC1-D57352D5F112}.Debug|x86.Build.0 = Debug|x86
		{EEABC4CF-6FC6-439E-9AC1-D57352D5F112}.Debug|x86.Deploy.0 = Debug|x86
		{EEABC4CF-6FC6-439E-9AC1-D57352D5F112}.Release|Any CPU.ActiveCfg = Release|Any CPU
		{EEABC4CF-6FC6-439E-9AC1-D57352D5F112}.Release|Any CPU.Build.0 = Release|Any CPU
		{EEABC4CF-6FC6-439E-9AC1-D57352D5F112}.Release|Any CPU.Deploy.0 = Release|Any CPU
		{EEABC4CF-6FC6-439E-9AC1-D57352D5F112}.Release|ARM.ActiveCfg = Release|ARM
		{EEABC4CF-6FC6-439E-9AC1-D57352D5F112}.Release|ARM.Build.0 = Release|ARM
		{EEABC4CF-6FC6-439E-9AC1-D57352D5F112}.Release|ARM.Deploy.0 = Release|ARM
		{EEABC4CF-6FC6-439E-9AC1-D57352D5F112}.Release|iPhone.ActiveCfg = Release|Any CPU
		{EEABC4CF-6FC6-439E-9AC1-D57352D5F112}.Release|iPhone.Build.0 = Release|Any CPU
		{EEABC4CF-6FC6-439E-9AC1-D57352D5F112}.Release|iPhone.Deploy.0 = Release|Any CPU
		{EEABC4CF-6FC6-439E-9AC1-D57352D5F112}.Release|iPhoneSimulator.ActiveCfg = Release|Any CPU
		{EEABC4CF-6FC6-439E-9AC1-D57352D5F112}.Release|iPhoneSimulator.Build.0 = Release|Any CPU
		{EEABC4CF-6FC6-439E-9AC1-D57352D5F112}.Release|iPhoneSimulator.Deploy.0 = Release|Any CPU
		{EEABC4CF-6FC6-439E-9AC1-D57352D5F112}.Release|x64.ActiveCfg = Release|x64
		{EEABC4CF-6FC6-439E-9AC1-D57352D5F112}.Release|x64.Build.0 = Release|x64
		{EEABC4CF-6FC6-439E-9AC1-D57352D5F112}.Release|x64.Deploy.0 = Release|x64
		{EEABC4CF-6FC6-439E-9AC1-D57352D5F112}.Release|x86.ActiveCfg = Release|x86
		{EEABC4CF-6FC6-439E-9AC1-D57352D5F112}.Release|x86.Build.0 = Release|x86
		{EEABC4CF-6FC6-439E-9AC1-D57352D5F112}.Release|x86.Deploy.0 = Release|x86
		{D212CB12-4F14-414B-A80C-3EF4006FC827}.Ad-Hoc|Any CPU.ActiveCfg = Release|Any CPU
		{D212CB12-4F14-414B-A80C-3EF4006FC827}.Ad-Hoc|Any CPU.Build.0 = Release|Any CPU
		{D212CB12-4F14-414B-A80C-3EF4006FC827}.Ad-Hoc|ARM.ActiveCfg = Release|Any CPU
		{D212CB12-4F14-414B-A80C-3EF4006FC827}.Ad-Hoc|ARM.Build.0 = Release|Any CPU
		{D212CB12-4F14-414B-A80C-3EF4006FC827}.Ad-Hoc|iPhone.ActiveCfg = Release|Any CPU
		{D212CB12-4F14-414B-A80C-3EF4006FC827}.Ad-Hoc|iPhone.Build.0 = Release|Any CPU
		{D212CB12-4F14-414B-A80C-3EF4006FC827}.Ad-Hoc|iPhoneSimulator.ActiveCfg = Release|Any CPU
		{D212CB12-4F14-414B-A80C-3EF4006FC827}.Ad-Hoc|iPhoneSimulator.Build.0 = Release|Any CPU
		{D212CB12-4F14-414B-A80C-3EF4006FC827}.Ad-Hoc|x64.ActiveCfg = Release|Any CPU
		{D212CB12-4F14-414B-A80C-3EF4006FC827}.Ad-Hoc|x64.Build.0 = Release|Any CPU
		{D212CB12-4F14-414B-A80C-3EF4006FC827}.Ad-Hoc|x86.ActiveCfg = Release|Any CPU
		{D212CB12-4F14-414B-A80C-3EF4006FC827}.Ad-Hoc|x86.Build.0 = Release|Any CPU
		{D212CB12-4F14-414B-A80C-3EF4006FC827}.AppStore|Any CPU.ActiveCfg = Release|Any CPU
		{D212CB12-4F14-414B-A80C-3EF4006FC827}.AppStore|Any CPU.Build.0 = Release|Any CPU
		{D212CB12-4F14-414B-A80C-3EF4006FC827}.AppStore|ARM.ActiveCfg = Release|Any CPU
		{D212CB12-4F14-414B-A80C-3EF4006FC827}.AppStore|ARM.Build.0 = Release|Any CPU
		{D212CB12-4F14-414B-A80C-3EF4006FC827}.AppStore|iPhone.ActiveCfg = Release|Any CPU
		{D212CB12-4F14-414B-A80C-3EF4006FC827}.AppStore|iPhone.Build.0 = Release|Any CPU
		{D212CB12-4F14-414B-A80C-3EF4006FC827}.AppStore|iPhoneSimulator.ActiveCfg = Release|Any CPU
		{D212CB12-4F14-414B-A80C-3EF4006FC827}.AppStore|iPhoneSimulator.Build.0 = Release|Any CPU
		{D212CB12-4F14-414B-A80C-3EF4006FC827}.AppStore|x64.ActiveCfg = Release|Any CPU
		{D212CB12-4F14-414B-A80C-3EF4006FC827}.AppStore|x64.Build.0 = Release|Any CPU
		{D212CB12-4F14-414B-A80C-3EF4006FC827}.AppStore|x86.ActiveCfg = Release|Any CPU
		{D212CB12-4F14-414B-A80C-3EF4006FC827}.AppStore|x86.Build.0 = Release|Any CPU
		{D212CB12-4F14-414B-A80C-3EF4006FC827}.Debug|Any CPU.ActiveCfg = Debug|Any CPU
		{D212CB12-4F14-414B-A80C-3EF4006FC827}.Debug|Any CPU.Build.0 = Debug|Any CPU
		{D212CB12-4F14-414B-A80C-3EF4006FC827}.Debug|ARM.ActiveCfg = Debug|Any CPU
		{D212CB12-4F14-414B-A80C-3EF4006FC827}.Debug|ARM.Build.0 = Debug|Any CPU
		{D212CB12-4F14-414B-A80C-3EF4006FC827}.Debug|iPhone.ActiveCfg = Debug|Any CPU
		{D212CB12-4F14-414B-A80C-3EF4006FC827}.Debug|iPhone.Build.0 = Debug|Any CPU
		{D212CB12-4F14-414B-A80C-3EF4006FC827}.Debug|iPhoneSimulator.ActiveCfg = Debug|Any CPU
		{D212CB12-4F14-414B-A80C-3EF4006FC827}.Debug|iPhoneSimulator.Build.0 = Debug|Any CPU
		{D212CB12-4F14-414B-A80C-3EF4006FC827}.Debug|x64.ActiveCfg = Debug|Any CPU
		{D212CB12-4F14-414B-A80C-3EF4006FC827}.Debug|x64.Build.0 = Debug|Any CPU
		{D212CB12-4F14-414B-A80C-3EF4006FC827}.Debug|x86.ActiveCfg = Debug|Any CPU
		{D212CB12-4F14-414B-A80C-3EF4006FC827}.Debug|x86.Build.0 = Debug|Any CPU
		{D212CB12-4F14-414B-A80C-3EF4006FC827}.Release|Any CPU.ActiveCfg = Release|Any CPU
		{D212CB12-4F14-414B-A80C-3EF4006FC827}.Release|Any CPU.Build.0 = Release|Any CPU
		{D212CB12-4F14-414B-A80C-3EF4006FC827}.Release|ARM.ActiveCfg = Release|Any CPU
		{D212CB12-4F14-414B-A80C-3EF4006FC827}.Release|ARM.Build.0 = Release|Any CPU
		{D212CB12-4F14-414B-A80C-3EF4006FC827}.Release|iPhone.ActiveCfg = Release|Any CPU
		{D212CB12-4F14-414B-A80C-3EF4006FC827}.Release|iPhone.Build.0 = Release|Any CPU
		{D212CB12-4F14-414B-A80C-3EF4006FC827}.Release|iPhoneSimulator.ActiveCfg = Release|Any CPU
		{D212CB12-4F14-414B-A80C-3EF4006FC827}.Release|iPhoneSimulator.Build.0 = Release|Any CPU
		{D212CB12-4F14-414B-A80C-3EF4006FC827}.Release|x64.ActiveCfg = Release|Any CPU
		{D212CB12-4F14-414B-A80C-3EF4006FC827}.Release|x64.Build.0 = Release|Any CPU
		{D212CB12-4F14-414B-A80C-3EF4006FC827}.Release|x86.ActiveCfg = Release|Any CPU
		{D212CB12-4F14-414B-A80C-3EF4006FC827}.Release|x86.Build.0 = Release|Any CPU
	EndGlobalSection
	GlobalSection(SolutionProperties) = preSolution
		HideSolutionNode = FALSE
	EndGlobalSection
EndGlobal
