
Microsoft Visual Studio Solution File, Format Version 12.00
# Visual Studio 14
VisualStudioVersion = 14.0.25420.1
MinimumVisualStudioVersion = 10.0.40219.1
Project("{FAE04EC0-301F-11D3-BF4B-00C04F79EFBC}") = "XamlSamples.Droid", "XamlSamples\XamlSamples.Droid\XamlSamples.Droid.csproj", "{AAA902A4-74B0-4153-B1DB-0E57295EA82B}"
EndProject
Project("{FAE04EC0-301F-11D3-BF4B-00C04F79EFBC}") = "XamlSamples.iOS", "XamlSamples\XamlSamples.iOS\XamlSamples.iOS.csproj", "{3CF69C92-5112-4F0C-B184-6AC2F6E6D87B}"
EndProject
Project("{FAE04EC0-301F-11D3-BF4B-00C04F79EFBC}") = "XamlSamples.WinPhone", "XamlSamples\XamlSamples.WinPhone\XamlSamples.WinPhone.csproj", "{801372E8-E540-43FD-9441-E71B7A2B2170}"
EndProject
Project("{FAE04EC0-301F-11D3-BF4B-00C04F79EFBC}") = "XamlSamples.Windows", "XamlSamples\XamlSamples.Windows\XamlSamples.Windows.csproj", "{1D319CD0-DB45-4285-B564-470D5A02B88A}"
EndProject
Project("{FAE04EC0-301F-11D3-BF4B-00C04F79EFBC}") = "XamlSamples", "XamlSamples\XamlSamples\XamlSamples.csproj", "{299F3477-7DD6-4BE6-9725-FB52218D5E71}"
EndProject
Global
	GlobalSection(SolutionConfigurationPlatforms) = preSolution
		Ad-Hoc|Any CPU = Ad-Hoc|Any CPU
		Ad-Hoc|ARM = Ad-Hoc|ARM
		Ad-Hoc|iPhone = Ad-Hoc|iPhone
		Ad-Hoc|iPhoneSimulator = Ad-Hoc|iPhoneSimulator
		Ad-Hoc|x64 = Ad-Hoc|x64
		Ad-Hoc|x86 = Ad-Hoc|x86
		AppStore|Any CPU = AppStore|Any CPU
		AppStore|ARM = AppStore|ARM
		AppStore|iPhone = AppStore|iPhone
		AppStore|iPhoneSimulator = AppStore|iPhoneSimulator
		AppStore|x64 = AppStore|x64
		AppStore|x86 = AppStore|x86
		Debug|Any CPU = Debug|Any CPU
		Debug|ARM = Debug|ARM
		Debug|iPhone = Debug|iPhone
		Debug|iPhoneSimulator = Debug|iPhoneSimulator
		Debug|x64 = Debug|x64
		Debug|x86 = Debug|x86
		Release|Any CPU = Release|Any CPU
		Release|ARM = Release|ARM
		Release|iPhone = Release|iPhone
		Release|iPhoneSimulator = Release|iPhoneSimulator
		Release|x64 = Release|x64
		Release|x86 = Release|x86
	EndGlobalSection
	GlobalSection(ProjectConfigurationPlatforms) = postSolution
		{AAA902A4-74B0-4153-B1DB-0E57295EA82B}.Ad-Hoc|Any CPU.ActiveCfg = Release|Any CPU
		{AAA902A4-74B0-4153-B1DB-0E57295EA82B}.Ad-Hoc|Any CPU.Build.0 = Release|Any CPU
		{AAA902A4-74B0-4153-B1DB-0E57295EA82B}.Ad-Hoc|Any CPU.Deploy.0 = Release|Any CPU
		{AAA902A4-74B0-4153-B1DB-0E57295EA82B}.Ad-Hoc|ARM.ActiveCfg = Release|Any CPU
		{AAA902A4-74B0-4153-B1DB-0E57295EA82B}.Ad-Hoc|ARM.Build.0 = Release|Any CPU
		{AAA902A4-74B0-4153-B1DB-0E57295EA82B}.Ad-Hoc|ARM.Deploy.0 = Release|Any CPU
		{AAA902A4-74B0-4153-B1DB-0E57295EA82B}.Ad-Hoc|iPhone.ActiveCfg = Release|Any CPU
		{AAA902A4-74B0-4153-B1DB-0E57295EA82B}.Ad-Hoc|iPhone.Build.0 = Release|Any CPU
		{AAA902A4-74B0-4153-B1DB-0E57295EA82B}.Ad-Hoc|iPhone.Deploy.0 = Release|Any CPU
		{AAA902A4-74B0-4153-B1DB-0E57295EA82B}.Ad-Hoc|iPhoneSimulator.ActiveCfg = Release|Any CPU
		{AAA902A4-74B0-4153-B1DB-0E57295EA82B}.Ad-Hoc|iPhoneSimulator.Build.0 = Release|Any CPU
		{AAA902A4-74B0-4153-B1DB-0E57295EA82B}.Ad-Hoc|iPhoneSimulator.Deploy.0 = Release|Any CPU
		{AAA902A4-74B0-4153-B1DB-0E57295EA82B}.Ad-Hoc|x64.ActiveCfg = Release|Any CPU
		{AAA902A4-74B0-4153-B1DB-0E57295EA82B}.Ad-Hoc|x64.Build.0 = Release|Any CPU
		{AAA902A4-74B0-4153-B1DB-0E57295EA82B}.Ad-Hoc|x64.Deploy.0 = Release|Any CPU
		{AAA902A4-74B0-4153-B1DB-0E57295EA82B}.Ad-Hoc|x86.ActiveCfg = Release|Any CPU
		{AAA902A4-74B0-4153-B1DB-0E57295EA82B}.Ad-Hoc|x86.Build.0 = Release|Any CPU
		{AAA902A4-74B0-4153-B1DB-0E57295EA82B}.Ad-Hoc|x86.Deploy.0 = Release|Any CPU
		{AAA902A4-74B0-4153-B1DB-0E57295EA82B}.AppStore|Any CPU.ActiveCfg = Release|Any CPU
		{AAA902A4-74B0-4153-B1DB-0E57295EA82B}.AppStore|Any CPU.Build.0 = Release|Any CPU
		{AAA902A4-74B0-4153-B1DB-0E57295EA82B}.AppStore|Any CPU.Deploy.0 = Release|Any CPU
		{AAA902A4-74B0-4153-B1DB-0E57295EA82B}.AppStore|ARM.ActiveCfg = Release|Any CPU
		{AAA902A4-74B0-4153-B1DB-0E57295EA82B}.AppStore|ARM.Build.0 = Release|Any CPU
		{AAA902A4-74B0-4153-B1DB-0E57295EA82B}.AppStore|ARM.Deploy.0 = Release|Any CPU
		{AAA902A4-74B0-4153-B1DB-0E57295EA82B}.AppStore|iPhone.ActiveCfg = Release|Any CPU
		{AAA902A4-74B0-4153-B1DB-0E57295EA82B}.AppStore|iPhone.Build.0 = Release|Any CPU
		{AAA902A4-74B0-4153-B1DB-0E57295EA82B}.AppStore|iPhone.Deploy.0 = Release|Any CPU
		{AAA902A4-74B0-4153-B1DB-0E57295EA82B}.AppStore|iPhoneSimulator.ActiveCfg = Release|Any CPU
		{AAA902A4-74B0-4153-B1DB-0E57295EA82B}.AppStore|iPhoneSimulator.Build.0 = Release|Any CPU
		{AAA902A4-74B0-4153-B1DB-0E57295EA82B}.AppStore|iPhoneSimulator.Deploy.0 = Release|Any CPU
		{AAA902A4-74B0-4153-B1DB-0E57295EA82B}.AppStore|x64.ActiveCfg = Release|Any CPU
		{AAA902A4-74B0-4153-B1DB-0E57295EA82B}.AppStore|x64.Build.0 = Release|Any CPU
		{AAA902A4-74B0-4153-B1DB-0E57295EA82B}.AppStore|x64.Deploy.0 = Release|Any CPU
		{AAA902A4-74B0-4153-B1DB-0E57295EA82B}.AppStore|x86.ActiveCfg = Release|Any CPU
		{AAA902A4-74B0-4153-B1DB-0E57295EA82B}.AppStore|x86.Build.0 = Release|Any CPU
		{AAA902A4-74B0-4153-B1DB-0E57295EA82B}.AppStore|x86.Deploy.0 = Release|Any CPU
		{AAA902A4-74B0-4153-B1DB-0E57295EA82B}.Debug|Any CPU.ActiveCfg = Debug|Any CPU
		{AAA902A4-74B0-4153-B1DB-0E57295EA82B}.Debug|Any CPU.Build.0 = Debug|Any CPU
		{AAA902A4-74B0-4153-B1DB-0E57295EA82B}.Debug|Any CPU.Deploy.0 = Debug|Any CPU
		{AAA902A4-74B0-4153-B1DB-0E57295EA82B}.Debug|ARM.ActiveCfg = Debug|Any CPU
		{AAA902A4-74B0-4153-B1DB-0E57295EA82B}.Debug|ARM.Build.0 = Debug|Any CPU
		{AAA902A4-74B0-4153-B1DB-0E57295EA82B}.Debug|ARM.Deploy.0 = Debug|Any CPU
		{AAA902A4-74B0-4153-B1DB-0E57295EA82B}.Debug|iPhone.ActiveCfg = Debug|Any CPU
		{AAA902A4-74B0-4153-B1DB-0E57295EA82B}.Debug|iPhone.Build.0 = Debug|Any CPU
		{AAA902A4-74B0-4153-B1DB-0E57295EA82B}.Debug|iPhone.Deploy.0 = Debug|Any CPU
		{AAA902A4-74B0-4153-B1DB-0E57295EA82B}.Debug|iPhoneSimulator.ActiveCfg = Debug|Any CPU
		{AAA902A4-74B0-4153-B1DB-0E57295EA82B}.Debug|iPhoneSimulator.Build.0 = Debug|Any CPU
		{AAA902A4-74B0-4153-B1DB-0E57295EA82B}.Debug|iPhoneSimulator.Deploy.0 = Debug|Any CPU
		{AAA902A4-74B0-4153-B1DB-0E57295EA82B}.Debug|x64.ActiveCfg = Debug|Any CPU
		{AAA902A4-74B0-4153-B1DB-0E57295EA82B}.Debug|x64.Build.0 = Debug|Any CPU
		{AAA902A4-74B0-4153-B1DB-0E57295EA82B}.Debug|x64.Deploy.0 = Debug|Any CPU
		{AAA902A4-74B0-4153-B1DB-0E57295EA82B}.Debug|x86.ActiveCfg = Debug|Any CPU
		{AAA902A4-74B0-4153-B1DB-0E57295EA82B}.Debug|x86.Build.0 = Debug|Any CPU
		{AAA902A4-74B0-4153-B1DB-0E57295EA82B}.Debug|x86.Deploy.0 = Debug|Any CPU
		{AAA902A4-74B0-4153-B1DB-0E57295EA82B}.Release|Any CPU.ActiveCfg = Release|Any CPU
		{AAA902A4-74B0-4153-B1DB-0E57295EA82B}.Release|Any CPU.Build.0 = Release|Any CPU
		{AAA902A4-74B0-4153-B1DB-0E57295EA82B}.Release|Any CPU.Deploy.0 = Release|Any CPU
		{AAA902A4-74B0-4153-B1DB-0E57295EA82B}.Release|ARM.ActiveCfg = Release|Any CPU
		{AAA902A4-74B0-4153-B1DB-0E57295EA82B}.Release|ARM.Build.0 = Release|Any CPU
		{AAA902A4-74B0-4153-B1DB-0E57295EA82B}.Release|ARM.Deploy.0 = Release|Any CPU
		{AAA902A4-74B0-4153-B1DB-0E57295EA82B}.Release|iPhone.ActiveCfg = Release|Any CPU
		{AAA902A4-74B0-4153-B1DB-0E57295EA82B}.Release|iPhone.Build.0 = Release|Any CPU
		{AAA902A4-74B0-4153-B1DB-0E57295EA82B}.Release|iPhone.Deploy.0 = Release|Any CPU
		{AAA902A4-74B0-4153-B1DB-0E57295EA82B}.Release|iPhoneSimulator.ActiveCfg = Release|Any CPU
		{AAA902A4-74B0-4153-B1DB-0E57295EA82B}.Release|iPhoneSimulator.Build.0 = Release|Any CPU
		{AAA902A4-74B0-4153-B1DB-0E57295EA82B}.Release|iPhoneSimulator.Deploy.0 = Release|Any CPU
		{AAA902A4-74B0-4153-B1DB-0E57295EA82B}.Release|x64.ActiveCfg = Release|Any CPU
		{AAA902A4-74B0-4153-B1DB-0E57295EA82B}.Release|x64.Build.0 = Release|Any CPU
		{AAA902A4-74B0-4153-B1DB-0E57295EA82B}.Release|x64.Deploy.0 = Release|Any CPU
		{AAA902A4-74B0-4153-B1DB-0E57295EA82B}.Release|x86.ActiveCfg = Release|Any CPU
		{AAA902A4-74B0-4153-B1DB-0E57295EA82B}.Release|x86.Build.0 = Release|Any CPU
		{AAA902A4-74B0-4153-B1DB-0E57295EA82B}.Release|x86.Deploy.0 = Release|Any CPU
		{3CF69C92-5112-4F0C-B184-6AC2F6E6D87B}.Ad-Hoc|Any CPU.ActiveCfg = Ad-Hoc|iPhone
		{3CF69C92-5112-4F0C-B184-6AC2F6E6D87B}.Ad-Hoc|ARM.ActiveCfg = Ad-Hoc|iPhone
		{3CF69C92-5112-4F0C-B184-6AC2F6E6D87B}.Ad-Hoc|iPhone.ActiveCfg = Ad-Hoc|iPhone
		{3CF69C92-5112-4F0C-B184-6AC2F6E6D87B}.Ad-Hoc|iPhone.Build.0 = Ad-Hoc|iPhone
		{3CF69C92-5112-4F0C-B184-6AC2F6E6D87B}.Ad-Hoc|iPhoneSimulator.ActiveCfg = Ad-Hoc|iPhoneSimulator
		{3CF69C92-5112-4F0C-B184-6AC2F6E6D87B}.Ad-Hoc|iPhoneSimulator.Build.0 = Ad-Hoc|iPhoneSimulator
		{3CF69C92-5112-4F0C-B184-6AC2F6E6D87B}.Ad-Hoc|x64.ActiveCfg = Ad-Hoc|iPhone
		{3CF69C92-5112-4F0C-B184-6AC2F6E6D87B}.Ad-Hoc|x86.ActiveCfg = Ad-Hoc|iPhone
		{3CF69C92-5112-4F0C-B184-6AC2F6E6D87B}.AppStore|Any CPU.ActiveCfg = AppStore|iPhone
		{3CF69C92-5112-4F0C-B184-6AC2F6E6D87B}.AppStore|ARM.ActiveCfg = AppStore|iPhone
		{3CF69C92-5112-4F0C-B184-6AC2F6E6D87B}.AppStore|iPhone.ActiveCfg = AppStore|iPhone
		{3CF69C92-5112-4F0C-B184-6AC2F6E6D87B}.AppStore|iPhone.Build.0 = AppStore|iPhone
		{3CF69C92-5112-4F0C-B184-6AC2F6E6D87B}.AppStore|iPhoneSimulator.ActiveCfg = AppStore|iPhoneSimulator
		{3CF69C92-5112-4F0C-B184-6AC2F6E6D87B}.AppStore|iPhoneSimulator.Build.0 = AppStore|iPhoneSimulator
		{3CF69C92-5112-4F0C-B184-6AC2F6E6D87B}.AppStore|x64.ActiveCfg = AppStore|iPhone
		{3CF69C92-5112-4F0C-B184-6AC2F6E6D87B}.AppStore|x86.ActiveCfg = AppStore|iPhone
		{3CF69C92-5112-4F0C-B184-6AC2F6E6D87B}.Debug|Any CPU.ActiveCfg = Debug|iPhone
		{3CF69C92-5112-4F0C-B184-6AC2F6E6D87B}.Debug|ARM.ActiveCfg = Debug|iPhone
		{3CF69C92-5112-4F0C-B184-6AC2F6E6D87B}.Debug|iPhone.ActiveCfg = Debug|iPhone
		{3CF69C92-5112-4F0C-B184-6AC2F6E6D87B}.Debug|iPhone.Build.0 = Debug|iPhone
		{3CF69C92-5112-4F0C-B184-6AC2F6E6D87B}.Debug|iPhoneSimulator.ActiveCfg = Debug|iPhoneSimulator
		{3CF69C92-5112-4F0C-B184-6AC2F6E6D87B}.Debug|iPhoneSimulator.Build.0 = Debug|iPhoneSimulator
		{3CF69C92-5112-4F0C-B184-6AC2F6E6D87B}.Debug|x64.ActiveCfg = Debug|iPhone
		{3CF69C92-5112-4F0C-B184-6AC2F6E6D87B}.Debug|x86.ActiveCfg = Debug|iPhone
		{3CF69C92-5112-4F0C-B184-6AC2F6E6D87B}.Release|Any CPU.ActiveCfg = Release|iPhone
		{3CF69C92-5112-4F0C-B184-6AC2F6E6D87B}.Release|ARM.ActiveCfg = Release|iPhone
		{3CF69C92-5112-4F0C-B184-6AC2F6E6D87B}.Release|iPhone.ActiveCfg = Release|iPhone
		{3CF69C92-5112-4F0C-B184-6AC2F6E6D87B}.Release|iPhone.Build.0 = Release|iPhone
		{3CF69C92-5112-4F0C-B184-6AC2F6E6D87B}.Release|iPhoneSimulator.ActiveCfg = Release|iPhoneSimulator
		{3CF69C92-5112-4F0C-B184-6AC2F6E6D87B}.Release|iPhoneSimulator.Build.0 = Release|iPhoneSimulator
		{3CF69C92-5112-4F0C-B184-6AC2F6E6D87B}.Release|x64.ActiveCfg = Release|iPhone
		{3CF69C92-5112-4F0C-B184-6AC2F6E6D87B}.Release|x86.ActiveCfg = Release|iPhone
		{801372E8-E540-43FD-9441-E71B7A2B2170}.Ad-Hoc|Any CPU.ActiveCfg = Release|Any CPU
		{801372E8-E540-43FD-9441-E71B7A2B2170}.Ad-Hoc|Any CPU.Build.0 = Release|Any CPU
		{801372E8-E540-43FD-9441-E71B7A2B2170}.Ad-Hoc|Any CPU.Deploy.0 = Release|Any CPU
		{801372E8-E540-43FD-9441-E71B7A2B2170}.Ad-Hoc|ARM.ActiveCfg = Release|ARM
		{801372E8-E540-43FD-9441-E71B7A2B2170}.Ad-Hoc|ARM.Build.0 = Release|ARM
		{801372E8-E540-43FD-9441-E71B7A2B2170}.Ad-Hoc|ARM.Deploy.0 = Release|ARM
		{801372E8-E540-43FD-9441-E71B7A2B2170}.Ad-Hoc|iPhone.ActiveCfg = Release|Any CPU
		{801372E8-E540-43FD-9441-E71B7A2B2170}.Ad-Hoc|iPhone.Build.0 = Release|Any CPU
		{801372E8-E540-43FD-9441-E71B7A2B2170}.Ad-Hoc|iPhone.Deploy.0 = Release|Any CPU
		{801372E8-E540-43FD-9441-E71B7A2B2170}.Ad-Hoc|iPhoneSimulator.ActiveCfg = Release|Any CPU
		{801372E8-E540-43FD-9441-E71B7A2B2170}.Ad-Hoc|iPhoneSimulator.Build.0 = Release|Any CPU
		{801372E8-E540-43FD-9441-E71B7A2B2170}.Ad-Hoc|iPhoneSimulator.Deploy.0 = Release|Any CPU
		{801372E8-E540-43FD-9441-E71B7A2B2170}.Ad-Hoc|x64.ActiveCfg = Release|Any CPU
		{801372E8-E540-43FD-9441-E71B7A2B2170}.Ad-Hoc|x64.Build.0 = Release|Any CPU
		{801372E8-E540-43FD-9441-E71B7A2B2170}.Ad-Hoc|x64.Deploy.0 = Release|Any CPU
		{801372E8-E540-43FD-9441-E71B7A2B2170}.Ad-Hoc|x86.ActiveCfg = Release|x86
		{801372E8-E540-43FD-9441-E71B7A2B2170}.Ad-Hoc|x86.Build.0 = Release|x86
		{801372E8-E540-43FD-9441-E71B7A2B2170}.Ad-Hoc|x86.Deploy.0 = Release|x86
		{801372E8-E540-43FD-9441-E71B7A2B2170}.AppStore|Any CPU.ActiveCfg = Release|Any CPU
		{801372E8-E540-43FD-9441-E71B7A2B2170}.AppStore|Any CPU.Build.0 = Release|Any CPU
		{801372E8-E540-43FD-9441-E71B7A2B2170}.AppStore|Any CPU.Deploy.0 = Release|Any CPU
		{801372E8-E540-43FD-9441-E71B7A2B2170}.AppStore|ARM.ActiveCfg = Release|ARM
		{801372E8-E540-43FD-9441-E71B7A2B2170}.AppStore|ARM.Build.0 = Release|ARM
		{801372E8-E540-43FD-9441-E71B7A2B2170}.AppStore|ARM.Deploy.0 = Release|ARM
		{801372E8-E540-43FD-9441-E71B7A2B2170}.AppStore|iPhone.ActiveCfg = Release|Any CPU
		{801372E8-E540-43FD-9441-E71B7A2B2170}.AppStore|iPhone.Build.0 = Release|Any CPU
		{801372E8-E540-43FD-9441-E71B7A2B2170}.AppStore|iPhone.Deploy.0 = Release|Any CPU
		{801372E8-E540-43FD-9441-E71B7A2B2170}.AppStore|iPhoneSimulator.ActiveCfg = Release|Any CPU
		{801372E8-E540-43FD-9441-E71B7A2B2170}.AppStore|iPhoneSimulator.Build.0 = Release|Any CPU
		{801372E8-E540-43FD-9441-E71B7A2B2170}.AppStore|iPhoneSimulator.Deploy.0 = Release|Any CPU
		{801372E8-E540-43FD-9441-E71B7A2B2170}.AppStore|x64.ActiveCfg = Release|Any CPU
		{801372E8-E540-43FD-9441-E71B7A2B2170}.AppStore|x64.Build.0 = Release|Any CPU
		{801372E8-E540-43FD-9441-E71B7A2B2170}.AppStore|x64.Deploy.0 = Release|Any CPU
		{801372E8-E540-43FD-9441-E71B7A2B2170}.AppStore|x86.ActiveCfg = Release|x86
		{801372E8-E540-43FD-9441-E71B7A2B2170}.AppStore|x86.Build.0 = Release|x86
		{801372E8-E540-43FD-9441-E71B7A2B2170}.AppStore|x86.Deploy.0 = Release|x86
		{801372E8-E540-43FD-9441-E71B7A2B2170}.Debug|Any CPU.ActiveCfg = Debug|Any CPU
		{801372E8-E540-43FD-9441-E71B7A2B2170}.Debug|Any CPU.Build.0 = Debug|Any CPU
		{801372E8-E540-43FD-9441-E71B7A2B2170}.Debug|Any CPU.Deploy.0 = Debug|Any CPU
		{801372E8-E540-43FD-9441-E71B7A2B2170}.Debug|ARM.ActiveCfg = Debug|ARM
		{801372E8-E540-43FD-9441-E71B7A2B2170}.Debug|ARM.Build.0 = Debug|ARM
		{801372E8-E540-43FD-9441-E71B7A2B2170}.Debug|ARM.Deploy.0 = Debug|ARM
		{801372E8-E540-43FD-9441-E71B7A2B2170}.Debug|iPhone.ActiveCfg = Debug|Any CPU
		{801372E8-E540-43FD-9441-E71B7A2B2170}.Debug|iPhone.Build.0 = Debug|Any CPU
		{801372E8-E540-43FD-9441-E71B7A2B2170}.Debug|iPhone.Deploy.0 = Debug|Any CPU
		{801372E8-E540-43FD-9441-E71B7A2B2170}.Debug|iPhoneSimulator.ActiveCfg = Debug|Any CPU
		{801372E8-E540-43FD-9441-E71B7A2B2170}.Debug|iPhoneSimulator.Build.0 = Debug|Any CPU
		{801372E8-E540-43FD-9441-E71B7A2B2170}.Debug|iPhoneSimulator.Deploy.0 = Debug|Any CPU
		{801372E8-E540-43FD-9441-E71B7A2B2170}.Debug|x64.ActiveCfg = Debug|Any CPU
		{801372E8-E540-43FD-9441-E71B7A2B2170}.Debug|x64.Build.0 = Debug|Any CPU
		{801372E8-E540-43FD-9441-E71B7A2B2170}.Debug|x64.Deploy.0 = Debug|Any CPU
		{801372E8-E540-43FD-9441-E71B7A2B2170}.Debug|x86.ActiveCfg = Debug|x86
		{801372E8-E540-43FD-9441-E71B7A2B2170}.Debug|x86.Build.0 = Debug|x86
		{801372E8-E540-43FD-9441-E71B7A2B2170}.Debug|x86.Deploy.0 = Debug|x86
		{801372E8-E540-43FD-9441-E71B7A2B2170}.Release|Any CPU.ActiveCfg = Release|Any CPU
		{801372E8-E540-43FD-9441-E71B7A2B2170}.Release|Any CPU.Build.0 = Release|Any CPU
		{801372E8-E540-43FD-9441-E71B7A2B2170}.Release|Any CPU.Deploy.0 = Release|Any CPU
		{801372E8-E540-43FD-9441-E71B7A2B2170}.Release|ARM.ActiveCfg = Release|ARM
		{801372E8-E540-43FD-9441-E71B7A2B2170}.Release|ARM.Build.0 = Release|ARM
		{801372E8-E540-43FD-9441-E71B7A2B2170}.Release|ARM.Deploy.0 = Release|ARM
		{801372E8-E540-43FD-9441-E71B7A2B2170}.Release|iPhone.ActiveCfg = Release|Any CPU
		{801372E8-E540-43FD-9441-E71B7A2B2170}.Release|iPhone.Build.0 = Release|Any CPU
		{801372E8-E540-43FD-9441-E71B7A2B2170}.Release|iPhone.Deploy.0 = Release|Any CPU
		{801372E8-E540-43FD-9441-E71B7A2B2170}.Release|iPhoneSimulator.ActiveCfg = Release|Any CPU
		{801372E8-E540-43FD-9441-E71B7A2B2170}.Release|iPhoneSimulator.Build.0 = Release|Any CPU
		{801372E8-E540-43FD-9441-E71B7A2B2170}.Release|iPhoneSimulator.Deploy.0 = Release|Any CPU
		{801372E8-E540-43FD-9441-E71B7A2B2170}.Release|x64.ActiveCfg = Release|Any CPU
		{801372E8-E540-43FD-9441-E71B7A2B2170}.Release|x64.Build.0 = Release|Any CPU
		{801372E8-E540-43FD-9441-E71B7A2B2170}.Release|x64.Deploy.0 = Release|Any CPU
		{801372E8-E540-43FD-9441-E71B7A2B2170}.Release|x86.ActiveCfg = Release|x86
		{801372E8-E540-43FD-9441-E71B7A2B2170}.Release|x86.Build.0 = Release|x86
		{801372E8-E540-43FD-9441-E71B7A2B2170}.Release|x86.Deploy.0 = Release|x86
		{1D319CD0-DB45-4285-B564-470D5A02B88A}.Ad-Hoc|Any CPU.ActiveCfg = Release|Any CPU
		{1D319CD0-DB45-4285-B564-470D5A02B88A}.Ad-Hoc|Any CPU.Build.0 = Release|Any CPU
		{1D319CD0-DB45-4285-B564-470D5A02B88A}.Ad-Hoc|Any CPU.Deploy.0 = Release|Any CPU
		{1D319CD0-DB45-4285-B564-470D5A02B88A}.Ad-Hoc|ARM.ActiveCfg = Release|ARM
		{1D319CD0-DB45-4285-B564-470D5A02B88A}.Ad-Hoc|ARM.Build.0 = Release|ARM
		{1D319CD0-DB45-4285-B564-470D5A02B88A}.Ad-Hoc|ARM.Deploy.0 = Release|ARM
		{1D319CD0-DB45-4285-B564-470D5A02B88A}.Ad-Hoc|iPhone.ActiveCfg = Release|Any CPU
		{1D319CD0-DB45-4285-B564-470D5A02B88A}.Ad-Hoc|iPhone.Build.0 = Release|Any CPU
		{1D319CD0-DB45-4285-B564-470D5A02B88A}.Ad-Hoc|iPhone.Deploy.0 = Release|Any CPU
		{1D319CD0-DB45-4285-B564-470D5A02B88A}.Ad-Hoc|iPhoneSimulator.ActiveCfg = Release|Any CPU
		{1D319CD0-DB45-4285-B564-470D5A02B88A}.Ad-Hoc|iPhoneSimulator.Build.0 = Release|Any CPU
		{1D319CD0-DB45-4285-B564-470D5A02B88A}.Ad-Hoc|iPhoneSimulator.Deploy.0 = Release|Any CPU
		{1D319CD0-DB45-4285-B564-470D5A02B88A}.Ad-Hoc|x64.ActiveCfg = Release|x64
		{1D319CD0-DB45-4285-B564-470D5A02B88A}.Ad-Hoc|x64.Build.0 = Release|x64
		{1D319CD0-DB45-4285-B564-470D5A02B88A}.Ad-Hoc|x64.Deploy.0 = Release|x64
		{1D319CD0-DB45-4285-B564-470D5A02B88A}.Ad-Hoc|x86.ActiveCfg = Release|x86
		{1D319CD0-DB45-4285-B564-470D5A02B88A}.Ad-Hoc|x86.Build.0 = Release|x86
		{1D319CD0-DB45-4285-B564-470D5A02B88A}.Ad-Hoc|x86.Deploy.0 = Release|x86
		{1D319CD0-DB45-4285-B564-470D5A02B88A}.AppStore|Any CPU.ActiveCfg = Release|Any CPU
		{1D319CD0-DB45-4285-B564-470D5A02B88A}.AppStore|Any CPU.Build.0 = Release|Any CPU
		{1D319CD0-DB45-4285-B564-470D5A02B88A}.AppStore|Any CPU.Deploy.0 = Release|Any CPU
		{1D319CD0-DB45-4285-B564-470D5A02B88A}.AppStore|ARM.ActiveCfg = Release|ARM
		{1D319CD0-DB45-4285-B564-470D5A02B88A}.AppStore|ARM.Build.0 = Release|ARM
		{1D319CD0-DB45-4285-B564-470D5A02B88A}.AppStore|ARM.Deploy.0 = Release|ARM
		{1D319CD0-DB45-4285-B564-470D5A02B88A}.AppStore|iPhone.ActiveCfg = Release|Any CPU
		{1D319CD0-DB45-4285-B564-470D5A02B88A}.AppStore|iPhone.Build.0 = Release|Any CPU
		{1D319CD0-DB45-4285-B564-470D5A02B88A}.AppStore|iPhone.Deploy.0 = Release|Any CPU
		{1D319CD0-DB45-4285-B564-470D5A02B88A}.AppStore|iPhoneSimulator.ActiveCfg = Release|Any CPU
		{1D319CD0-DB45-4285-B564-470D5A02B88A}.AppStore|iPhoneSimulator.Build.0 = Release|Any CPU
		{1D319CD0-DB45-4285-B564-470D5A02B88A}.AppStore|iPhoneSimulator.Deploy.0 = Release|Any CPU
		{1D319CD0-DB45-4285-B564-470D5A02B88A}.AppStore|x64.ActiveCfg = Release|x64
		{1D319CD0-DB45-4285-B564-470D5A02B88A}.AppStore|x64.Build.0 = Release|x64
		{1D319CD0-DB45-4285-B564-470D5A02B88A}.AppStore|x64.Deploy.0 = Release|x64
		{1D319CD0-DB45-4285-B564-470D5A02B88A}.AppStore|x86.ActiveCfg = Release|x86
		{1D319CD0-DB45-4285-B564-470D5A02B88A}.AppStore|x86.Build.0 = Release|x86
		{1D319CD0-DB45-4285-B564-470D5A02B88A}.AppStore|x86.Deploy.0 = Release|x86
		{1D319CD0-DB45-4285-B564-470D5A02B88A}.Debug|Any CPU.ActiveCfg = Debug|Any CPU
		{1D319CD0-DB45-4285-B564-470D5A02B88A}.Debug|Any CPU.Build.0 = Debug|Any CPU
		{1D319CD0-DB45-4285-B564-470D5A02B88A}.Debug|Any CPU.Deploy.0 = Debug|Any CPU
		{1D319CD0-DB45-4285-B564-470D5A02B88A}.Debug|ARM.ActiveCfg = Debug|ARM
		{1D319CD0-DB45-4285-B564-470D5A02B88A}.Debug|ARM.Build.0 = Debug|ARM
		{1D319CD0-DB45-4285-B564-470D5A02B88A}.Debug|ARM.Deploy.0 = Debug|ARM
		{1D319CD0-DB45-4285-B564-470D5A02B88A}.Debug|iPhone.ActiveCfg = Debug|Any CPU
		{1D319CD0-DB45-4285-B564-470D5A02B88A}.Debug|iPhone.Build.0 = Debug|Any CPU
		{1D319CD0-DB45-4285-B564-470D5A02B88A}.Debug|iPhone.Deploy.0 = Debug|Any CPU
		{1D319CD0-DB45-4285-B564-470D5A02B88A}.Debug|iPhoneSimulator.ActiveCfg = Debug|Any CPU
		{1D319CD0-DB45-4285-B564-470D5A02B88A}.Debug|iPhoneSimulator.Build.0 = Debug|Any CPU
		{1D319CD0-DB45-4285-B564-470D5A02B88A}.Debug|iPhoneSimulator.Deploy.0 = Debug|Any CPU
		{1D319CD0-DB45-4285-B564-470D5A02B88A}.Debug|x64.ActiveCfg = Debug|x64
		{1D319CD0-DB45-4285-B564-470D5A02B88A}.Debug|x64.Build.0 = Debug|x64
		{1D319CD0-DB45-4285-B564-470D5A02B88A}.Debug|x64.Deploy.0 = Debug|x64
		{1D319CD0-DB45-4285-B564-470D5A02B88A}.Debug|x86.ActiveCfg = Debug|x86
		{1D319CD0-DB45-4285-B564-470D5A02B88A}.Debug|x86.Build.0 = Debug|x86
		{1D319CD0-DB45-4285-B564-470D5A02B88A}.Debug|x86.Deploy.0 = Debug|x86
		{1D319CD0-DB45-4285-B564-470D5A02B88A}.Release|Any CPU.ActiveCfg = Release|Any CPU
		{1D319CD0-DB45-4285-B564-470D5A02B88A}.Release|Any CPU.Build.0 = Release|Any CPU
		{1D319CD0-DB45-4285-B564-470D5A02B88A}.Release|Any CPU.Deploy.0 = Release|Any CPU
		{1D319CD0-DB45-4285-B564-470D5A02B88A}.Release|ARM.ActiveCfg = Release|ARM
		{1D319CD0-DB45-4285-B564-470D5A02B88A}.Release|ARM.Build.0 = Release|ARM
		{1D319CD0-DB45-4285-B564-470D5A02B88A}.Release|ARM.Deploy.0 = Release|ARM
		{1D319CD0-DB45-4285-B564-470D5A02B88A}.Release|iPhone.ActiveCfg = Release|Any CPU
		{1D319CD0-DB45-4285-B564-470D5A02B88A}.Release|iPhone.Build.0 = Release|Any CPU
		{1D319CD0-DB45-4285-B564-470D5A02B88A}.Release|iPhone.Deploy.0 = Release|Any CPU
		{1D319CD0-DB45-4285-B564-470D5A02B88A}.Release|iPhoneSimulator.ActiveCfg = Release|Any CPU
		{1D319CD0-DB45-4285-B564-470D5A02B88A}.Release|iPhoneSimulator.Build.0 = Release|Any CPU
		{1D319CD0-DB45-4285-B564-470D5A02B88A}.Release|iPhoneSimulator.Deploy.0 = Release|Any CPU
		{1D319CD0-DB45-4285-B564-470D5A02B88A}.Release|x64.ActiveCfg = Release|x64
		{1D319CD0-DB45-4285-B564-470D5A02B88A}.Release|x64.Build.0 = Release|x64
		{1D319CD0-DB45-4285-B564-470D5A02B88A}.Release|x64.Deploy.0 = Release|x64
		{1D319CD0-DB45-4285-B564-470D5A02B88A}.Release|x86.ActiveCfg = Release|x86
		{1D319CD0-DB45-4285-B564-470D5A02B88A}.Release|x86.Build.0 = Release|x86
		{1D319CD0-DB45-4285-B564-470D5A02B88A}.Release|x86.Deploy.0 = Release|x86
		{299F3477-7DD6-4BE6-9725-FB52218D5E71}.Ad-Hoc|Any CPU.ActiveCfg = Release|Any CPU
		{299F3477-7DD6-4BE6-9725-FB52218D5E71}.Ad-Hoc|Any CPU.Build.0 = Release|Any CPU
		{299F3477-7DD6-4BE6-9725-FB52218D5E71}.Ad-Hoc|ARM.ActiveCfg = Release|Any CPU
		{299F3477-7DD6-4BE6-9725-FB52218D5E71}.Ad-Hoc|ARM.Build.0 = Release|Any CPU
		{299F3477-7DD6-4BE6-9725-FB52218D5E71}.Ad-Hoc|iPhone.ActiveCfg = Release|Any CPU
		{299F3477-7DD6-4BE6-9725-FB52218D5E71}.Ad-Hoc|iPhone.Build.0 = Release|Any CPU
		{299F3477-7DD6-4BE6-9725-FB52218D5E71}.Ad-Hoc|iPhoneSimulator.ActiveCfg = Release|Any CPU
		{299F3477-7DD6-4BE6-9725-FB52218D5E71}.Ad-Hoc|iPhoneSimulator.Build.0 = Release|Any CPU
		{299F3477-7DD6-4BE6-9725-FB52218D5E71}.Ad-Hoc|x64.ActiveCfg = Release|Any CPU
		{299F3477-7DD6-4BE6-9725-FB52218D5E71}.Ad-Hoc|x64.Build.0 = Release|Any CPU
		{299F3477-7DD6-4BE6-9725-FB52218D5E71}.Ad-Hoc|x86.ActiveCfg = Release|Any CPU
		{299F3477-7DD6-4BE6-9725-FB52218D5E71}.Ad-Hoc|x86.Build.0 = Release|Any CPU
		{299F3477-7DD6-4BE6-9725-FB52218D5E71}.AppStore|Any CPU.ActiveCfg = Release|Any CPU
		{299F3477-7DD6-4BE6-9725-FB52218D5E71}.AppStore|Any CPU.Build.0 = Release|Any CPU
		{299F3477-7DD6-4BE6-9725-FB52218D5E71}.AppStore|ARM.ActiveCfg = Release|Any CPU
		{299F3477-7DD6-4BE6-9725-FB52218D5E71}.AppStore|ARM.Build.0 = Release|Any CPU
		{299F3477-7DD6-4BE6-9725-FB52218D5E71}.AppStore|iPhone.ActiveCfg = Release|Any CPU
		{299F3477-7DD6-4BE6-9725-FB52218D5E71}.AppStore|iPhone.Build.0 = Release|Any CPU
		{299F3477-7DD6-4BE6-9725-FB52218D5E71}.AppStore|iPhoneSimulator.ActiveCfg = Release|Any CPU
		{299F3477-7DD6-4BE6-9725-FB52218D5E71}.AppStore|iPhoneSimulator.Build.0 = Release|Any CPU
		{299F3477-7DD6-4BE6-9725-FB52218D5E71}.AppStore|x64.ActiveCfg = Release|Any CPU
		{299F3477-7DD6-4BE6-9725-FB52218D5E71}.AppStore|x64.Build.0 = Release|Any CPU
		{299F3477-7DD6-4BE6-9725-FB52218D5E71}.AppStore|x86.ActiveCfg = Release|Any CPU
		{299F3477-7DD6-4BE6-9725-FB52218D5E71}.AppStore|x86.Build.0 = Release|Any CPU
		{299F3477-7DD6-4BE6-9725-FB52218D5E71}.Debug|Any CPU.ActiveCfg = Debug|Any CPU
		{299F3477-7DD6-4BE6-9725-FB52218D5E71}.Debug|Any CPU.Build.0 = Debug|Any CPU
		{299F3477-7DD6-4BE6-9725-FB52218D5E71}.Debug|ARM.ActiveCfg = Debug|Any CPU
		{299F3477-7DD6-4BE6-9725-FB52218D5E71}.Debug|ARM.Build.0 = Debug|Any CPU
		{299F3477-7DD6-4BE6-9725-FB52218D5E71}.Debug|iPhone.ActiveCfg = Debug|Any CPU
		{299F3477-7DD6-4BE6-9725-FB52218D5E71}.Debug|iPhone.Build.0 = Debug|Any CPU
		{299F3477-7DD6-4BE6-9725-FB52218D5E71}.Debug|iPhoneSimulator.ActiveCfg = Debug|Any CPU
		{299F3477-7DD6-4BE6-9725-FB52218D5E71}.Debug|iPhoneSimulator.Build.0 = Debug|Any CPU
		{299F3477-7DD6-4BE6-9725-FB52218D5E71}.Debug|x64.ActiveCfg = Debug|Any CPU
		{299F3477-7DD6-4BE6-9725-FB52218D5E71}.Debug|x64.Build.0 = Debug|Any CPU
		{299F3477-7DD6-4BE6-9725-FB52218D5E71}.Debug|x86.ActiveCfg = Debug|Any CPU
		{299F3477-7DD6-4BE6-9725-FB52218D5E71}.Debug|x86.Build.0 = Debug|Any CPU
		{299F3477-7DD6-4BE6-9725-FB52218D5E71}.Release|Any CPU.ActiveCfg = Release|Any CPU
		{299F3477-7DD6-4BE6-9725-FB52218D5E71}.Release|Any CPU.Build.0 = Release|Any CPU
		{299F3477-7DD6-4BE6-9725-FB52218D5E71}.Release|ARM.ActiveCfg = Release|Any CPU
		{299F3477-7DD6-4BE6-9725-FB52218D5E71}.Release|ARM.Build.0 = Release|Any CPU
		{299F3477-7DD6-4BE6-9725-FB52218D5E71}.Release|iPhone.ActiveCfg = Release|Any CPU
		{299F3477-7DD6-4BE6-9725-FB52218D5E71}.Release|iPhone.Build.0 = Release|Any CPU
		{299F3477-7DD6-4BE6-9725-FB52218D5E71}.Release|iPhoneSimulator.ActiveCfg = Release|Any CPU
		{299F3477-7DD6-4BE6-9725-FB52218D5E71}.Release|iPhoneSimulator.Build.0 = Release|Any CPU
		{299F3477-7DD6-4BE6-9725-FB52218D5E71}.Release|x64.ActiveCfg = Release|Any CPU
		{299F3477-7DD6-4BE6-9725-FB52218D5E71}.Release|x64.Build.0 = Release|Any CPU
		{299F3477-7DD6-4BE6-9725-FB52218D5E71}.Release|x86.ActiveCfg = Release|Any CPU
		{299F3477-7DD6-4BE6-9725-FB52218D5E71}.Release|x86.Build.0 = Release|Any CPU
	EndGlobalSection
	GlobalSection(SolutionProperties) = preSolution
		HideSolutionNode = FALSE
	EndGlobalSection
EndGlobal
