
Microsoft Visual Studio Solution File, Format Version 12.00
# Visual Studio 14
VisualStudioVersion = 14.0.25420.1
MinimumVisualStudioVersion = 10.0.40219.1
Project("{FAE04EC0-301F-11D3-BF4B-00C04F79EFBC}") = "BlankFromsPort.Droid", "BlankFromsPort\BlankFromsPort.Droid\BlankFromsPort.Droid.csproj", "{016949EF-FA29-494A-9C7C-2DED1D534C95}"
EndProject
Project("{FAE04EC0-301F-11D3-BF4B-00C04F79EFBC}") = "BlankFromsPort.iOS", "BlankFromsPort\BlankFromsPort.iOS\BlankFromsPort.iOS.csproj", "{6B9A3849-0A36-41C0-AA9B-D745EE84A43B}"
EndProject
Project("{FAE04EC0-301F-11D3-BF4B-00C04F79EFBC}") = "BlankFromsPort.WinPhone", "BlankFromsPort\BlankFromsPort.WinPhone\BlankFromsPort.WinPhone.csproj", "{04B27F11-C106-4051-B63B-7F7E04061CB0}"
EndProject
Project("{FAE04EC0-301F-11D3-BF4B-00C04F79EFBC}") = "BlankFromsPort.Windows", "BlankFromsPort\BlankFromsPort.Windows\BlankFromsPort.Windows.csproj", "{56610A85-9525-41CF-B1DA-C0AB956E6409}"
EndProject
Project("{FAE04EC0-301F-11D3-BF4B-00C04F79EFBC}") = "BlankFromsPort", "BlankFromsPort\BlankFromsPort\BlankFromsPort.csproj", "{FAABE665-730D-4ADD-8461-4EA72C91674C}"
EndProject
Global
	GlobalSection(SolutionConfigurationPlatforms) = preSolution
		Ad-Hoc|Any CPU = Ad-Hoc|Any CPU
		Ad-Hoc|ARM = Ad-Hoc|ARM
		Ad-Hoc|iPhone = Ad-Hoc|iPhone
		Ad-Hoc|iPhoneSimulator = Ad-Hoc|iPhoneSimulator
		Ad-Hoc|x64 = Ad-Hoc|x64
		Ad-Hoc|x86 = Ad-Hoc|x86
		AppStore|Any CPU = AppStore|Any CPU
		AppStore|ARM = AppStore|ARM
		AppStore|iPhone = AppStore|iPhone
		AppStore|iPhoneSimulator = AppStore|iPhoneSimulator
		AppStore|x64 = AppStore|x64
		AppStore|x86 = AppStore|x86
		Debug|Any CPU = Debug|Any CPU
		Debug|ARM = Debug|ARM
		Debug|iPhone = Debug|iPhone
		Debug|iPhoneSimulator = Debug|iPhoneSimulator
		Debug|x64 = Debug|x64
		Debug|x86 = Debug|x86
		Release|Any CPU = Release|Any CPU
		Release|ARM = Release|ARM
		Release|iPhone = Release|iPhone
		Release|iPhoneSimulator = Release|iPhoneSimulator
		Release|x64 = Release|x64
		Release|x86 = Release|x86
	EndGlobalSection
	GlobalSection(ProjectConfigurationPlatforms) = postSolution
		{016949EF-FA29-494A-9C7C-2DED1D534C95}.Ad-Hoc|Any CPU.ActiveCfg = Release|Any CPU
		{016949EF-FA29-494A-9C7C-2DED1D534C95}.Ad-Hoc|Any CPU.Build.0 = Release|Any CPU
		{016949EF-FA29-494A-9C7C-2DED1D534C95}.Ad-Hoc|Any CPU.Deploy.0 = Release|Any CPU
		{016949EF-FA29-494A-9C7C-2DED1D534C95}.Ad-Hoc|ARM.ActiveCfg = Release|Any CPU
		{016949EF-FA29-494A-9C7C-2DED1D534C95}.Ad-Hoc|ARM.Build.0 = Release|Any CPU
		{016949EF-FA29-494A-9C7C-2DED1D534C95}.Ad-Hoc|ARM.Deploy.0 = Release|Any CPU
		{016949EF-FA29-494A-9C7C-2DED1D534C95}.Ad-Hoc|iPhone.ActiveCfg = Release|Any CPU
		{016949EF-FA29-494A-9C7C-2DED1D534C95}.Ad-Hoc|iPhone.Build.0 = Release|Any CPU
		{016949EF-FA29-494A-9C7C-2DED1D534C95}.Ad-Hoc|iPhone.Deploy.0 = Release|Any CPU
		{016949EF-FA29-494A-9C7C-2DED1D534C95}.Ad-Hoc|iPhoneSimulator.ActiveCfg = Release|Any CPU
		{016949EF-FA29-494A-9C7C-2DED1D534C95}.Ad-Hoc|iPhoneSimulator.Build.0 = Release|Any CPU
		{016949EF-FA29-494A-9C7C-2DED1D534C95}.Ad-Hoc|iPhoneSimulator.Deploy.0 = Release|Any CPU
		{016949EF-FA29-494A-9C7C-2DED1D534C95}.Ad-Hoc|x64.ActiveCfg = Release|Any CPU
		{016949EF-FA29-494A-9C7C-2DED1D534C95}.Ad-Hoc|x64.Build.0 = Release|Any CPU
		{016949EF-FA29-494A-9C7C-2DED1D534C95}.Ad-Hoc|x64.Deploy.0 = Release|Any CPU
		{016949EF-FA29-494A-9C7C-2DED1D534C95}.Ad-Hoc|x86.ActiveCfg = Release|Any CPU
		{016949EF-FA29-494A-9C7C-2DED1D534C95}.Ad-Hoc|x86.Build.0 = Release|Any CPU
		{016949EF-FA29-494A-9C7C-2DED1D534C95}.Ad-Hoc|x86.Deploy.0 = Release|Any CPU
		{016949EF-FA29-494A-9C7C-2DED1D534C95}.AppStore|Any CPU.ActiveCfg = Release|Any CPU
		{016949EF-FA29-494A-9C7C-2DED1D534C95}.AppStore|Any CPU.Build.0 = Release|Any CPU
		{016949EF-FA29-494A-9C7C-2DED1D534C95}.AppStore|Any CPU.Deploy.0 = Release|Any CPU
		{016949EF-FA29-494A-9C7C-2DED1D534C95}.AppStore|ARM.ActiveCfg = Release|Any CPU
		{016949EF-FA29-494A-9C7C-2DED1D534C95}.AppStore|ARM.Build.0 = Release|Any CPU
		{016949EF-FA29-494A-9C7C-2DED1D534C95}.AppStore|ARM.Deploy.0 = Release|Any CPU
		{016949EF-FA29-494A-9C7C-2DED1D534C95}.AppStore|iPhone.ActiveCfg = Release|Any CPU
		{016949EF-FA29-494A-9C7C-2DED1D534C95}.AppStore|iPhone.Build.0 = Release|Any CPU
		{016949EF-FA29-494A-9C7C-2DED1D534C95}.AppStore|iPhone.Deploy.0 = Release|Any CPU
		{016949EF-FA29-494A-9C7C-2DED1D534C95}.AppStore|iPhoneSimulator.ActiveCfg = Release|Any CPU
		{016949EF-FA29-494A-9C7C-2DED1D534C95}.AppStore|iPhoneSimulator.Build.0 = Release|Any CPU
		{016949EF-FA29-494A-9C7C-2DED1D534C95}.AppStore|iPhoneSimulator.Deploy.0 = Release|Any CPU
		{016949EF-FA29-494A-9C7C-2DED1D534C95}.AppStore|x64.ActiveCfg = Release|Any CPU
		{016949EF-FA29-494A-9C7C-2DED1D534C95}.AppStore|x64.Build.0 = Release|Any CPU
		{016949EF-FA29-494A-9C7C-2DED1D534C95}.AppStore|x64.Deploy.0 = Release|Any CPU
		{016949EF-FA29-494A-9C7C-2DED1D534C95}.AppStore|x86.ActiveCfg = Release|Any CPU
		{016949EF-FA29-494A-9C7C-2DED1D534C95}.AppStore|x86.Build.0 = Release|Any CPU
		{016949EF-FA29-494A-9C7C-2DED1D534C95}.AppStore|x86.Deploy.0 = Release|Any CPU
		{016949EF-FA29-494A-9C7C-2DED1D534C95}.Debug|Any CPU.ActiveCfg = Debug|Any CPU
		{016949EF-FA29-494A-9C7C-2DED1D534C95}.Debug|Any CPU.Build.0 = Debug|Any CPU
		{016949EF-FA29-494A-9C7C-2DED1D534C95}.Debug|Any CPU.Deploy.0 = Debug|Any CPU
		{016949EF-FA29-494A-9C7C-2DED1D534C95}.Debug|ARM.ActiveCfg = Debug|Any CPU
		{016949EF-FA29-494A-9C7C-2DED1D534C95}.Debug|ARM.Build.0 = Debug|Any CPU
		{016949EF-FA29-494A-9C7C-2DED1D534C95}.Debug|ARM.Deploy.0 = Debug|Any CPU
		{016949EF-FA29-494A-9C7C-2DED1D534C95}.Debug|iPhone.ActiveCfg = Debug|Any CPU
		{016949EF-FA29-494A-9C7C-2DED1D534C95}.Debug|iPhone.Build.0 = Debug|Any CPU
		{016949EF-FA29-494A-9C7C-2DED1D534C95}.Debug|iPhone.Deploy.0 = Debug|Any CPU
		{016949EF-FA29-494A-9C7C-2DED1D534C95}.Debug|iPhoneSimulator.ActiveCfg = Debug|Any CPU
		{016949EF-FA29-494A-9C7C-2DED1D534C95}.Debug|iPhoneSimulator.Build.0 = Debug|Any CPU
		{016949EF-FA29-494A-9C7C-2DED1D534C95}.Debug|iPhoneSimulator.Deploy.0 = Debug|Any CPU
		{016949EF-FA29-494A-9C7C-2DED1D534C95}.Debug|x64.ActiveCfg = Debug|Any CPU
		{016949EF-FA29-494A-9C7C-2DED1D534C95}.Debug|x64.Build.0 = Debug|Any CPU
		{016949EF-FA29-494A-9C7C-2DED1D534C95}.Debug|x64.Deploy.0 = Debug|Any CPU
		{016949EF-FA29-494A-9C7C-2DED1D534C95}.Debug|x86.ActiveCfg = Debug|Any CPU
		{016949EF-FA29-494A-9C7C-2DED1D534C95}.Debug|x86.Build.0 = Debug|Any CPU
		{016949EF-FA29-494A-9C7C-2DED1D534C95}.Debug|x86.Deploy.0 = Debug|Any CPU
		{016949EF-FA29-494A-9C7C-2DED1D534C95}.Release|Any CPU.ActiveCfg = Release|Any CPU
		{016949EF-FA29-494A-9C7C-2DED1D534C95}.Release|Any CPU.Build.0 = Release|Any CPU
		{016949EF-FA29-494A-9C7C-2DED1D534C95}.Release|Any CPU.Deploy.0 = Release|Any CPU
		{016949EF-FA29-494A-9C7C-2DED1D534C95}.Release|ARM.ActiveCfg = Release|Any CPU
		{016949EF-FA29-494A-9C7C-2DED1D534C95}.Release|ARM.Build.0 = Release|Any CPU
		{016949EF-FA29-494A-9C7C-2DED1D534C95}.Release|ARM.Deploy.0 = Release|Any CPU
		{016949EF-FA29-494A-9C7C-2DED1D534C95}.Release|iPhone.ActiveCfg = Release|Any CPU
		{016949EF-FA29-494A-9C7C-2DED1D534C95}.Release|iPhone.Build.0 = Release|Any CPU
		{016949EF-FA29-494A-9C7C-2DED1D534C95}.Release|iPhone.Deploy.0 = Release|Any CPU
		{016949EF-FA29-494A-9C7C-2DED1D534C95}.Release|iPhoneSimulator.ActiveCfg = Release|Any CPU
		{016949EF-FA29-494A-9C7C-2DED1D534C95}.Release|iPhoneSimulator.Build.0 = Release|Any CPU
		{016949EF-FA29-494A-9C7C-2DED1D534C95}.Release|iPhoneSimulator.Deploy.0 = Release|Any CPU
		{016949EF-FA29-494A-9C7C-2DED1D534C95}.Release|x64.ActiveCfg = Release|Any CPU
		{016949EF-FA29-494A-9C7C-2DED1D534C95}.Release|x64.Build.0 = Release|Any CPU
		{016949EF-FA29-494A-9C7C-2DED1D534C95}.Release|x64.Deploy.0 = Release|Any CPU
		{016949EF-FA29-494A-9C7C-2DED1D534C95}.Release|x86.ActiveCfg = Release|Any CPU
		{016949EF-FA29-494A-9C7C-2DED1D534C95}.Release|x86.Build.0 = Release|Any CPU
		{016949EF-FA29-494A-9C7C-2DED1D534C95}.Release|x86.Deploy.0 = Release|Any CPU
		{6B9A3849-0A36-41C0-AA9B-D745EE84A43B}.Ad-Hoc|Any CPU.ActiveCfg = Ad-Hoc|iPhone
		{6B9A3849-0A36-41C0-AA9B-D745EE84A43B}.Ad-Hoc|ARM.ActiveCfg = Ad-Hoc|iPhone
		{6B9A3849-0A36-41C0-AA9B-D745EE84A43B}.Ad-Hoc|iPhone.ActiveCfg = Ad-Hoc|iPhone
		{6B9A3849-0A36-41C0-AA9B-D745EE84A43B}.Ad-Hoc|iPhone.Build.0 = Ad-Hoc|iPhone
		{6B9A3849-0A36-41C0-AA9B-D745EE84A43B}.Ad-Hoc|iPhoneSimulator.ActiveCfg = Ad-Hoc|iPhoneSimulator
		{6B9A3849-0A36-41C0-AA9B-D745EE84A43B}.Ad-Hoc|iPhoneSimulator.Build.0 = Ad-Hoc|iPhoneSimulator
		{6B9A3849-0A36-41C0-AA9B-D745EE84A43B}.Ad-Hoc|x64.ActiveCfg = Ad-Hoc|iPhone
		{6B9A3849-0A36-41C0-AA9B-D745EE84A43B}.Ad-Hoc|x86.ActiveCfg = Ad-Hoc|iPhone
		{6B9A3849-0A36-41C0-AA9B-D745EE84A43B}.AppStore|Any CPU.ActiveCfg = AppStore|iPhone
		{6B9A3849-0A36-41C0-AA9B-D745EE84A43B}.AppStore|ARM.ActiveCfg = AppStore|iPhone
		{6B9A3849-0A36-41C0-AA9B-D745EE84A43B}.AppStore|iPhone.ActiveCfg = AppStore|iPhone
		{6B9A3849-0A36-41C0-AA9B-D745EE84A43B}.AppStore|iPhone.Build.0 = AppStore|iPhone
		{6B9A3849-0A36-41C0-AA9B-D745EE84A43B}.AppStore|iPhoneSimulator.ActiveCfg = AppStore|iPhoneSimulator
		{6B9A3849-0A36-41C0-AA9B-D745EE84A43B}.AppStore|iPhoneSimulator.Build.0 = AppStore|iPhoneSimulator
		{6B9A3849-0A36-41C0-AA9B-D745EE84A43B}.AppStore|x64.ActiveCfg = AppStore|iPhone
		{6B9A3849-0A36-41C0-AA9B-D745EE84A43B}.AppStore|x86.ActiveCfg = AppStore|iPhone
		{6B9A3849-0A36-41C0-AA9B-D745EE84A43B}.Debug|Any CPU.ActiveCfg = Debug|iPhone
		{6B9A3849-0A36-41C0-AA9B-D745EE84A43B}.Debug|ARM.ActiveCfg = Debug|iPhone
		{6B9A3849-0A36-41C0-AA9B-D745EE84A43B}.Debug|iPhone.ActiveCfg = Debug|iPhone
		{6B9A3849-0A36-41C0-AA9B-D745EE84A43B}.Debug|iPhone.Build.0 = Debug|iPhone
		{6B9A3849-0A36-41C0-AA9B-D745EE84A43B}.Debug|iPhoneSimulator.ActiveCfg = Debug|iPhoneSimulator
		{6B9A3849-0A36-41C0-AA9B-D745EE84A43B}.Debug|iPhoneSimulator.Build.0 = Debug|iPhoneSimulator
		{6B9A3849-0A36-41C0-AA9B-D745EE84A43B}.Debug|x64.ActiveCfg = Debug|iPhone
		{6B9A3849-0A36-41C0-AA9B-D745EE84A43B}.Debug|x86.ActiveCfg = Debug|iPhone
		{6B9A3849-0A36-41C0-AA9B-D745EE84A43B}.Release|Any CPU.ActiveCfg = Release|iPhone
		{6B9A3849-0A36-41C0-AA9B-D745EE84A43B}.Release|ARM.ActiveCfg = Release|iPhone
		{6B9A3849-0A36-41C0-AA9B-D745EE84A43B}.Release|iPhone.ActiveCfg = Release|iPhone
		{6B9A3849-0A36-41C0-AA9B-D745EE84A43B}.Release|iPhone.Build.0 = Release|iPhone
		{6B9A3849-0A36-41C0-AA9B-D745EE84A43B}.Release|iPhoneSimulator.ActiveCfg = Release|iPhoneSimulator
		{6B9A3849-0A36-41C0-AA9B-D745EE84A43B}.Release|iPhoneSimulator.Build.0 = Release|iPhoneSimulator
		{6B9A3849-0A36-41C0-AA9B-D745EE84A43B}.Release|x64.ActiveCfg = Release|iPhone
		{6B9A3849-0A36-41C0-AA9B-D745EE84A43B}.Release|x86.ActiveCfg = Release|iPhone
		{04B27F11-C106-4051-B63B-7F7E04061CB0}.Ad-Hoc|Any CPU.ActiveCfg = Release|Any CPU
		{04B27F11-C106-4051-B63B-7F7E04061CB0}.Ad-Hoc|Any CPU.Build.0 = Release|Any CPU
		{04B27F11-C106-4051-B63B-7F7E04061CB0}.Ad-Hoc|Any CPU.Deploy.0 = Release|Any CPU
		{04B27F11-C106-4051-B63B-7F7E04061CB0}.Ad-Hoc|ARM.ActiveCfg = Release|ARM
		{04B27F11-C106-4051-B63B-7F7E04061CB0}.Ad-Hoc|ARM.Build.0 = Release|ARM
		{04B27F11-C106-4051-B63B-7F7E04061CB0}.Ad-Hoc|ARM.Deploy.0 = Release|ARM
		{04B27F11-C106-4051-B63B-7F7E04061CB0}.Ad-Hoc|iPhone.ActiveCfg = Release|Any CPU
		{04B27F11-C106-4051-B63B-7F7E04061CB0}.Ad-Hoc|iPhone.Build.0 = Release|Any CPU
		{04B27F11-C106-4051-B63B-7F7E04061CB0}.Ad-Hoc|iPhone.Deploy.0 = Release|Any CPU
		{04B27F11-C106-4051-B63B-7F7E04061CB0}.Ad-Hoc|iPhoneSimulator.ActiveCfg = Release|Any CPU
		{04B27F11-C106-4051-B63B-7F7E04061CB0}.Ad-Hoc|iPhoneSimulator.Build.0 = Release|Any CPU
		{04B27F11-C106-4051-B63B-7F7E04061CB0}.Ad-Hoc|iPhoneSimulator.Deploy.0 = Release|Any CPU
		{04B27F11-C106-4051-B63B-7F7E04061CB0}.Ad-Hoc|x64.ActiveCfg = Release|Any CPU
		{04B27F11-C106-4051-B63B-7F7E04061CB0}.Ad-Hoc|x64.Build.0 = Release|Any CPU
		{04B27F11-C106-4051-B63B-7F7E04061CB0}.Ad-Hoc|x64.Deploy.0 = Release|Any CPU
		{04B27F11-C106-4051-B63B-7F7E04061CB0}.Ad-Hoc|x86.ActiveCfg = Release|x86
		{04B27F11-C106-4051-B63B-7F7E04061CB0}.Ad-Hoc|x86.Build.0 = Release|x86
		{04B27F11-C106-4051-B63B-7F7E04061CB0}.Ad-Hoc|x86.Deploy.0 = Release|x86
		{04B27F11-C106-4051-B63B-7F7E04061CB0}.AppStore|Any CPU.ActiveCfg = Release|Any CPU
		{04B27F11-C106-4051-B63B-7F7E04061CB0}.AppStore|Any CPU.Build.0 = Release|Any CPU
		{04B27F11-C106-4051-B63B-7F7E04061CB0}.AppStore|Any CPU.Deploy.0 = Release|Any CPU
		{04B27F11-C106-4051-B63B-7F7E04061CB0}.AppStore|ARM.ActiveCfg = Release|ARM
		{04B27F11-C106-4051-B63B-7F7E04061CB0}.AppStore|ARM.Build.0 = Release|ARM
		{04B27F11-C106-4051-B63B-7F7E04061CB0}.AppStore|ARM.Deploy.0 = Release|ARM
		{04B27F11-C106-4051-B63B-7F7E04061CB0}.AppStore|iPhone.ActiveCfg = Release|Any CPU
		{04B27F11-C106-4051-B63B-7F7E04061CB0}.AppStore|iPhone.Build.0 = Release|Any CPU
		{04B27F11-C106-4051-B63B-7F7E04061CB0}.AppStore|iPhone.Deploy.0 = Release|Any CPU
		{04B27F11-C106-4051-B63B-7F7E04061CB0}.AppStore|iPhoneSimulator.ActiveCfg = Release|Any CPU
		{04B27F11-C106-4051-B63B-7F7E04061CB0}.AppStore|iPhoneSimulator.Build.0 = Release|Any CPU
		{04B27F11-C106-4051-B63B-7F7E04061CB0}.AppStore|iPhoneSimulator.Deploy.0 = Release|Any CPU
		{04B27F11-C106-4051-B63B-7F7E04061CB0}.AppStore|x64.ActiveCfg = Release|Any CPU
		{04B27F11-C106-4051-B63B-7F7E04061CB0}.AppStore|x64.Build.0 = Release|Any CPU
		{04B27F11-C106-4051-B63B-7F7E04061CB0}.AppStore|x64.Deploy.0 = Release|Any CPU
		{04B27F11-C106-4051-B63B-7F7E04061CB0}.AppStore|x86.ActiveCfg = Release|x86
		{04B27F11-C106-4051-B63B-7F7E04061CB0}.AppStore|x86.Build.0 = Release|x86
		{04B27F11-C106-4051-B63B-7F7E04061CB0}.AppStore|x86.Deploy.0 = Release|x86
		{04B27F11-C106-4051-B63B-7F7E04061CB0}.Debug|Any CPU.ActiveCfg = Debug|Any CPU
		{04B27F11-C106-4051-B63B-7F7E04061CB0}.Debug|Any CPU.Build.0 = Debug|Any CPU
		{04B27F11-C106-4051-B63B-7F7E04061CB0}.Debug|Any CPU.Deploy.0 = Debug|Any CPU
		{04B27F11-C106-4051-B63B-7F7E04061CB0}.Debug|ARM.ActiveCfg = Debug|ARM
		{04B27F11-C106-4051-B63B-7F7E04061CB0}.Debug|ARM.Build.0 = Debug|ARM
		{04B27F11-C106-4051-B63B-7F7E04061CB0}.Debug|ARM.Deploy.0 = Debug|ARM
		{04B27F11-C106-4051-B63B-7F7E04061CB0}.Debug|iPhone.ActiveCfg = Debug|Any CPU
		{04B27F11-C106-4051-B63B-7F7E04061CB0}.Debug|iPhone.Build.0 = Debug|Any CPU
		{04B27F11-C106-4051-B63B-7F7E04061CB0}.Debug|iPhone.Deploy.0 = Debug|Any CPU
		{04B27F11-C106-4051-B63B-7F7E04061CB0}.Debug|iPhoneSimulator.ActiveCfg = Debug|Any CPU
		{04B27F11-C106-4051-B63B-7F7E04061CB0}.Debug|iPhoneSimulator.Build.0 = Debug|Any CPU
		{04B27F11-C106-4051-B63B-7F7E04061CB0}.Debug|iPhoneSimulator.Deploy.0 = Debug|Any CPU
		{04B27F11-C106-4051-B63B-7F7E04061CB0}.Debug|x64.ActiveCfg = Debug|Any CPU
		{04B27F11-C106-4051-B63B-7F7E04061CB0}.Debug|x64.Build.0 = Debug|Any CPU
		{04B27F11-C106-4051-B63B-7F7E04061CB0}.Debug|x64.Deploy.0 = Debug|Any CPU
		{04B27F11-C106-4051-B63B-7F7E04061CB0}.Debug|x86.ActiveCfg = Debug|x86
		{04B27F11-C106-4051-B63B-7F7E04061CB0}.Debug|x86.Build.0 = Debug|x86
		{04B27F11-C106-4051-B63B-7F7E04061CB0}.Debug|x86.Deploy.0 = Debug|x86
		{04B27F11-C106-4051-B63B-7F7E04061CB0}.Release|Any CPU.ActiveCfg = Release|Any CPU
		{04B27F11-C106-4051-B63B-7F7E04061CB0}.Release|Any CPU.Build.0 = Release|Any CPU
		{04B27F11-C106-4051-B63B-7F7E04061CB0}.Release|Any CPU.Deploy.0 = Release|Any CPU
		{04B27F11-C106-4051-B63B-7F7E04061CB0}.Release|ARM.ActiveCfg = Release|ARM
		{04B27F11-C106-4051-B63B-7F7E04061CB0}.Release|ARM.Build.0 = Release|ARM
		{04B27F11-C106-4051-B63B-7F7E04061CB0}.Release|ARM.Deploy.0 = Release|ARM
		{04B27F11-C106-4051-B63B-7F7E04061CB0}.Release|iPhone.ActiveCfg = Release|Any CPU
		{04B27F11-C106-4051-B63B-7F7E04061CB0}.Release|iPhone.Build.0 = Release|Any CPU
		{04B27F11-C106-4051-B63B-7F7E04061CB0}.Release|iPhone.Deploy.0 = Release|Any CPU
		{04B27F11-C106-4051-B63B-7F7E04061CB0}.Release|iPhoneSimulator.ActiveCfg = Release|Any CPU
		{04B27F11-C106-4051-B63B-7F7E04061CB0}.Release|iPhoneSimulator.Build.0 = Release|Any CPU
		{04B27F11-C106-4051-B63B-7F7E04061CB0}.Release|iPhoneSimulator.Deploy.0 = Release|Any CPU
		{04B27F11-C106-4051-B63B-7F7E04061CB0}.Release|x64.ActiveCfg = Release|Any CPU
		{04B27F11-C106-4051-B63B-7F7E04061CB0}.Release|x64.Build.0 = Release|Any CPU
		{04B27F11-C106-4051-B63B-7F7E04061CB0}.Release|x64.Deploy.0 = Release|Any CPU
		{04B27F11-C106-4051-B63B-7F7E04061CB0}.Release|x86.ActiveCfg = Release|x86
		{04B27F11-C106-4051-B63B-7F7E04061CB0}.Release|x86.Build.0 = Release|x86
		{04B27F11-C106-4051-B63B-7F7E04061CB0}.Release|x86.Deploy.0 = Release|x86
		{56610A85-9525-41CF-B1DA-C0AB956E6409}.Ad-Hoc|Any CPU.ActiveCfg = Release|Any CPU
		{56610A85-9525-41CF-B1DA-C0AB956E6409}.Ad-Hoc|Any CPU.Build.0 = Release|Any CPU
		{56610A85-9525-41CF-B1DA-C0AB956E6409}.Ad-Hoc|Any CPU.Deploy.0 = Release|Any CPU
		{56610A85-9525-41CF-B1DA-C0AB956E6409}.Ad-Hoc|ARM.ActiveCfg = Release|ARM
		{56610A85-9525-41CF-B1DA-C0AB956E6409}.Ad-Hoc|ARM.Build.0 = Release|ARM
		{56610A85-9525-41CF-B1DA-C0AB956E6409}.Ad-Hoc|ARM.Deploy.0 = Release|ARM
		{56610A85-9525-41CF-B1DA-C0AB956E6409}.Ad-Hoc|iPhone.ActiveCfg = Release|Any CPU
		{56610A85-9525-41CF-B1DA-C0AB956E6409}.Ad-Hoc|iPhone.Build.0 = Release|Any CPU
		{56610A85-9525-41CF-B1DA-C0AB956E6409}.Ad-Hoc|iPhone.Deploy.0 = Release|Any CPU
		{56610A85-9525-41CF-B1DA-C0AB956E6409}.Ad-Hoc|iPhoneSimulator.ActiveCfg = Release|Any CPU
		{56610A85-9525-41CF-B1DA-C0AB956E6409}.Ad-Hoc|iPhoneSimulator.Build.0 = Release|Any CPU
		{56610A85-9525-41CF-B1DA-C0AB956E6409}.Ad-Hoc|iPhoneSimulator.Deploy.0 = Release|Any CPU
		{56610A85-9525-41CF-B1DA-C0AB956E6409}.Ad-Hoc|x64.ActiveCfg = Release|x64
		{56610A85-9525-41CF-B1DA-C0AB956E6409}.Ad-Hoc|x64.Build.0 = Release|x64
		{56610A85-9525-41CF-B1DA-C0AB956E6409}.Ad-Hoc|x64.Deploy.0 = Release|x64
		{56610A85-9525-41CF-B1DA-C0AB956E6409}.Ad-Hoc|x86.ActiveCfg = Release|x86
		{56610A85-9525-41CF-B1DA-C0AB956E6409}.Ad-Hoc|x86.Build.0 = Release|x86
		{56610A85-9525-41CF-B1DA-C0AB956E6409}.Ad-Hoc|x86.Deploy.0 = Release|x86
		{56610A85-9525-41CF-B1DA-C0AB956E6409}.AppStore|Any CPU.ActiveCfg = Release|Any CPU
		{56610A85-9525-41CF-B1DA-C0AB956E6409}.AppStore|Any CPU.Build.0 = Release|Any CPU
		{56610A85-9525-41CF-B1DA-C0AB956E6409}.AppStore|Any CPU.Deploy.0 = Release|Any CPU
		{56610A85-9525-41CF-B1DA-C0AB956E6409}.AppStore|ARM.ActiveCfg = Release|ARM
		{56610A85-9525-41CF-B1DA-C0AB956E6409}.AppStore|ARM.Build.0 = Release|ARM
		{56610A85-9525-41CF-B1DA-C0AB956E6409}.AppStore|ARM.Deploy.0 = Release|ARM
		{56610A85-9525-41CF-B1DA-C0AB956E6409}.AppStore|iPhone.ActiveCfg = Release|Any CPU
		{56610A85-9525-41CF-B1DA-C0AB956E6409}.AppStore|iPhone.Build.0 = Release|Any CPU
		{56610A85-9525-41CF-B1DA-C0AB956E6409}.AppStore|iPhone.Deploy.0 = Release|Any CPU
		{56610A85-9525-41CF-B1DA-C0AB956E6409}.AppStore|iPhoneSimulator.ActiveCfg = Release|Any CPU
		{56610A85-9525-41CF-B1DA-C0AB956E6409}.AppStore|iPhoneSimulator.Build.0 = Release|Any CPU
		{56610A85-9525-41CF-B1DA-C0AB956E6409}.AppStore|iPhoneSimulator.Deploy.0 = Release|Any CPU
		{56610A85-9525-41CF-B1DA-C0AB956E6409}.AppStore|x64.ActiveCfg = Release|x64
		{56610A85-9525-41CF-B1DA-C0AB956E6409}.AppStore|x64.Build.0 = Release|x64
		{56610A85-9525-41CF-B1DA-C0AB956E6409}.AppStore|x64.Deploy.0 = Release|x64
		{56610A85-9525-41CF-B1DA-C0AB956E6409}.AppStore|x86.ActiveCfg = Release|x86
		{56610A85-9525-41CF-B1DA-C0AB956E6409}.AppStore|x86.Build.0 = Release|x86
		{56610A85-9525-41CF-B1DA-C0AB956E6409}.AppStore|x86.Deploy.0 = Release|x86
		{56610A85-9525-41CF-B1DA-C0AB956E6409}.Debug|Any CPU.ActiveCfg = Debug|Any CPU
		{56610A85-9525-41CF-B1DA-C0AB956E6409}.Debug|Any CPU.Build.0 = Debug|Any CPU
		{56610A85-9525-41CF-B1DA-C0AB956E6409}.Debug|Any CPU.Deploy.0 = Debug|Any CPU
		{56610A85-9525-41CF-B1DA-C0AB956E6409}.Debug|ARM.ActiveCfg = Debug|ARM
		{56610A85-9525-41CF-B1DA-C0AB956E6409}.Debug|ARM.Build.0 = Debug|ARM
		{56610A85-9525-41CF-B1DA-C0AB956E6409}.Debug|ARM.Deploy.0 = Debug|ARM
		{56610A85-9525-41CF-B1DA-C0AB956E6409}.Debug|iPhone.ActiveCfg = Debug|Any CPU
		{56610A85-9525-41CF-B1DA-C0AB956E6409}.Debug|iPhone.Build.0 = Debug|Any CPU
		{56610A85-9525-41CF-B1DA-C0AB956E6409}.Debug|iPhone.Deploy.0 = Debug|Any CPU
		{56610A85-9525-41CF-B1DA-C0AB956E6409}.Debug|iPhoneSimulator.ActiveCfg = Debug|Any CPU
		{56610A85-9525-41CF-B1DA-C0AB956E6409}.Debug|iPhoneSimulator.Build.0 = Debug|Any CPU
		{56610A85-9525-41CF-B1DA-C0AB956E6409}.Debug|iPhoneSimulator.Deploy.0 = Debug|Any CPU
		{56610A85-9525-41CF-B1DA-C0AB956E6409}.Debug|x64.ActiveCfg = Debug|x64
		{56610A85-9525-41CF-B1DA-C0AB956E6409}.Debug|x64.Build.0 = Debug|x64
		{56610A85-9525-41CF-B1DA-C0AB956E6409}.Debug|x64.Deploy.0 = Debug|x64
		{56610A85-9525-41CF-B1DA-C0AB956E6409}.Debug|x86.ActiveCfg = Debug|x86
		{56610A85-9525-41CF-B1DA-C0AB956E6409}.Debug|x86.Build.0 = Debug|x86
		{56610A85-9525-41CF-B1DA-C0AB956E6409}.Debug|x86.Deploy.0 = Debug|x86
		{56610A85-9525-41CF-B1DA-C0AB956E6409}.Release|Any CPU.ActiveCfg = Release|Any CPU
		{56610A85-9525-41CF-B1DA-C0AB956E6409}.Release|Any CPU.Build.0 = Release|Any CPU
		{56610A85-9525-41CF-B1DA-C0AB956E6409}.Release|Any CPU.Deploy.0 = Release|Any CPU
		{56610A85-9525-41CF-B1DA-C0AB956E6409}.Release|ARM.ActiveCfg = Release|ARM
		{56610A85-9525-41CF-B1DA-C0AB956E6409}.Release|ARM.Build.0 = Release|ARM
		{56610A85-9525-41CF-B1DA-C0AB956E6409}.Release|ARM.Deploy.0 = Release|ARM
		{56610A85-9525-41CF-B1DA-C0AB956E6409}.Release|iPhone.ActiveCfg = Release|Any CPU
		{56610A85-9525-41CF-B1DA-C0AB956E6409}.Release|iPhone.Build.0 = Release|Any CPU
		{56610A85-9525-41CF-B1DA-C0AB956E6409}.Release|iPhone.Deploy.0 = Release|Any CPU
		{56610A85-9525-41CF-B1DA-C0AB956E6409}.Release|iPhoneSimulator.ActiveCfg = Release|Any CPU
		{56610A85-9525-41CF-B1DA-C0AB956E6409}.Release|iPhoneSimulator.Build.0 = Release|Any CPU
		{56610A85-9525-41CF-B1DA-C0AB956E6409}.Release|iPhoneSimulator.Deploy.0 = Release|Any CPU
		{56610A85-9525-41CF-B1DA-C0AB956E6409}.Release|x64.ActiveCfg = Release|x64
		{56610A85-9525-41CF-B1DA-C0AB956E6409}.Release|x64.Build.0 = Release|x64
		{56610A85-9525-41CF-B1DA-C0AB956E6409}.Release|x64.Deploy.0 = Release|x64
		{56610A85-9525-41CF-B1DA-C0AB956E6409}.Release|x86.ActiveCfg = Release|x86
		{56610A85-9525-41CF-B1DA-C0AB956E6409}.Release|x86.Build.0 = Release|x86
		{56610A85-9525-41CF-B1DA-C0AB956E6409}.Release|x86.Deploy.0 = Release|x86
		{FAABE665-730D-4ADD-8461-4EA72C91674C}.Ad-Hoc|Any CPU.ActiveCfg = Release|Any CPU
		{FAABE665-730D-4ADD-8461-4EA72C91674C}.Ad-Hoc|Any CPU.Build.0 = Release|Any CPU
		{FAABE665-730D-4ADD-8461-4EA72C91674C}.Ad-Hoc|ARM.ActiveCfg = Release|Any CPU
		{FAABE665-730D-4ADD-8461-4EA72C91674C}.Ad-Hoc|ARM.Build.0 = Release|Any CPU
		{FAABE665-730D-4ADD-8461-4EA72C91674C}.Ad-Hoc|iPhone.ActiveCfg = Release|Any CPU
		{FAABE665-730D-4ADD-8461-4EA72C91674C}.Ad-Hoc|iPhone.Build.0 = Release|Any CPU
		{FAABE665-730D-4ADD-8461-4EA72C91674C}.Ad-Hoc|iPhoneSimulator.ActiveCfg = Release|Any CPU
		{FAABE665-730D-4ADD-8461-4EA72C91674C}.Ad-Hoc|iPhoneSimulator.Build.0 = Release|Any CPU
		{FAABE665-730D-4ADD-8461-4EA72C91674C}.Ad-Hoc|x64.ActiveCfg = Release|Any CPU
		{FAABE665-730D-4ADD-8461-4EA72C91674C}.Ad-Hoc|x64.Build.0 = Release|Any CPU
		{FAABE665-730D-4ADD-8461-4EA72C91674C}.Ad-Hoc|x86.ActiveCfg = Release|Any CPU
		{FAABE665-730D-4ADD-8461-4EA72C91674C}.Ad-Hoc|x86.Build.0 = Release|Any CPU
		{FAABE665-730D-4ADD-8461-4EA72C91674C}.AppStore|Any CPU.ActiveCfg = Release|Any CPU
		{FAABE665-730D-4ADD-8461-4EA72C91674C}.AppStore|Any CPU.Build.0 = Release|Any CPU
		{FAABE665-730D-4ADD-8461-4EA72C91674C}.AppStore|ARM.ActiveCfg = Release|Any CPU
		{FAABE665-730D-4ADD-8461-4EA72C91674C}.AppStore|ARM.Build.0 = Release|Any CPU
		{FAABE665-730D-4ADD-8461-4EA72C91674C}.AppStore|iPhone.ActiveCfg = Release|Any CPU
		{FAABE665-730D-4ADD-8461-4EA72C91674C}.AppStore|iPhone.Build.0 = Release|Any CPU
		{FAABE665-730D-4ADD-8461-4EA72C91674C}.AppStore|iPhoneSimulator.ActiveCfg = Release|Any CPU
		{FAABE665-730D-4ADD-8461-4EA72C91674C}.AppStore|iPhoneSimulator.Build.0 = Release|Any CPU
		{FAABE665-730D-4ADD-8461-4EA72C91674C}.AppStore|x64.ActiveCfg = Release|Any CPU
		{FAABE665-730D-4ADD-8461-4EA72C91674C}.AppStore|x64.Build.0 = Release|Any CPU
		{FAABE665-730D-4ADD-8461-4EA72C91674C}.AppStore|x86.ActiveCfg = Release|Any CPU
		{FAABE665-730D-4ADD-8461-4EA72C91674C}.AppStore|x86.Build.0 = Release|Any CPU
		{FAABE665-730D-4ADD-8461-4EA72C91674C}.Debug|Any CPU.ActiveCfg = Debug|Any CPU
		{FAABE665-730D-4ADD-8461-4EA72C91674C}.Debug|Any CPU.Build.0 = Debug|Any CPU
		{FAABE665-730D-4ADD-8461-4EA72C91674C}.Debug|ARM.ActiveCfg = Debug|Any CPU
		{FAABE665-730D-4ADD-8461-4EA72C91674C}.Debug|ARM.Build.0 = Debug|Any CPU
		{FAABE665-730D-4ADD-8461-4EA72C91674C}.Debug|iPhone.ActiveCfg = Debug|Any CPU
		{FAABE665-730D-4ADD-8461-4EA72C91674C}.Debug|iPhone.Build.0 = Debug|Any CPU
		{FAABE665-730D-4ADD-8461-4EA72C91674C}.Debug|iPhoneSimulator.ActiveCfg = Debug|Any CPU
		{FAABE665-730D-4ADD-8461-4EA72C91674C}.Debug|iPhoneSimulator.Build.0 = Debug|Any CPU
		{FAABE665-730D-4ADD-8461-4EA72C91674C}.Debug|x64.ActiveCfg = Debug|Any CPU
		{FAABE665-730D-4ADD-8461-4EA72C91674C}.Debug|x64.Build.0 = Debug|Any CPU
		{FAABE665-730D-4ADD-8461-4EA72C91674C}.Debug|x86.ActiveCfg = Debug|Any CPU
		{FAABE665-730D-4ADD-8461-4EA72C91674C}.Debug|x86.Build.0 = Debug|Any CPU
		{FAABE665-730D-4ADD-8461-4EA72C91674C}.Release|Any CPU.ActiveCfg = Release|Any CPU
		{FAABE665-730D-4ADD-8461-4EA72C91674C}.Release|Any CPU.Build.0 = Release|Any CPU
		{FAABE665-730D-4ADD-8461-4EA72C91674C}.Release|ARM.ActiveCfg = Release|Any CPU
		{FAABE665-730D-4ADD-8461-4EA72C91674C}.Release|ARM.Build.0 = Release|Any CPU
		{FAABE665-730D-4ADD-8461-4EA72C91674C}.Release|iPhone.ActiveCfg = Release|Any CPU
		{FAABE665-730D-4ADD-8461-4EA72C91674C}.Release|iPhone.Build.0 = Release|Any CPU
		{FAABE665-730D-4ADD-8461-4EA72C91674C}.Release|iPhoneSimulator.ActiveCfg = Release|Any CPU
		{FAABE665-730D-4ADD-8461-4EA72C91674C}.Release|iPhoneSimulator.Build.0 = Release|Any CPU
		{FAABE665-730D-4ADD-8461-4EA72C91674C}.Release|x64.ActiveCfg = Release|Any CPU
		{FAABE665-730D-4ADD-8461-4EA72C91674C}.Release|x64.Build.0 = Release|Any CPU
		{FAABE665-730D-4ADD-8461-4EA72C91674C}.Release|x86.ActiveCfg = Release|Any CPU
		{FAABE665-730D-4ADD-8461-4EA72C91674C}.Release|x86.Build.0 = Release|Any CPU
	EndGlobalSection
	GlobalSection(SolutionProperties) = preSolution
		HideSolutionNode = FALSE
	EndGlobalSection
EndGlobal
