
Microsoft Visual Studio Solution File, Format Version 12.00
# Visual Studio 14
VisualStudioVersion = 14.0.25420.1
MinimumVisualStudioVersion = 10.0.40219.1
Project("{FAE04EC0-301F-11D3-BF4B-00C04F79EFBC}") = "TutorQuickXAML.Droid", "TutorQuickXAML\TutorQuickXAML.Droid\TutorQuickXAML.Droid.csproj", "{462CDC4E-B347-42AE-9E49-6B058C012EE1}"
EndProject
Project("{FAE04EC0-301F-11D3-BF4B-00C04F79EFBC}") = "TutorQuickXAML.iOS", "TutorQuickXAML\TutorQuickXAML.iOS\TutorQuickXAML.iOS.csproj", "{60E387D7-3C34-4E05-B224-6D97EF2EDD87}"
EndProject
Project("{FAE04EC0-301F-11D3-BF4B-00C04F79EFBC}") = "TutorQuickXAML.WinPhone", "TutorQuickXAML\TutorQuickXAML.WinPhone\TutorQuickXAML.WinPhone.csproj", "{A6D67E47-B7E8-41E6-8B53-3FDAB6F8A409}"
EndProject
Project("{FAE04EC0-301F-11D3-BF4B-00C04F79EFBC}") = "TutorQuickXAML.Windows", "TutorQuickXAML\TutorQuickXAML.Windows\TutorQuickXAML.Windows.csproj", "{29255FB9-98C2-4395-8AB0-00A14B9900A3}"
EndProject
Project("{FAE04EC0-301F-11D3-BF4B-00C04F79EFBC}") = "TutorQuickXAML", "TutorQuickXAML\TutorQuickXAML\TutorQuickXAML.csproj", "{A6F67027-6A2A-4477-953B-6CC7B77A68D0}"
EndProject
Global
	GlobalSection(SolutionConfigurationPlatforms) = preSolution
		Ad-Hoc|Any CPU = Ad-Hoc|Any CPU
		Ad-Hoc|ARM = Ad-Hoc|ARM
		Ad-Hoc|iPhone = Ad-Hoc|iPhone
		Ad-Hoc|iPhoneSimulator = Ad-Hoc|iPhoneSimulator
		Ad-Hoc|x64 = Ad-Hoc|x64
		Ad-Hoc|x86 = Ad-Hoc|x86
		AppStore|Any CPU = AppStore|Any CPU
		AppStore|ARM = AppStore|ARM
		AppStore|iPhone = AppStore|iPhone
		AppStore|iPhoneSimulator = AppStore|iPhoneSimulator
		AppStore|x64 = AppStore|x64
		AppStore|x86 = AppStore|x86
		Debug|Any CPU = Debug|Any CPU
		Debug|ARM = Debug|ARM
		Debug|iPhone = Debug|iPhone
		Debug|iPhoneSimulator = Debug|iPhoneSimulator
		Debug|x64 = Debug|x64
		Debug|x86 = Debug|x86
		Release|Any CPU = Release|Any CPU
		Release|ARM = Release|ARM
		Release|iPhone = Release|iPhone
		Release|iPhoneSimulator = Release|iPhoneSimulator
		Release|x64 = Release|x64
		Release|x86 = Release|x86
	EndGlobalSection
	GlobalSection(ProjectConfigurationPlatforms) = postSolution
		{462CDC4E-B347-42AE-9E49-6B058C012EE1}.Ad-Hoc|Any CPU.ActiveCfg = Release|Any CPU
		{462CDC4E-B347-42AE-9E49-6B058C012EE1}.Ad-Hoc|Any CPU.Build.0 = Release|Any CPU
		{462CDC4E-B347-42AE-9E49-6B058C012EE1}.Ad-Hoc|Any CPU.Deploy.0 = Release|Any CPU
		{462CDC4E-B347-42AE-9E49-6B058C012EE1}.Ad-Hoc|ARM.ActiveCfg = Release|Any CPU
		{462CDC4E-B347-42AE-9E49-6B058C012EE1}.Ad-Hoc|ARM.Build.0 = Release|Any CPU
		{462CDC4E-B347-42AE-9E49-6B058C012EE1}.Ad-Hoc|ARM.Deploy.0 = Release|Any CPU
		{462CDC4E-B347-42AE-9E49-6B058C012EE1}.Ad-Hoc|iPhone.ActiveCfg = Release|Any CPU
		{462CDC4E-B347-42AE-9E49-6B058C012EE1}.Ad-Hoc|iPhone.Build.0 = Release|Any CPU
		{462CDC4E-B347-42AE-9E49-6B058C012EE1}.Ad-Hoc|iPhone.Deploy.0 = Release|Any CPU
		{462CDC4E-B347-42AE-9E49-6B058C012EE1}.Ad-Hoc|iPhoneSimulator.ActiveCfg = Release|Any CPU
		{462CDC4E-B347-42AE-9E49-6B058C012EE1}.Ad-Hoc|iPhoneSimulator.Build.0 = Release|Any CPU
		{462CDC4E-B347-42AE-9E49-6B058C012EE1}.Ad-Hoc|iPhoneSimulator.Deploy.0 = Release|Any CPU
		{462CDC4E-B347-42AE-9E49-6B058C012EE1}.Ad-Hoc|x64.ActiveCfg = Release|Any CPU
		{462CDC4E-B347-42AE-9E49-6B058C012EE1}.Ad-Hoc|x64.Build.0 = Release|Any CPU
		{462CDC4E-B347-42AE-9E49-6B058C012EE1}.Ad-Hoc|x64.Deploy.0 = Release|Any CPU
		{462CDC4E-B347-42AE-9E49-6B058C012EE1}.Ad-Hoc|x86.ActiveCfg = Release|Any CPU
		{462CDC4E-B347-42AE-9E49-6B058C012EE1}.Ad-Hoc|x86.Build.0 = Release|Any CPU
		{462CDC4E-B347-42AE-9E49-6B058C012EE1}.Ad-Hoc|x86.Deploy.0 = Release|Any CPU
		{462CDC4E-B347-42AE-9E49-6B058C012EE1}.AppStore|Any CPU.ActiveCfg = Release|Any CPU
		{462CDC4E-B347-42AE-9E49-6B058C012EE1}.AppStore|Any CPU.Build.0 = Release|Any CPU
		{462CDC4E-B347-42AE-9E49-6B058C012EE1}.AppStore|Any CPU.Deploy.0 = Release|Any CPU
		{462CDC4E-B347-42AE-9E49-6B058C012EE1}.AppStore|ARM.ActiveCfg = Release|Any CPU
		{462CDC4E-B347-42AE-9E49-6B058C012EE1}.AppStore|ARM.Build.0 = Release|Any CPU
		{462CDC4E-B347-42AE-9E49-6B058C012EE1}.AppStore|ARM.Deploy.0 = Release|Any CPU
		{462CDC4E-B347-42AE-9E49-6B058C012EE1}.AppStore|iPhone.ActiveCfg = Release|Any CPU
		{462CDC4E-B347-42AE-9E49-6B058C012EE1}.AppStore|iPhone.Build.0 = Release|Any CPU
		{462CDC4E-B347-42AE-9E49-6B058C012EE1}.AppStore|iPhone.Deploy.0 = Release|Any CPU
		{462CDC4E-B347-42AE-9E49-6B058C012EE1}.AppStore|iPhoneSimulator.ActiveCfg = Release|Any CPU
		{462CDC4E-B347-42AE-9E49-6B058C012EE1}.AppStore|iPhoneSimulator.Build.0 = Release|Any CPU
		{462CDC4E-B347-42AE-9E49-6B058C012EE1}.AppStore|iPhoneSimulator.Deploy.0 = Release|Any CPU
		{462CDC4E-B347-42AE-9E49-6B058C012EE1}.AppStore|x64.ActiveCfg = Release|Any CPU
		{462CDC4E-B347-42AE-9E49-6B058C012EE1}.AppStore|x64.Build.0 = Release|Any CPU
		{462CDC4E-B347-42AE-9E49-6B058C012EE1}.AppStore|x64.Deploy.0 = Release|Any CPU
		{462CDC4E-B347-42AE-9E49-6B058C012EE1}.AppStore|x86.ActiveCfg = Release|Any CPU
		{462CDC4E-B347-42AE-9E49-6B058C012EE1}.AppStore|x86.Build.0 = Release|Any CPU
		{462CDC4E-B347-42AE-9E49-6B058C012EE1}.AppStore|x86.Deploy.0 = Release|Any CPU
		{462CDC4E-B347-42AE-9E49-6B058C012EE1}.Debug|Any CPU.ActiveCfg = Debug|Any CPU
		{462CDC4E-B347-42AE-9E49-6B058C012EE1}.Debug|Any CPU.Build.0 = Debug|Any CPU
		{462CDC4E-B347-42AE-9E49-6B058C012EE1}.Debug|Any CPU.Deploy.0 = Debug|Any CPU
		{462CDC4E-B347-42AE-9E49-6B058C012EE1}.Debug|ARM.ActiveCfg = Debug|Any CPU
		{462CDC4E-B347-42AE-9E49-6B058C012EE1}.Debug|ARM.Build.0 = Debug|Any CPU
		{462CDC4E-B347-42AE-9E49-6B058C012EE1}.Debug|ARM.Deploy.0 = Debug|Any CPU
		{462CDC4E-B347-42AE-9E49-6B058C012EE1}.Debug|iPhone.ActiveCfg = Debug|Any CPU
		{462CDC4E-B347-42AE-9E49-6B058C012EE1}.Debug|iPhone.Build.0 = Debug|Any CPU
		{462CDC4E-B347-42AE-9E49-6B058C012EE1}.Debug|iPhone.Deploy.0 = Debug|Any CPU
		{462CDC4E-B347-42AE-9E49-6B058C012EE1}.Debug|iPhoneSimulator.ActiveCfg = Debug|Any CPU
		{462CDC4E-B347-42AE-9E49-6B058C012EE1}.Debug|iPhoneSimulator.Build.0 = Debug|Any CPU
		{462CDC4E-B347-42AE-9E49-6B058C012EE1}.Debug|iPhoneSimulator.Deploy.0 = Debug|Any CPU
		{462CDC4E-B347-42AE-9E49-6B058C012EE1}.Debug|x64.ActiveCfg = Debug|Any CPU
		{462CDC4E-B347-42AE-9E49-6B058C012EE1}.Debug|x64.Build.0 = Debug|Any CPU
		{462CDC4E-B347-42AE-9E49-6B058C012EE1}.Debug|x64.Deploy.0 = Debug|Any CPU
		{462CDC4E-B347-42AE-9E49-6B058C012EE1}.Debug|x86.ActiveCfg = Debug|Any CPU
		{462CDC4E-B347-42AE-9E49-6B058C012EE1}.Debug|x86.Build.0 = Debug|Any CPU
		{462CDC4E-B347-42AE-9E49-6B058C012EE1}.Debug|x86.Deploy.0 = Debug|Any CPU
		{462CDC4E-B347-42AE-9E49-6B058C012EE1}.Release|Any CPU.ActiveCfg = Release|Any CPU
		{462CDC4E-B347-42AE-9E49-6B058C012EE1}.Release|Any CPU.Build.0 = Release|Any CPU
		{462CDC4E-B347-42AE-9E49-6B058C012EE1}.Release|Any CPU.Deploy.0 = Release|Any CPU
		{462CDC4E-B347-42AE-9E49-6B058C012EE1}.Release|ARM.ActiveCfg = Release|Any CPU
		{462CDC4E-B347-42AE-9E49-6B058C012EE1}.Release|ARM.Build.0 = Release|Any CPU
		{462CDC4E-B347-42AE-9E49-6B058C012EE1}.Release|ARM.Deploy.0 = Release|Any CPU
		{462CDC4E-B347-42AE-9E49-6B058C012EE1}.Release|iPhone.ActiveCfg = Release|Any CPU
		{462CDC4E-B347-42AE-9E49-6B058C012EE1}.Release|iPhone.Build.0 = Release|Any CPU
		{462CDC4E-B347-42AE-9E49-6B058C012EE1}.Release|iPhone.Deploy.0 = Release|Any CPU
		{462CDC4E-B347-42AE-9E49-6B058C012EE1}.Release|iPhoneSimulator.ActiveCfg = Release|Any CPU
		{462CDC4E-B347-42AE-9E49-6B058C012EE1}.Release|iPhoneSimulator.Build.0 = Release|Any CPU
		{462CDC4E-B347-42AE-9E49-6B058C012EE1}.Release|iPhoneSimulator.Deploy.0 = Release|Any CPU
		{462CDC4E-B347-42AE-9E49-6B058C012EE1}.Release|x64.ActiveCfg = Release|Any CPU
		{462CDC4E-B347-42AE-9E49-6B058C012EE1}.Release|x64.Build.0 = Release|Any CPU
		{462CDC4E-B347-42AE-9E49-6B058C012EE1}.Release|x64.Deploy.0 = Release|Any CPU
		{462CDC4E-B347-42AE-9E49-6B058C012EE1}.Release|x86.ActiveCfg = Release|Any CPU
		{462CDC4E-B347-42AE-9E49-6B058C012EE1}.Release|x86.Build.0 = Release|Any CPU
		{462CDC4E-B347-42AE-9E49-6B058C012EE1}.Release|x86.Deploy.0 = Release|Any CPU
		{60E387D7-3C34-4E05-B224-6D97EF2EDD87}.Ad-Hoc|Any CPU.ActiveCfg = Ad-Hoc|iPhone
		{60E387D7-3C34-4E05-B224-6D97EF2EDD87}.Ad-Hoc|ARM.ActiveCfg = Ad-Hoc|iPhone
		{60E387D7-3C34-4E05-B224-6D97EF2EDD87}.Ad-Hoc|iPhone.ActiveCfg = Ad-Hoc|iPhone
		{60E387D7-3C34-4E05-B224-6D97EF2EDD87}.Ad-Hoc|iPhone.Build.0 = Ad-Hoc|iPhone
		{60E387D7-3C34-4E05-B224-6D97EF2EDD87}.Ad-Hoc|iPhoneSimulator.ActiveCfg = Ad-Hoc|iPhoneSimulator
		{60E387D7-3C34-4E05-B224-6D97EF2EDD87}.Ad-Hoc|iPhoneSimulator.Build.0 = Ad-Hoc|iPhoneSimulator
		{60E387D7-3C34-4E05-B224-6D97EF2EDD87}.Ad-Hoc|x64.ActiveCfg = Ad-Hoc|iPhone
		{60E387D7-3C34-4E05-B224-6D97EF2EDD87}.Ad-Hoc|x86.ActiveCfg = Ad-Hoc|iPhone
		{60E387D7-3C34-4E05-B224-6D97EF2EDD87}.AppStore|Any CPU.ActiveCfg = AppStore|iPhone
		{60E387D7-3C34-4E05-B224-6D97EF2EDD87}.AppStore|ARM.ActiveCfg = AppStore|iPhone
		{60E387D7-3C34-4E05-B224-6D97EF2EDD87}.AppStore|iPhone.ActiveCfg = AppStore|iPhone
		{60E387D7-3C34-4E05-B224-6D97EF2EDD87}.AppStore|iPhone.Build.0 = AppStore|iPhone
		{60E387D7-3C34-4E05-B224-6D97EF2EDD87}.AppStore|iPhoneSimulator.ActiveCfg = AppStore|iPhoneSimulator
		{60E387D7-3C34-4E05-B224-6D97EF2EDD87}.AppStore|iPhoneSimulator.Build.0 = AppStore|iPhoneSimulator
		{60E387D7-3C34-4E05-B224-6D97EF2EDD87}.AppStore|x64.ActiveCfg = AppStore|iPhone
		{60E387D7-3C34-4E05-B224-6D97EF2EDD87}.AppStore|x86.ActiveCfg = AppStore|iPhone
		{60E387D7-3C34-4E05-B224-6D97EF2EDD87}.Debug|Any CPU.ActiveCfg = Debug|iPhone
		{60E387D7-3C34-4E05-B224-6D97EF2EDD87}.Debug|ARM.ActiveCfg = Debug|iPhone
		{60E387D7-3C34-4E05-B224-6D97EF2EDD87}.Debug|iPhone.ActiveCfg = Debug|iPhone
		{60E387D7-3C34-4E05-B224-6D97EF2EDD87}.Debug|iPhone.Build.0 = Debug|iPhone
		{60E387D7-3C34-4E05-B224-6D97EF2EDD87}.Debug|iPhoneSimulator.ActiveCfg = Debug|iPhoneSimulator
		{60E387D7-3C34-4E05-B224-6D97EF2EDD87}.Debug|iPhoneSimulator.Build.0 = Debug|iPhoneSimulator
		{60E387D7-3C34-4E05-B224-6D97EF2EDD87}.Debug|x64.ActiveCfg = Debug|iPhone
		{60E387D7-3C34-4E05-B224-6D97EF2EDD87}.Debug|x86.ActiveCfg = Debug|iPhone
		{60E387D7-3C34-4E05-B224-6D97EF2EDD87}.Release|Any CPU.ActiveCfg = Release|iPhone
		{60E387D7-3C34-4E05-B224-6D97EF2EDD87}.Release|ARM.ActiveCfg = Release|iPhone
		{60E387D7-3C34-4E05-B224-6D97EF2EDD87}.Release|iPhone.ActiveCfg = Release|iPhone
		{60E387D7-3C34-4E05-B224-6D97EF2EDD87}.Release|iPhone.Build.0 = Release|iPhone
		{60E387D7-3C34-4E05-B224-6D97EF2EDD87}.Release|iPhoneSimulator.ActiveCfg = Release|iPhoneSimulator
		{60E387D7-3C34-4E05-B224-6D97EF2EDD87}.Release|iPhoneSimulator.Build.0 = Release|iPhoneSimulator
		{60E387D7-3C34-4E05-B224-6D97EF2EDD87}.Release|x64.ActiveCfg = Release|iPhone
		{60E387D7-3C34-4E05-B224-6D97EF2EDD87}.Release|x86.ActiveCfg = Release|iPhone
		{A6D67E47-B7E8-41E6-8B53-3FDAB6F8A409}.Ad-Hoc|Any CPU.ActiveCfg = Release|Any CPU
		{A6D67E47-B7E8-41E6-8B53-3FDAB6F8A409}.Ad-Hoc|Any CPU.Build.0 = Release|Any CPU
		{A6D67E47-B7E8-41E6-8B53-3FDAB6F8A409}.Ad-Hoc|Any CPU.Deploy.0 = Release|Any CPU
		{A6D67E47-B7E8-41E6-8B53-3FDAB6F8A409}.Ad-Hoc|ARM.ActiveCfg = Release|ARM
		{A6D67E47-B7E8-41E6-8B53-3FDAB6F8A409}.Ad-Hoc|ARM.Build.0 = Release|ARM
		{A6D67E47-B7E8-41E6-8B53-3FDAB6F8A409}.Ad-Hoc|ARM.Deploy.0 = Release|ARM
		{A6D67E47-B7E8-41E6-8B53-3FDAB6F8A409}.Ad-Hoc|iPhone.ActiveCfg = Release|Any CPU
		{A6D67E47-B7E8-41E6-8B53-3FDAB6F8A409}.Ad-Hoc|iPhone.Build.0 = Release|Any CPU
		{A6D67E47-B7E8-41E6-8B53-3FDAB6F8A409}.Ad-Hoc|iPhone.Deploy.0 = Release|Any CPU
		{A6D67E47-B7E8-41E6-8B53-3FDAB6F8A409}.Ad-Hoc|iPhoneSimulator.ActiveCfg = Release|Any CPU
		{A6D67E47-B7E8-41E6-8B53-3FDAB6F8A409}.Ad-Hoc|iPhoneSimulator.Build.0 = Release|Any CPU
		{A6D67E47-B7E8-41E6-8B53-3FDAB6F8A409}.Ad-Hoc|iPhoneSimulator.Deploy.0 = Release|Any CPU
		{A6D67E47-B7E8-41E6-8B53-3FDAB6F8A409}.Ad-Hoc|x64.ActiveCfg = Release|Any CPU
		{A6D67E47-B7E8-41E6-8B53-3FDAB6F8A409}.Ad-Hoc|x64.Build.0 = Release|Any CPU
		{A6D67E47-B7E8-41E6-8B53-3FDAB6F8A409}.Ad-Hoc|x64.Deploy.0 = Release|Any CPU
		{A6D67E47-B7E8-41E6-8B53-3FDAB6F8A409}.Ad-Hoc|x86.ActiveCfg = Release|x86
		{A6D67E47-B7E8-41E6-8B53-3FDAB6F8A409}.Ad-Hoc|x86.Build.0 = Release|x86
		{A6D67E47-B7E8-41E6-8B53-3FDAB6F8A409}.Ad-Hoc|x86.Deploy.0 = Release|x86
		{A6D67E47-B7E8-41E6-8B53-3FDAB6F8A409}.AppStore|Any CPU.ActiveCfg = Release|Any CPU
		{A6D67E47-B7E8-41E6-8B53-3FDAB6F8A409}.AppStore|Any CPU.Build.0 = Release|Any CPU
		{A6D67E47-B7E8-41E6-8B53-3FDAB6F8A409}.AppStore|Any CPU.Deploy.0 = Release|Any CPU
		{A6D67E47-B7E8-41E6-8B53-3FDAB6F8A409}.AppStore|ARM.ActiveCfg = Release|ARM
		{A6D67E47-B7E8-41E6-8B53-3FDAB6F8A409}.AppStore|ARM.Build.0 = Release|ARM
		{A6D67E47-B7E8-41E6-8B53-3FDAB6F8A409}.AppStore|ARM.Deploy.0 = Release|ARM
		{A6D67E47-B7E8-41E6-8B53-3FDAB6F8A409}.AppStore|iPhone.ActiveCfg = Release|Any CPU
		{A6D67E47-B7E8-41E6-8B53-3FDAB6F8A409}.AppStore|iPhone.Build.0 = Release|Any CPU
		{A6D67E47-B7E8-41E6-8B53-3FDAB6F8A409}.AppStore|iPhone.Deploy.0 = Release|Any CPU
		{A6D67E47-B7E8-41E6-8B53-3FDAB6F8A409}.AppStore|iPhoneSimulator.ActiveCfg = Release|Any CPU
		{A6D67E47-B7E8-41E6-8B53-3FDAB6F8A409}.AppStore|iPhoneSimulator.Build.0 = Release|Any CPU
		{A6D67E47-B7E8-41E6-8B53-3FDAB6F8A409}.AppStore|iPhoneSimulator.Deploy.0 = Release|Any CPU
		{A6D67E47-B7E8-41E6-8B53-3FDAB6F8A409}.AppStore|x64.ActiveCfg = Release|Any CPU
		{A6D67E47-B7E8-41E6-8B53-3FDAB6F8A409}.AppStore|x64.Build.0 = Release|Any CPU
		{A6D67E47-B7E8-41E6-8B53-3FDAB6F8A409}.AppStore|x64.Deploy.0 = Release|Any CPU
		{A6D67E47-B7E8-41E6-8B53-3FDAB6F8A409}.AppStore|x86.ActiveCfg = Release|x86
		{A6D67E47-B7E8-41E6-8B53-3FDAB6F8A409}.AppStore|x86.Build.0 = Release|x86
		{A6D67E47-B7E8-41E6-8B53-3FDAB6F8A409}.AppStore|x86.Deploy.0 = Release|x86
		{A6D67E47-B7E8-41E6-8B53-3FDAB6F8A409}.Debug|Any CPU.ActiveCfg = Debug|Any CPU
		{A6D67E47-B7E8-41E6-8B53-3FDAB6F8A409}.Debug|Any CPU.Build.0 = Debug|Any CPU
		{A6D67E47-B7E8-41E6-8B53-3FDAB6F8A409}.Debug|Any CPU.Deploy.0 = Debug|Any CPU
		{A6D67E47-B7E8-41E6-8B53-3FDAB6F8A409}.Debug|ARM.ActiveCfg = Debug|ARM
		{A6D67E47-B7E8-41E6-8B53-3FDAB6F8A409}.Debug|ARM.Build.0 = Debug|ARM
		{A6D67E47-B7E8-41E6-8B53-3FDAB6F8A409}.Debug|ARM.Deploy.0 = Debug|ARM
		{A6D67E47-B7E8-41E6-8B53-3FDAB6F8A409}.Debug|iPhone.ActiveCfg = Debug|Any CPU
		{A6D67E47-B7E8-41E6-8B53-3FDAB6F8A409}.Debug|iPhone.Build.0 = Debug|Any CPU
		{A6D67E47-B7E8-41E6-8B53-3FDAB6F8A409}.Debug|iPhone.Deploy.0 = Debug|Any CPU
		{A6D67E47-B7E8-41E6-8B53-3FDAB6F8A409}.Debug|iPhoneSimulator.ActiveCfg = Debug|Any CPU
		{A6D67E47-B7E8-41E6-8B53-3FDAB6F8A409}.Debug|iPhoneSimulator.Build.0 = Debug|Any CPU
		{A6D67E47-B7E8-41E6-8B53-3FDAB6F8A409}.Debug|iPhoneSimulator.Deploy.0 = Debug|Any CPU
		{A6D67E47-B7E8-41E6-8B53-3FDAB6F8A409}.Debug|x64.ActiveCfg = Debug|Any CPU
		{A6D67E47-B7E8-41E6-8B53-3FDAB6F8A409}.Debug|x64.Build.0 = Debug|Any CPU
		{A6D67E47-B7E8-41E6-8B53-3FDAB6F8A409}.Debug|x64.Deploy.0 = Debug|Any CPU
		{A6D67E47-B7E8-41E6-8B53-3FDAB6F8A409}.Debug|x86.ActiveCfg = Debug|x86
		{A6D67E47-B7E8-41E6-8B53-3FDAB6F8A409}.Debug|x86.Build.0 = Debug|x86
		{A6D67E47-B7E8-41E6-8B53-3FDAB6F8A409}.Debug|x86.Deploy.0 = Debug|x86
		{A6D67E47-B7E8-41E6-8B53-3FDAB6F8A409}.Release|Any CPU.ActiveCfg = Release|Any CPU
		{A6D67E47-B7E8-41E6-8B53-3FDAB6F8A409}.Release|Any CPU.Build.0 = Release|Any CPU
		{A6D67E47-B7E8-41E6-8B53-3FDAB6F8A409}.Release|Any CPU.Deploy.0 = Release|Any CPU
		{A6D67E47-B7E8-41E6-8B53-3FDAB6F8A409}.Release|ARM.ActiveCfg = Release|ARM
		{A6D67E47-B7E8-41E6-8B53-3FDAB6F8A409}.Release|ARM.Build.0 = Release|ARM
		{A6D67E47-B7E8-41E6-8B53-3FDAB6F8A409}.Release|ARM.Deploy.0 = Release|ARM
		{A6D67E47-B7E8-41E6-8B53-3FDAB6F8A409}.Release|iPhone.ActiveCfg = Release|Any CPU
		{A6D67E47-B7E8-41E6-8B53-3FDAB6F8A409}.Release|iPhone.Build.0 = Release|Any CPU
		{A6D67E47-B7E8-41E6-8B53-3FDAB6F8A409}.Release|iPhone.Deploy.0 = Release|Any CPU
		{A6D67E47-B7E8-41E6-8B53-3FDAB6F8A409}.Release|iPhoneSimulator.ActiveCfg = Release|Any CPU
		{A6D67E47-B7E8-41E6-8B53-3FDAB6F8A409}.Release|iPhoneSimulator.Build.0 = Release|Any CPU
		{A6D67E47-B7E8-41E6-8B53-3FDAB6F8A409}.Release|iPhoneSimulator.Deploy.0 = Release|Any CPU
		{A6D67E47-B7E8-41E6-8B53-3FDAB6F8A409}.Release|x64.ActiveCfg = Release|Any CPU
		{A6D67E47-B7E8-41E6-8B53-3FDAB6F8A409}.Release|x64.Build.0 = Release|Any CPU
		{A6D67E47-B7E8-41E6-8B53-3FDAB6F8A409}.Release|x64.Deploy.0 = Release|Any CPU
		{A6D67E47-B7E8-41E6-8B53-3FDAB6F8A409}.Release|x86.ActiveCfg = Release|x86
		{A6D67E47-B7E8-41E6-8B53-3FDAB6F8A409}.Release|x86.Build.0 = Release|x86
		{A6D67E47-B7E8-41E6-8B53-3FDAB6F8A409}.Release|x86.Deploy.0 = Release|x86
		{29255FB9-98C2-4395-8AB0-00A14B9900A3}.Ad-Hoc|Any CPU.ActiveCfg = Release|Any CPU
		{29255FB9-98C2-4395-8AB0-00A14B9900A3}.Ad-Hoc|Any CPU.Build.0 = Release|Any CPU
		{29255FB9-98C2-4395-8AB0-00A14B9900A3}.Ad-Hoc|Any CPU.Deploy.0 = Release|Any CPU
		{29255FB9-98C2-4395-8AB0-00A14B9900A3}.Ad-Hoc|ARM.ActiveCfg = Release|ARM
		{29255FB9-98C2-4395-8AB0-00A14B9900A3}.Ad-Hoc|ARM.Build.0 = Release|ARM
		{29255FB9-98C2-4395-8AB0-00A14B9900A3}.Ad-Hoc|ARM.Deploy.0 = Release|ARM
		{29255FB9-98C2-4395-8AB0-00A14B9900A3}.Ad-Hoc|iPhone.ActiveCfg = Release|Any CPU
		{29255FB9-98C2-4395-8AB0-00A14B9900A3}.Ad-Hoc|iPhone.Build.0 = Release|Any CPU
		{29255FB9-98C2-4395-8AB0-00A14B9900A3}.Ad-Hoc|iPhone.Deploy.0 = Release|Any CPU
		{29255FB9-98C2-4395-8AB0-00A14B9900A3}.Ad-Hoc|iPhoneSimulator.ActiveCfg = Release|Any CPU
		{29255FB9-98C2-4395-8AB0-00A14B9900A3}.Ad-Hoc|iPhoneSimulator.Build.0 = Release|Any CPU
		{29255FB9-98C2-4395-8AB0-00A14B9900A3}.Ad-Hoc|iPhoneSimulator.Deploy.0 = Release|Any CPU
		{29255FB9-98C2-4395-8AB0-00A14B9900A3}.Ad-Hoc|x64.ActiveCfg = Release|x64
		{29255FB9-98C2-4395-8AB0-00A14B9900A3}.Ad-Hoc|x64.Build.0 = Release|x64
		{29255FB9-98C2-4395-8AB0-00A14B9900A3}.Ad-Hoc|x64.Deploy.0 = Release|x64
		{29255FB9-98C2-4395-8AB0-00A14B9900A3}.Ad-Hoc|x86.ActiveCfg = Release|x86
		{29255FB9-98C2-4395-8AB0-00A14B9900A3}.Ad-Hoc|x86.Build.0 = Release|x86
		{29255FB9-98C2-4395-8AB0-00A14B9900A3}.Ad-Hoc|x86.Deploy.0 = Release|x86
		{29255FB9-98C2-4395-8AB0-00A14B9900A3}.AppStore|Any CPU.ActiveCfg = Release|Any CPU
		{29255FB9-98C2-4395-8AB0-00A14B9900A3}.AppStore|Any CPU.Build.0 = Release|Any CPU
		{29255FB9-98C2-4395-8AB0-00A14B9900A3}.AppStore|Any CPU.Deploy.0 = Release|Any CPU
		{29255FB9-98C2-4395-8AB0-00A14B9900A3}.AppStore|ARM.ActiveCfg = Release|ARM
		{29255FB9-98C2-4395-8AB0-00A14B9900A3}.AppStore|ARM.Build.0 = Release|ARM
		{29255FB9-98C2-4395-8AB0-00A14B9900A3}.AppStore|ARM.Deploy.0 = Release|ARM
		{29255FB9-98C2-4395-8AB0-00A14B9900A3}.AppStore|iPhone.ActiveCfg = Release|Any CPU
		{29255FB9-98C2-4395-8AB0-00A14B9900A3}.AppStore|iPhone.Build.0 = Release|Any CPU
		{29255FB9-98C2-4395-8AB0-00A14B9900A3}.AppStore|iPhone.Deploy.0 = Release|Any CPU
		{29255FB9-98C2-4395-8AB0-00A14B9900A3}.AppStore|iPhoneSimulator.ActiveCfg = Release|Any CPU
		{29255FB9-98C2-4395-8AB0-00A14B9900A3}.AppStore|iPhoneSimulator.Build.0 = Release|Any CPU
		{29255FB9-98C2-4395-8AB0-00A14B9900A3}.AppStore|iPhoneSimulator.Deploy.0 = Release|Any CPU
		{29255FB9-98C2-4395-8AB0-00A14B9900A3}.AppStore|x64.ActiveCfg = Release|x64
		{29255FB9-98C2-4395-8AB0-00A14B9900A3}.AppStore|x64.Build.0 = Release|x64
		{29255FB9-98C2-4395-8AB0-00A14B9900A3}.AppStore|x64.Deploy.0 = Release|x64
		{29255FB9-98C2-4395-8AB0-00A14B9900A3}.AppStore|x86.ActiveCfg = Release|x86
		{29255FB9-98C2-4395-8AB0-00A14B9900A3}.AppStore|x86.Build.0 = Release|x86
		{29255FB9-98C2-4395-8AB0-00A14B9900A3}.AppStore|x86.Deploy.0 = Release|x86
		{29255FB9-98C2-4395-8AB0-00A14B9900A3}.Debug|Any CPU.ActiveCfg = Debug|Any CPU
		{29255FB9-98C2-4395-8AB0-00A14B9900A3}.Debug|Any CPU.Build.0 = Debug|Any CPU
		{29255FB9-98C2-4395-8AB0-00A14B9900A3}.Debug|Any CPU.Deploy.0 = Debug|Any CPU
		{29255FB9-98C2-4395-8AB0-00A14B9900A3}.Debug|ARM.ActiveCfg = Debug|ARM
		{29255FB9-98C2-4395-8AB0-00A14B9900A3}.Debug|ARM.Build.0 = Debug|ARM
		{29255FB9-98C2-4395-8AB0-00A14B9900A3}.Debug|ARM.Deploy.0 = Debug|ARM
		{29255FB9-98C2-4395-8AB0-00A14B9900A3}.Debug|iPhone.ActiveCfg = Debug|Any CPU
		{29255FB9-98C2-4395-8AB0-00A14B9900A3}.Debug|iPhone.Build.0 = Debug|Any CPU
		{29255FB9-98C2-4395-8AB0-00A14B9900A3}.Debug|iPhone.Deploy.0 = Debug|Any CPU
		{29255FB9-98C2-4395-8AB0-00A14B9900A3}.Debug|iPhoneSimulator.ActiveCfg = Debug|Any CPU
		{29255FB9-98C2-4395-8AB0-00A14B9900A3}.Debug|iPhoneSimulator.Build.0 = Debug|Any CPU
		{29255FB9-98C2-4395-8AB0-00A14B9900A3}.Debug|iPhoneSimulator.Deploy.0 = Debug|Any CPU
		{29255FB9-98C2-4395-8AB0-00A14B9900A3}.Debug|x64.ActiveCfg = Debug|x64
		{29255FB9-98C2-4395-8AB0-00A14B9900A3}.Debug|x64.Build.0 = Debug|x64
		{29255FB9-98C2-4395-8AB0-00A14B9900A3}.Debug|x64.Deploy.0 = Debug|x64
		{29255FB9-98C2-4395-8AB0-00A14B9900A3}.Debug|x86.ActiveCfg = Debug|x86
		{29255FB9-98C2-4395-8AB0-00A14B9900A3}.Debug|x86.Build.0 = Debug|x86
		{29255FB9-98C2-4395-8AB0-00A14B9900A3}.Debug|x86.Deploy.0 = Debug|x86
		{29255FB9-98C2-4395-8AB0-00A14B9900A3}.Release|Any CPU.ActiveCfg = Release|Any CPU
		{29255FB9-98C2-4395-8AB0-00A14B9900A3}.Release|Any CPU.Build.0 = Release|Any CPU
		{29255FB9-98C2-4395-8AB0-00A14B9900A3}.Release|Any CPU.Deploy.0 = Release|Any CPU
		{29255FB9-98C2-4395-8AB0-00A14B9900A3}.Release|ARM.ActiveCfg = Release|ARM
		{29255FB9-98C2-4395-8AB0-00A14B9900A3}.Release|ARM.Build.0 = Release|ARM
		{29255FB9-98C2-4395-8AB0-00A14B9900A3}.Release|ARM.Deploy.0 = Release|ARM
		{29255FB9-98C2-4395-8AB0-00A14B9900A3}.Release|iPhone.ActiveCfg = Release|Any CPU
		{29255FB9-98C2-4395-8AB0-00A14B9900A3}.Release|iPhone.Build.0 = Release|Any CPU
		{29255FB9-98C2-4395-8AB0-00A14B9900A3}.Release|iPhone.Deploy.0 = Release|Any CPU
		{29255FB9-98C2-4395-8AB0-00A14B9900A3}.Release|iPhoneSimulator.ActiveCfg = Release|Any CPU
		{29255FB9-98C2-4395-8AB0-00A14B9900A3}.Release|iPhoneSimulator.Build.0 = Release|Any CPU
		{29255FB9-98C2-4395-8AB0-00A14B9900A3}.Release|iPhoneSimulator.Deploy.0 = Release|Any CPU
		{29255FB9-98C2-4395-8AB0-00A14B9900A3}.Release|x64.ActiveCfg = Release|x64
		{29255FB9-98C2-4395-8AB0-00A14B9900A3}.Release|x64.Build.0 = Release|x64
		{29255FB9-98C2-4395-8AB0-00A14B9900A3}.Release|x64.Deploy.0 = Release|x64
		{29255FB9-98C2-4395-8AB0-00A14B9900A3}.Release|x86.ActiveCfg = Release|x86
		{29255FB9-98C2-4395-8AB0-00A14B9900A3}.Release|x86.Build.0 = Release|x86
		{29255FB9-98C2-4395-8AB0-00A14B9900A3}.Release|x86.Deploy.0 = Release|x86
		{A6F67027-6A2A-4477-953B-6CC7B77A68D0}.Ad-Hoc|Any CPU.ActiveCfg = Release|Any CPU
		{A6F67027-6A2A-4477-953B-6CC7B77A68D0}.Ad-Hoc|Any CPU.Build.0 = Release|Any CPU
		{A6F67027-6A2A-4477-953B-6CC7B77A68D0}.Ad-Hoc|ARM.ActiveCfg = Release|Any CPU
		{A6F67027-6A2A-4477-953B-6CC7B77A68D0}.Ad-Hoc|ARM.Build.0 = Release|Any CPU
		{A6F67027-6A2A-4477-953B-6CC7B77A68D0}.Ad-Hoc|iPhone.ActiveCfg = Release|Any CPU
		{A6F67027-6A2A-4477-953B-6CC7B77A68D0}.Ad-Hoc|iPhone.Build.0 = Release|Any CPU
		{A6F67027-6A2A-4477-953B-6CC7B77A68D0}.Ad-Hoc|iPhoneSimulator.ActiveCfg = Release|Any CPU
		{A6F67027-6A2A-4477-953B-6CC7B77A68D0}.Ad-Hoc|iPhoneSimulator.Build.0 = Release|Any CPU
		{A6F67027-6A2A-4477-953B-6CC7B77A68D0}.Ad-Hoc|x64.ActiveCfg = Release|Any CPU
		{A6F67027-6A2A-4477-953B-6CC7B77A68D0}.Ad-Hoc|x64.Build.0 = Release|Any CPU
		{A6F67027-6A2A-4477-953B-6CC7B77A68D0}.Ad-Hoc|x86.ActiveCfg = Release|Any CPU
		{A6F67027-6A2A-4477-953B-6CC7B77A68D0}.Ad-Hoc|x86.Build.0 = Release|Any CPU
		{A6F67027-6A2A-4477-953B-6CC7B77A68D0}.AppStore|Any CPU.ActiveCfg = Release|Any CPU
		{A6F67027-6A2A-4477-953B-6CC7B77A68D0}.AppStore|Any CPU.Build.0 = Release|Any CPU
		{A6F67027-6A2A-4477-953B-6CC7B77A68D0}.AppStore|ARM.ActiveCfg = Release|Any CPU
		{A6F67027-6A2A-4477-953B-6CC7B77A68D0}.AppStore|ARM.Build.0 = Release|Any CPU
		{A6F67027-6A2A-4477-953B-6CC7B77A68D0}.AppStore|iPhone.ActiveCfg = Release|Any CPU
		{A6F67027-6A2A-4477-953B-6CC7B77A68D0}.AppStore|iPhone.Build.0 = Release|Any CPU
		{A6F67027-6A2A-4477-953B-6CC7B77A68D0}.AppStore|iPhoneSimulator.ActiveCfg = Release|Any CPU
		{A6F67027-6A2A-4477-953B-6CC7B77A68D0}.AppStore|iPhoneSimulator.Build.0 = Release|Any CPU
		{A6F67027-6A2A-4477-953B-6CC7B77A68D0}.AppStore|x64.ActiveCfg = Release|Any CPU
		{A6F67027-6A2A-4477-953B-6CC7B77A68D0}.AppStore|x64.Build.0 = Release|Any CPU
		{A6F67027-6A2A-4477-953B-6CC7B77A68D0}.AppStore|x86.ActiveCfg = Release|Any CPU
		{A6F67027-6A2A-4477-953B-6CC7B77A68D0}.AppStore|x86.Build.0 = Release|Any CPU
		{A6F67027-6A2A-4477-953B-6CC7B77A68D0}.Debug|Any CPU.ActiveCfg = Debug|Any CPU
		{A6F67027-6A2A-4477-953B-6CC7B77A68D0}.Debug|Any CPU.Build.0 = Debug|Any CPU
		{A6F67027-6A2A-4477-953B-6CC7B77A68D0}.Debug|ARM.ActiveCfg = Debug|Any CPU
		{A6F67027-6A2A-4477-953B-6CC7B77A68D0}.Debug|ARM.Build.0 = Debug|Any CPU
		{A6F67027-6A2A-4477-953B-6CC7B77A68D0}.Debug|iPhone.ActiveCfg = Debug|Any CPU
		{A6F67027-6A2A-4477-953B-6CC7B77A68D0}.Debug|iPhone.Build.0 = Debug|Any CPU
		{A6F67027-6A2A-4477-953B-6CC7B77A68D0}.Debug|iPhoneSimulator.ActiveCfg = Debug|Any CPU
		{A6F67027-6A2A-4477-953B-6CC7B77A68D0}.Debug|iPhoneSimulator.Build.0 = Debug|Any CPU
		{A6F67027-6A2A-4477-953B-6CC7B77A68D0}.Debug|x64.ActiveCfg = Debug|Any CPU
		{A6F67027-6A2A-4477-953B-6CC7B77A68D0}.Debug|x64.Build.0 = Debug|Any CPU
		{A6F67027-6A2A-4477-953B-6CC7B77A68D0}.Debug|x86.ActiveCfg = Debug|Any CPU
		{A6F67027-6A2A-4477-953B-6CC7B77A68D0}.Debug|x86.Build.0 = Debug|Any CPU
		{A6F67027-6A2A-4477-953B-6CC7B77A68D0}.Release|Any CPU.ActiveCfg = Release|Any CPU
		{A6F67027-6A2A-4477-953B-6CC7B77A68D0}.Release|Any CPU.Build.0 = Release|Any CPU
		{A6F67027-6A2A-4477-953B-6CC7B77A68D0}.Release|ARM.ActiveCfg = Release|Any CPU
		{A6F67027-6A2A-4477-953B-6CC7B77A68D0}.Release|ARM.Build.0 = Release|Any CPU
		{A6F67027-6A2A-4477-953B-6CC7B77A68D0}.Release|iPhone.ActiveCfg = Release|Any CPU
		{A6F67027-6A2A-4477-953B-6CC7B77A68D0}.Release|iPhone.Build.0 = Release|Any CPU
		{A6F67027-6A2A-4477-953B-6CC7B77A68D0}.Release|iPhoneSimulator.ActiveCfg = Release|Any CPU
		{A6F67027-6A2A-4477-953B-6CC7B77A68D0}.Release|iPhoneSimulator.Build.0 = Release|Any CPU
		{A6F67027-6A2A-4477-953B-6CC7B77A68D0}.Release|x64.ActiveCfg = Release|Any CPU
		{A6F67027-6A2A-4477-953B-6CC7B77A68D0}.Release|x64.Build.0 = Release|Any CPU
		{A6F67027-6A2A-4477-953B-6CC7B77A68D0}.Release|x86.ActiveCfg = Release|Any CPU
		{A6F67027-6A2A-4477-953B-6CC7B77A68D0}.Release|x86.Build.0 = Release|Any CPU
	EndGlobalSection
	GlobalSection(SolutionProperties) = preSolution
		HideSolutionNode = FALSE
	EndGlobalSection
EndGlobal
